// !$*UTF8*$!
{
	archiveVersion = 1;
	classes = {
	};
	objectVersion = 46;
	objects = {

/* Begin PBXBuildFile section */
		BF17D9C715B94E8B000DF07C /* Opentok.framework in Frameworks */ = {isa = PBXBuildFile; fileRef = BF17D9C615B94E8B000DF07C /* Opentok.framework */; };
		BF25D20715B2AAEE00411924 /* UIKit.framework in Frameworks */ = {isa = PBXBuildFile; fileRef = BF25D20615B2AAEE00411924 /* UIKit.framework */; };
		BF25D20915B2AAEE00411924 /* Foundation.framework in Frameworks */ = {isa = PBXBuildFile; fileRef = BF25D20815B2AAEE00411924 /* Foundation.framework */; };
		BF25D21115B2AAEE00411924 /* InfoPlist.strings in Resources */ = {isa = PBXBuildFile; fileRef = BF25D20F15B2AAEE00411924 /* InfoPlist.strings */; };
		BF25D21315B2AAEE00411924 /* main.m in Sources */ = {isa = PBXBuildFile; fileRef = BF25D21215B2AAEE00411924 /* main.m */; };
		BF25D21715B2AAEE00411924 /* IMYAppDelegate.m in Sources */ = {isa = PBXBuildFile; fileRef = BF25D21615B2AAEE00411924 /* IMYAppDelegate.m */; };
		BF25D21A15B2AAEE00411924 /* MainStoryboard.storyboard in Resources */ = {isa = PBXBuildFile; fileRef = BF25D21815B2AAEE00411924 /* MainStoryboard.storyboard */; };
		BF25D23015B2AB9000411924 /* IMYLoginViewController.m in Sources */ = {isa = PBXBuildFile; fileRef = BF25D22F15B2AB9000411924 /* IMYLoginViewController.m */; };
		BF49FD7215C26EE400A8A3DA /* SFHFKeychainUtils.m in Sources */ = {isa = PBXBuildFile; fileRef = BF49FD7115C26EE400A8A3DA /* SFHFKeychainUtils.m */; settings = {COMPILER_FLAGS = "-fno-objc-arc"; }; };
		BF6003A315CAC013005C9206 /* avatar.png in Resources */ = {isa = PBXBuildFile; fileRef = BF6003A215CAC012005C9206 /* avatar.png */; };
		BF741AE615B3F5BB009C9E6F /* IMYHttpClient.m in Sources */ = {isa = PBXBuildFile; fileRef = BF741AE515B3F5BB009C9E6F /* IMYHttpClient.m */; };
		BF7BD54C15D10E7900B91150 /* IMYInterpreterVideoCallViewController.m in Sources */ = {isa = PBXBuildFile; fileRef = BF7BD54B15D10E7900B91150 /* IMYInterpreterVideoCallViewController.m */; };
		BF8D4EFE15BE71F700161E3C /* MBProgressHUD.m in Sources */ = {isa = PBXBuildFile; fileRef = BF8D4EF815BE6E6F00161E3C /* MBProgressHUD.m */; settings = {COMPILER_FLAGS = "-fno-objc-arc"; }; };
		BF8D4F1415BE87AE00161E3C /* MKAnnotationView+WebCache.m in Sources */ = {isa = PBXBuildFile; fileRef = BF8D4F0115BE87AE00161E3C /* MKAnnotationView+WebCache.m */; };
		BF8D4F1515BE87AE00161E3C /* SDImageCache.m in Sources */ = {isa = PBXBuildFile; fileRef = BF8D4F0315BE87AE00161E3C /* SDImageCache.m */; };
		BF8D4F1615BE87AE00161E3C /* SDWebImageDecoder.m in Sources */ = {isa = PBXBuildFile; fileRef = BF8D4F0715BE87AE00161E3C /* SDWebImageDecoder.m */; };
		BF8D4F1715BE87AE00161E3C /* SDWebImageDownloader.m in Sources */ = {isa = PBXBuildFile; fileRef = BF8D4F0915BE87AE00161E3C /* SDWebImageDownloader.m */; };
		BF8D4F1815BE87AE00161E3C /* SDWebImageManager.m in Sources */ = {isa = PBXBuildFile; fileRef = BF8D4F0C15BE87AE00161E3C /* SDWebImageManager.m */; };
		BF8D4F1915BE87AE00161E3C /* SDWebImagePrefetcher.m in Sources */ = {isa = PBXBuildFile; fileRef = BF8D4F0F15BE87AE00161E3C /* SDWebImagePrefetcher.m */; };
		BF8D4F1A15BE87AE00161E3C /* UIButton+WebCache.m in Sources */ = {isa = PBXBuildFile; fileRef = BF8D4F1115BE87AE00161E3C /* UIButton+WebCache.m */; };
		BF8D4F1B15BE87AE00161E3C /* UIImageView+WebCache.m in Sources */ = {isa = PBXBuildFile; fileRef = BF8D4F1315BE87AE00161E3C /* UIImageView+WebCache.m */; };
		BF8D4F1D15BE893E00161E3C /* ImageIO.framework in Frameworks */ = {isa = PBXBuildFile; fileRef = BF8D4F1C15BE893E00161E3C /* ImageIO.framework */; };
		BF8D4F1F15BE895400161E3C /* MapKit.framework in Frameworks */ = {isa = PBXBuildFile; fileRef = BF8D4F1E15BE895300161E3C /* MapKit.framework */; };
		BF8D4F2415BE8FB000161E3C /* icon.jpeg in Resources */ = {isa = PBXBuildFile; fileRef = BF8D4F2115BE8FB000161E3C /* icon.jpeg */; };
		BF8D4F2515BE8FB000161E3C /* icon1.jpeg in Resources */ = {isa = PBXBuildFile; fileRef = BF8D4F2215BE8FB000161E3C /* icon1.jpeg */; };
		BF8D4F2615BE8FB000161E3C /* login.png in Resources */ = {isa = PBXBuildFile; fileRef = BF8D4F2315BE8FB000161E3C /* login.png */; };
		BF8D4F2915BE953700161E3C /* IMYMuyunViewController.m in Sources */ = {isa = PBXBuildFile; fileRef = BF8D4F2815BE953700161E3C /* IMYMuyunViewController.m */; };
		BF8D4F2B15BE9BBA00161E3C /* icon.png in Resources */ = {isa = PBXBuildFile; fileRef = BF8D4F2A15BE9BB900161E3C /* icon.png */; };
		BF8F7E1815C634BC0005D9F9 /* background.png in Resources */ = {isa = PBXBuildFile; fileRef = BF8F7E1715C634BC0005D9F9 /* background.png */; };
		BF8F7E2315C669280005D9F9 /* next.png in Resources */ = {isa = PBXBuildFile; fileRef = BF8F7E2215C669280005D9F9 /* next.png */; };
		BFA9A82D15C6EE0200E4D43E /* CoreGraphics.framework in Frameworks */ = {isa = PBXBuildFile; fileRef = BFC893CD15B8F0630095F8BA /* CoreGraphics.framework */; };
		BFA9D02615B30A0400D1083F /* AddressBook.framework in Frameworks */ = {isa = PBXBuildFile; fileRef = BFA9D02515B30A0400D1083F /* AddressBook.framework */; };
		BFA9D02815B30A0900D1083F /* AddressBookUI.framework in Frameworks */ = {isa = PBXBuildFile; fileRef = BFA9D02715B30A0900D1083F /* AddressBookUI.framework */; };
		BFABD98D15BFBB8E0096C911 /* callIn.png in Resources */ = {isa = PBXBuildFile; fileRef = BFABD98715BFBB8E0096C911 /* callIn.png */; };
		BFABD98E15BFBB8E0096C911 /* callOut.png in Resources */ = {isa = PBXBuildFile; fileRef = BFABD98815BFBB8E0096C911 /* callOut.png */; };
		BFABD98F15BFBB8E0096C911 /* icon.png in Resources */ = {isa = PBXBuildFile; fileRef = BFABD98915BFBB8E0096C911 /* icon.png */; };
		BFABD99015BFBB8E0096C911 /* missed.png in Resources */ = {isa = PBXBuildFile; fileRef = BFABD98A15BFBB8E0096C911 /* missed.png */; };
		BFABD99115BFBB8E0096C911 /* phone.png in Resources */ = {isa = PBXBuildFile; fileRef = BFABD98B15BFBB8E0096C911 /* phone.png */; };
		BFABD99215BFBB8E0096C911 /* video.png in Resources */ = {isa = PBXBuildFile; fileRef = BFABD98C15BFBB8E0096C911 /* video.png */; };
		BFABD99615BFBC240096C911 /* IMYRecordCell.m in Sources */ = {isa = PBXBuildFile; fileRef = BFABD99515BFBC240096C911 /* IMYRecordCell.m */; };
		BFABD99A15BFBC7E0096C911 /* IMYSettingViewController.m in Sources */ = {isa = PBXBuildFile; fileRef = BFABD99915BFBC7E0096C911 /* IMYSettingViewController.m */; };
		BFABD99D15BFBC860096C911 /* IMYRecentsViewController.m in Sources */ = {isa = PBXBuildFile; fileRef = BFABD99C15BFBC860096C911 /* IMYRecentsViewController.m */; };
		BFABD99F15BFD5180096C911 /* green1.png in Resources */ = {isa = PBXBuildFile; fileRef = BFABD99E15BFD5180096C911 /* green1.png */; };
		BFABD9A315BFD6600096C911 /* green2.png in Resources */ = {isa = PBXBuildFile; fileRef = BFABD9A015BFD6600096C911 /* green2.png */; };
		BFABD9A415BFD6600096C911 /* red1.png in Resources */ = {isa = PBXBuildFile; fileRef = BFABD9A115BFD6600096C911 /* red1.png */; };
		BFABD9A515BFD6600096C911 /* blue2.png in Resources */ = {isa = PBXBuildFile; fileRef = BFABD9A215BFD6600096C911 /* blue2.png */; };
		BFC8933F15B8ED530095F8BA /* IMYVideoCallViewController.m in Sources */ = {isa = PBXBuildFile; fileRef = BFC8933E15B8ED530095F8BA /* IMYVideoCallViewController.m */; };
		BFC8939F15B8EFB80095F8BA /* ACKNOWLEDGEMENTS.txt in Resources */ = {isa = PBXBuildFile; fileRef = BFC8938115B8EFB80095F8BA /* ACKNOWLEDGEMENTS.txt */; };
		BFC893A015B8EFB80095F8BA /* OTConnection.html in Resources */ = {isa = PBXBuildFile; fileRef = BFC8938515B8EFB80095F8BA /* OTConnection.html */; };
		BFC893A115B8EFB80095F8BA /* OTError.html in Resources */ = {isa = PBXBuildFile; fileRef = BFC8938615B8EFB80095F8BA /* OTError.html */; };
		BFC893A215B8EFB80095F8BA /* OTPublisher.html in Resources */ = {isa = PBXBuildFile; fileRef = BFC8938715B8EFB80095F8BA /* OTPublisher.html */; };
		BFC893A315B8EFB80095F8BA /* OTSession.html in Resources */ = {isa = PBXBuildFile; fileRef = BFC8938815B8EFB80095F8BA /* OTSession.html */; };
		BFC893A415B8EFB80095F8BA /* OTStream.html in Resources */ = {isa = PBXBuildFile; fileRef = BFC8938915B8EFB80095F8BA /* OTStream.html */; };
		BFC893A515B8EFB80095F8BA /* OTSubscriber.html in Resources */ = {isa = PBXBuildFile; fileRef = BFC8938A15B8EFB80095F8BA /* OTSubscriber.html */; };
		BFC893A615B8EFB80095F8BA /* styles.css in Resources */ = {isa = PBXBuildFile; fileRef = BFC8938C15B8EFB80095F8BA /* styles.css */; };
		BFC893A715B8EFB80095F8BA /* stylesPrint.css in Resources */ = {isa = PBXBuildFile; fileRef = BFC8938D15B8EFB80095F8BA /* stylesPrint.css */; };
		BFC893A815B8EFB80095F8BA /* BasicSample-README.html in Resources */ = {isa = PBXBuildFile; fileRef = BFC8938F15B8EFB80095F8BA /* BasicSample-README.html */; };
		BFC893A915B8EFB80095F8BA /* HelloWorld-README.html in Resources */ = {isa = PBXBuildFile; fileRef = BFC8939015B8EFB80095F8BA /* HelloWorld-README.html */; };
		BFC893AA15B8EFB80095F8BA /* Using_iOS.html in Resources */ = {isa = PBXBuildFile; fileRef = BFC8939115B8EFB80095F8BA /* Using_iOS.html */; };
		BFC893AB15B8EFB80095F8BA /* hierarchy.html in Resources */ = {isa = PBXBuildFile; fileRef = BFC8939215B8EFB80095F8BA /* hierarchy.html */; };
		BFC893AC15B8EFB80095F8BA /* index.html in Resources */ = {isa = PBXBuildFile; fileRef = BFC8939315B8EFB80095F8BA /* index.html */; };
		BFC893AD15B8EFB80095F8BA /* OTPublisherDelegate.html in Resources */ = {isa = PBXBuildFile; fileRef = BFC8939515B8EFB80095F8BA /* OTPublisherDelegate.html */; };
		BFC893AE15B8EFB80095F8BA /* OTSessionDelegate.html in Resources */ = {isa = PBXBuildFile; fileRef = BFC8939615B8EFB80095F8BA /* OTSessionDelegate.html */; };
		BFC893AF15B8EFB80095F8BA /* OTSubscriberDelegate.html in Resources */ = {isa = PBXBuildFile; fileRef = BFC8939715B8EFB80095F8BA /* OTSubscriberDelegate.html */; };
		BFC893B015B8EFB80095F8BA /* index.md in Resources */ = {isa = PBXBuildFile; fileRef = BFC8939915B8EFB80095F8BA /* index.md */; };
		BFC893B115B8EFB80095F8BA /* Using_iOS-template.md in Resources */ = {isa = PBXBuildFile; fileRef = BFC8939A15B8EFB80095F8BA /* Using_iOS-template.md */; };
		BFC893B215B8EFB80095F8BA /* LICENSE.txt in Resources */ = {isa = PBXBuildFile; fileRef = BFC8939B15B8EFB80095F8BA /* LICENSE.txt */; };
		BFC893B415B8EFB80095F8BA /* README.md in Resources */ = {isa = PBXBuildFile; fileRef = BFC8939D15B8EFB80095F8BA /* README.md */; };
		BFC893B715B8EFE40095F8BA /* opentok.bundle in Resources */ = {isa = PBXBuildFile; fileRef = BFC893B615B8EFE40095F8BA /* opentok.bundle */; };
		BFC893CF15B8F0630095F8BA /* CoreTelephony.framework in Frameworks */ = {isa = PBXBuildFile; fileRef = BFC893BD15B8F0630095F8BA /* CoreTelephony.framework */; };
		BFC893D015B8F0630095F8BA /* MobileCoreServices.framework in Frameworks */ = {isa = PBXBuildFile; fileRef = BFC893BE15B8F0630095F8BA /* MobileCoreServices.framework */; };
		BFC893D115B8F0630095F8BA /* CFNetwork.framework in Frameworks */ = {isa = PBXBuildFile; fileRef = BFC893BF15B8F0630095F8BA /* CFNetwork.framework */; };
		BFC893D215B8F0630095F8BA /* SystemConfiguration.framework in Frameworks */ = {isa = PBXBuildFile; fileRef = BFC893C015B8F0630095F8BA /* SystemConfiguration.framework */; };
		BFC893D315B8F0630095F8BA /* CoreMedia.framework in Frameworks */ = {isa = PBXBuildFile; fileRef = BFC893C115B8F0630095F8BA /* CoreMedia.framework */; };
		BFC893D415B8F0630095F8BA /* Security.framework in Frameworks */ = {isa = PBXBuildFile; fileRef = BFC893C215B8F0630095F8BA /* Security.framework */; };
		BFC893D515B8F0630095F8BA /* AudioToolbox.framework in Frameworks */ = {isa = PBXBuildFile; fileRef = BFC893C315B8F0630095F8BA /* AudioToolbox.framework */; };
		BFC893D615B8F0630095F8BA /* CoreAudio.framework in Frameworks */ = {isa = PBXBuildFile; fileRef = BFC893C415B8F0630095F8BA /* CoreAudio.framework */; };
		BFC893D715B8F0630095F8BA /* CoreVideo.framework in Frameworks */ = {isa = PBXBuildFile; fileRef = BFC893C515B8F0630095F8BA /* CoreVideo.framework */; };
		BFC893D815B8F0630095F8BA /* OpenGLES.framework in Frameworks */ = {isa = PBXBuildFile; fileRef = BFC893C615B8F0630095F8BA /* OpenGLES.framework */; };
		BFC893D915B8F0630095F8BA /* libz.dylib in Frameworks */ = {isa = PBXBuildFile; fileRef = BFC893C715B8F0630095F8BA /* libz.dylib */; };
		BFC893DA15B8F0630095F8BA /* libstdc++.dylib in Frameworks */ = {isa = PBXBuildFile; fileRef = BFC893C815B8F0630095F8BA /* libstdc++.dylib */; };
		BFC893DB15B8F0630095F8BA /* QuartzCore.framework in Frameworks */ = {isa = PBXBuildFile; fileRef = BFC893C915B8F0630095F8BA /* QuartzCore.framework */; };
		BFC893DC15B8F0630095F8BA /* AVFoundation.framework in Frameworks */ = {isa = PBXBuildFile; fileRef = BFC893CA15B8F0630095F8BA /* AVFoundation.framework */; };
		BFC893F715B8F5820095F8BA /* ASIAuthenticationDialog.m in Sources */ = {isa = PBXBuildFile; fileRef = BFC893E215B8F5820095F8BA /* ASIAuthenticationDialog.m */; settings = {COMPILER_FLAGS = "-fno-objc-arc"; }; };
		BFC893F815B8F5820095F8BA /* ASIDataCompressor.m in Sources */ = {isa = PBXBuildFile; fileRef = BFC893E515B8F5820095F8BA /* ASIDataCompressor.m */; settings = {COMPILER_FLAGS = "-fno-objc-arc"; }; };
		BFC893F915B8F5820095F8BA /* ASIDataDecompressor.m in Sources */ = {isa = PBXBuildFile; fileRef = BFC893E715B8F5820095F8BA /* ASIDataDecompressor.m */; settings = {COMPILER_FLAGS = "-fno-objc-arc"; }; };
		BFC893FA15B8F5820095F8BA /* ASIDownloadCache.m in Sources */ = {isa = PBXBuildFile; fileRef = BFC893E915B8F5820095F8BA /* ASIDownloadCache.m */; settings = {COMPILER_FLAGS = "-fno-objc-arc"; }; };
		BFC893FB15B8F5820095F8BA /* ASIFormDataRequest.m in Sources */ = {isa = PBXBuildFile; fileRef = BFC893EB15B8F5820095F8BA /* ASIFormDataRequest.m */; settings = {COMPILER_FLAGS = "-fno-objc-arc"; }; };
		BFC893FC15B8F5820095F8BA /* ASIHTTPRequest.m in Sources */ = {isa = PBXBuildFile; fileRef = BFC893ED15B8F5820095F8BA /* ASIHTTPRequest.m */; settings = {COMPILER_FLAGS = "-fno-objc-arc"; }; };
		BFC893FD15B8F5820095F8BA /* ASIInputStream.m in Sources */ = {isa = PBXBuildFile; fileRef = BFC893F115B8F5820095F8BA /* ASIInputStream.m */; settings = {COMPILER_FLAGS = "-fno-objc-arc"; }; };
		BFC893FE15B8F5820095F8BA /* ASINetworkQueue.m in Sources */ = {isa = PBXBuildFile; fileRef = BFC893F315B8F5820095F8BA /* ASINetworkQueue.m */; settings = {COMPILER_FLAGS = "-fno-objc-arc"; }; };
		BFC893FF15B8F5820095F8BA /* Reachability.m in Sources */ = {isa = PBXBuildFile; fileRef = BFC893F615B8F5820095F8BA /* Reachability.m */; settings = {COMPILER_FLAGS = "-fno-objc-arc"; }; };
		BFD9DC0415B322F30008A6D8 /* MessageUI.framework in Frameworks */ = {isa = PBXBuildFile; fileRef = BFD9DC0315B322F30008A6D8 /* MessageUI.framework */; };
		BFDD054E15BA609E005B30E4 /* IMYContactDetailViewController.m in Sources */ = {isa = PBXBuildFile; fileRef = BFDD054D15BA609E005B30E4 /* IMYContactDetailViewController.m */; };
		BFDD055415BA6109005B30E4 /* IMYContactCell.m in Sources */ = {isa = PBXBuildFile; fileRef = BFDD055115BA6109005B30E4 /* IMYContactCell.m */; };
		BFDD055515BA6109005B30E4 /* IMYContactsViewController.m in Sources */ = {isa = PBXBuildFile; fileRef = BFDD055315BA6109005B30E4 /* IMYContactsViewController.m */; };
		BFDD055815BA64E0005B30E4 /* IMYDataManager.m in Sources */ = {isa = PBXBuildFile; fileRef = BFDD055715BA64E0005B30E4 /* IMYDataManager.m */; };
		BFE65E7815D78B1100355C07 /* IMYProfileViewController.m in Sources */ = {isa = PBXBuildFile; fileRef = BFE65E7715D78B1100355C07 /* IMYProfileViewController.m */; };
		BFE7D2AC15CD1EBC0045BA53 /* blackHeart.png in Resources */ = {isa = PBXBuildFile; fileRef = BFE7D2AA15CD1EBB0045BA53 /* blackHeart.png */; };
		BFE7D2AD15CD1EBC0045BA53 /* whiteHeart.png in Resources */ = {isa = PBXBuildFile; fileRef = BFE7D2AB15CD1EBB0045BA53 /* whiteHeart.png */; };
		BFFAB83715D0ADE40005194C /* IMYRegisterViewController.m in Sources */ = {isa = PBXBuildFile; fileRef = BFFAB83615D0ADE40005194C /* IMYRegisterViewController.m */; };
/* End PBXBuildFile section */

/* Begin PBXFileReference section */
		BF17D9C615B94E8B000DF07C /* Opentok.framework */ = {isa = PBXFileReference; lastKnownFileType = wrapper.framework; name = Opentok.framework; path = "opentok-ios-sdk/Opentok.framework"; sourceTree = "<group>"; };
		BF25D20215B2AAEE00411924 /* iMuyun.app */ = {isa = PBXFileReference; explicitFileType = wrapper.application; includeInIndex = 0; path = iMuyun.app; sourceTree = BUILT_PRODUCTS_DIR; };
		BF25D20615B2AAEE00411924 /* UIKit.framework */ = {isa = PBXFileReference; lastKnownFileType = wrapper.framework; name = UIKit.framework; path = System/Library/Frameworks/UIKit.framework; sourceTree = SDKROOT; };
		BF25D20815B2AAEE00411924 /* Foundation.framework */ = {isa = PBXFileReference; lastKnownFileType = wrapper.framework; name = Foundation.framework; path = System/Library/Frameworks/Foundation.framework; sourceTree = SDKROOT; };
		BF25D20A15B2AAEE00411924 /* CoreGraphics.framework */ = {isa = PBXFileReference; lastKnownFileType = wrapper.framework; name = CoreGraphics.framework; path = System/Library/Frameworks/CoreGraphics.framework; sourceTree = SDKROOT; };
		BF25D20E15B2AAEE00411924 /* iMuyun-Info.plist */ = {isa = PBXFileReference; lastKnownFileType = text.plist.xml; path = "iMuyun-Info.plist"; sourceTree = "<group>"; };
		BF25D21015B2AAEE00411924 /* en */ = {isa = PBXFileReference; lastKnownFileType = text.plist.strings; name = en; path = en.lproj/InfoPlist.strings; sourceTree = "<group>"; };
		BF25D21215B2AAEE00411924 /* main.m */ = {isa = PBXFileReference; lastKnownFileType = sourcecode.c.objc; path = main.m; sourceTree = "<group>"; };
		BF25D21415B2AAEE00411924 /* iMuyun-Prefix.pch */ = {isa = PBXFileReference; lastKnownFileType = sourcecode.c.h; path = "iMuyun-Prefix.pch"; sourceTree = "<group>"; };
		BF25D21515B2AAEE00411924 /* IMYAppDelegate.h */ = {isa = PBXFileReference; lastKnownFileType = sourcecode.c.h; path = IMYAppDelegate.h; sourceTree = "<group>"; };
		BF25D21615B2AAEE00411924 /* IMYAppDelegate.m */ = {isa = PBXFileReference; lastKnownFileType = sourcecode.c.objc; path = IMYAppDelegate.m; sourceTree = "<group>"; };
		BF25D21915B2AAEE00411924 /* en */ = {isa = PBXFileReference; lastKnownFileType = file.storyboard; name = en; path = en.lproj/MainStoryboard.storyboard; sourceTree = "<group>"; };
		BF25D22E15B2AB9000411924 /* IMYLoginViewController.h */ = {isa = PBXFileReference; fileEncoding = 4; lastKnownFileType = sourcecode.c.h; name = IMYLoginViewController.h; path = UI/IMYLoginViewController.h; sourceTree = "<group>"; };
		BF25D22F15B2AB9000411924 /* IMYLoginViewController.m */ = {isa = PBXFileReference; fileEncoding = 4; lastKnownFileType = sourcecode.c.objc; name = IMYLoginViewController.m; path = UI/IMYLoginViewController.m; sourceTree = "<group>"; };
		BF49FD7015C26EE400A8A3DA /* SFHFKeychainUtils.h */ = {isa = PBXFileReference; fileEncoding = 4; lastKnownFileType = sourcecode.c.h; path = SFHFKeychainUtils.h; sourceTree = "<group>"; };
		BF49FD7115C26EE400A8A3DA /* SFHFKeychainUtils.m */ = {isa = PBXFileReference; fileEncoding = 4; lastKnownFileType = sourcecode.c.objc; path = SFHFKeychainUtils.m; sourceTree = "<group>"; };
		BF6003A215CAC012005C9206 /* avatar.png */ = {isa = PBXFileReference; lastKnownFileType = image.png; path = avatar.png; sourceTree = "<group>"; };
		BF741AE415B3F5BB009C9E6F /* IMYHttpClient.h */ = {isa = PBXFileReference; fileEncoding = 4; lastKnownFileType = sourcecode.c.h; name = IMYHttpClient.h; path = "Muyun iOS SDK/IMYHttpClient.h"; sourceTree = "<group>"; };
		BF741AE515B3F5BB009C9E6F /* IMYHttpClient.m */ = {isa = PBXFileReference; fileEncoding = 4; lastKnownFileType = sourcecode.c.objc; name = IMYHttpClient.m; path = "Muyun iOS SDK/IMYHttpClient.m"; sourceTree = "<group>"; };
		BF7BD54A15D10E7900B91150 /* IMYInterpreterVideoCallViewController.h */ = {isa = PBXFileReference; fileEncoding = 4; lastKnownFileType = sourcecode.c.h; name = IMYInterpreterVideoCallViewController.h; path = "UI/Call View Controller/IMYInterpreterVideoCallViewController.h"; sourceTree = "<group>"; };
		BF7BD54B15D10E7900B91150 /* IMYInterpreterVideoCallViewController.m */ = {isa = PBXFileReference; fileEncoding = 4; lastKnownFileType = sourcecode.c.objc; name = IMYInterpreterVideoCallViewController.m; path = "UI/Call View Controller/IMYInterpreterVideoCallViewController.m"; sourceTree = "<group>"; };
		BF8D4EF715BE6E6F00161E3C /* MBProgressHUD.h */ = {isa = PBXFileReference; lastKnownFileType = sourcecode.c.h; path = MBProgressHUD.h; sourceTree = "<group>"; };
		BF8D4EF815BE6E6F00161E3C /* MBProgressHUD.m */ = {isa = PBXFileReference; lastKnownFileType = sourcecode.c.objc; path = MBProgressHUD.m; sourceTree = "<group>"; };
		BF8D4F0015BE87AE00161E3C /* MKAnnotationView+WebCache.h */ = {isa = PBXFileReference; fileEncoding = 4; lastKnownFileType = sourcecode.c.h; path = "MKAnnotationView+WebCache.h"; sourceTree = "<group>"; };
		BF8D4F0115BE87AE00161E3C /* MKAnnotationView+WebCache.m */ = {isa = PBXFileReference; fileEncoding = 4; lastKnownFileType = sourcecode.c.objc; path = "MKAnnotationView+WebCache.m"; sourceTree = "<group>"; };
		BF8D4F0215BE87AE00161E3C /* SDImageCache.h */ = {isa = PBXFileReference; fileEncoding = 4; lastKnownFileType = sourcecode.c.h; path = SDImageCache.h; sourceTree = "<group>"; };
		BF8D4F0315BE87AE00161E3C /* SDImageCache.m */ = {isa = PBXFileReference; fileEncoding = 4; lastKnownFileType = sourcecode.c.objc; path = SDImageCache.m; sourceTree = "<group>"; };
		BF8D4F0415BE87AE00161E3C /* SDImageCacheDelegate.h */ = {isa = PBXFileReference; fileEncoding = 4; lastKnownFileType = sourcecode.c.h; path = SDImageCacheDelegate.h; sourceTree = "<group>"; };
		BF8D4F0515BE87AE00161E3C /* SDWebImageCompat.h */ = {isa = PBXFileReference; fileEncoding = 4; lastKnownFileType = sourcecode.c.h; path = SDWebImageCompat.h; sourceTree = "<group>"; };
		BF8D4F0615BE87AE00161E3C /* SDWebImageDecoder.h */ = {isa = PBXFileReference; fileEncoding = 4; lastKnownFileType = sourcecode.c.h; path = SDWebImageDecoder.h; sourceTree = "<group>"; };
		BF8D4F0715BE87AE00161E3C /* SDWebImageDecoder.m */ = {isa = PBXFileReference; fileEncoding = 4; lastKnownFileType = sourcecode.c.objc; path = SDWebImageDecoder.m; sourceTree = "<group>"; };
		BF8D4F0815BE87AE00161E3C /* SDWebImageDownloader.h */ = {isa = PBXFileReference; fileEncoding = 4; lastKnownFileType = sourcecode.c.h; path = SDWebImageDownloader.h; sourceTree = "<group>"; };
		BF8D4F0915BE87AE00161E3C /* SDWebImageDownloader.m */ = {isa = PBXFileReference; fileEncoding = 4; lastKnownFileType = sourcecode.c.objc; path = SDWebImageDownloader.m; sourceTree = "<group>"; };
		BF8D4F0A15BE87AE00161E3C /* SDWebImageDownloaderDelegate.h */ = {isa = PBXFileReference; fileEncoding = 4; lastKnownFileType = sourcecode.c.h; path = SDWebImageDownloaderDelegate.h; sourceTree = "<group>"; };
		BF8D4F0B15BE87AE00161E3C /* SDWebImageManager.h */ = {isa = PBXFileReference; fileEncoding = 4; lastKnownFileType = sourcecode.c.h; path = SDWebImageManager.h; sourceTree = "<group>"; };
		BF8D4F0C15BE87AE00161E3C /* SDWebImageManager.m */ = {isa = PBXFileReference; fileEncoding = 4; lastKnownFileType = sourcecode.c.objc; path = SDWebImageManager.m; sourceTree = "<group>"; };
		BF8D4F0D15BE87AE00161E3C /* SDWebImageManagerDelegate.h */ = {isa = PBXFileReference; fileEncoding = 4; lastKnownFileType = sourcecode.c.h; path = SDWebImageManagerDelegate.h; sourceTree = "<group>"; };
		BF8D4F0E15BE87AE00161E3C /* SDWebImagePrefetcher.h */ = {isa = PBXFileReference; fileEncoding = 4; lastKnownFileType = sourcecode.c.h; path = SDWebImagePrefetcher.h; sourceTree = "<group>"; };
		BF8D4F0F15BE87AE00161E3C /* SDWebImagePrefetcher.m */ = {isa = PBXFileReference; fileEncoding = 4; lastKnownFileType = sourcecode.c.objc; path = SDWebImagePrefetcher.m; sourceTree = "<group>"; };
		BF8D4F1015BE87AE00161E3C /* UIButton+WebCache.h */ = {isa = PBXFileReference; fileEncoding = 4; lastKnownFileType = sourcecode.c.h; path = "UIButton+WebCache.h"; sourceTree = "<group>"; };
		BF8D4F1115BE87AE00161E3C /* UIButton+WebCache.m */ = {isa = PBXFileReference; fileEncoding = 4; lastKnownFileType = sourcecode.c.objc; path = "UIButton+WebCache.m"; sourceTree = "<group>"; };
		BF8D4F1215BE87AE00161E3C /* UIImageView+WebCache.h */ = {isa = PBXFileReference; fileEncoding = 4; lastKnownFileType = sourcecode.c.h; path = "UIImageView+WebCache.h"; sourceTree = "<group>"; };
		BF8D4F1315BE87AE00161E3C /* UIImageView+WebCache.m */ = {isa = PBXFileReference; fileEncoding = 4; lastKnownFileType = sourcecode.c.objc; path = "UIImageView+WebCache.m"; sourceTree = "<group>"; };
		BF8D4F1C15BE893E00161E3C /* ImageIO.framework */ = {isa = PBXFileReference; lastKnownFileType = wrapper.framework; name = ImageIO.framework; path = System/Library/Frameworks/ImageIO.framework; sourceTree = SDKROOT; };
		BF8D4F1E15BE895300161E3C /* MapKit.framework */ = {isa = PBXFileReference; lastKnownFileType = wrapper.framework; name = MapKit.framework; path = System/Library/Frameworks/MapKit.framework; sourceTree = SDKROOT; };
		BF8D4F2115BE8FB000161E3C /* icon.jpeg */ = {isa = PBXFileReference; lastKnownFileType = image.jpeg; path = icon.jpeg; sourceTree = "<group>"; };
		BF8D4F2215BE8FB000161E3C /* icon1.jpeg */ = {isa = PBXFileReference; lastKnownFileType = image.jpeg; path = icon1.jpeg; sourceTree = "<group>"; };
		BF8D4F2315BE8FB000161E3C /* login.png */ = {isa = PBXFileReference; lastKnownFileType = image.png; path = login.png; sourceTree = "<group>"; };
		BF8D4F2715BE953700161E3C /* IMYMuyunViewController.h */ = {isa = PBXFileReference; fileEncoding = 4; lastKnownFileType = sourcecode.c.h; name = IMYMuyunViewController.h; path = UI/Contacts/IMYMuyunViewController.h; sourceTree = "<group>"; };
		BF8D4F2815BE953700161E3C /* IMYMuyunViewController.m */ = {isa = PBXFileReference; fileEncoding = 4; lastKnownFileType = sourcecode.c.objc; name = IMYMuyunViewController.m; path = UI/Contacts/IMYMuyunViewController.m; sourceTree = "<group>"; };
		BF8D4F2A15BE9BB900161E3C /* icon.png */ = {isa = PBXFileReference; lastKnownFileType = image.png; path = icon.png; sourceTree = "<group>"; };
		BF8F7E1715C634BC0005D9F9 /* background.png */ = {isa = PBXFileReference; lastKnownFileType = image.png; path = background.png; sourceTree = "<group>"; };
		BF8F7E2215C669280005D9F9 /* next.png */ = {isa = PBXFileReference; lastKnownFileType = image.png; path = next.png; sourceTree = "<group>"; };
		BFA9D02515B30A0400D1083F /* AddressBook.framework */ = {isa = PBXFileReference; lastKnownFileType = wrapper.framework; name = AddressBook.framework; path = System/Library/Frameworks/AddressBook.framework; sourceTree = SDKROOT; };
		BFA9D02715B30A0900D1083F /* AddressBookUI.framework */ = {isa = PBXFileReference; lastKnownFileType = wrapper.framework; name = AddressBookUI.framework; path = System/Library/Frameworks/AddressBookUI.framework; sourceTree = SDKROOT; };
		BFABD98715BFBB8E0096C911 /* callIn.png */ = {isa = PBXFileReference; lastKnownFileType = image.png; path = callIn.png; sourceTree = "<group>"; };
		BFABD98815BFBB8E0096C911 /* callOut.png */ = {isa = PBXFileReference; lastKnownFileType = image.png; path = callOut.png; sourceTree = "<group>"; };
		BFABD98915BFBB8E0096C911 /* icon.png */ = {isa = PBXFileReference; lastKnownFileType = image.png; path = icon.png; sourceTree = "<group>"; };
		BFABD98A15BFBB8E0096C911 /* missed.png */ = {isa = PBXFileReference; lastKnownFileType = image.png; path = missed.png; sourceTree = "<group>"; };
		BFABD98B15BFBB8E0096C911 /* phone.png */ = {isa = PBXFileReference; lastKnownFileType = image.png; path = phone.png; sourceTree = "<group>"; };
		BFABD98C15BFBB8E0096C911 /* video.png */ = {isa = PBXFileReference; lastKnownFileType = image.png; path = video.png; sourceTree = "<group>"; };
		BFABD99415BFBC240096C911 /* IMYRecordCell.h */ = {isa = PBXFileReference; fileEncoding = 4; lastKnownFileType = sourcecode.c.h; name = IMYRecordCell.h; path = UI/Recents/IMYRecordCell.h; sourceTree = "<group>"; };
		BFABD99515BFBC240096C911 /* IMYRecordCell.m */ = {isa = PBXFileReference; fileEncoding = 4; lastKnownFileType = sourcecode.c.objc; name = IMYRecordCell.m; path = UI/Recents/IMYRecordCell.m; sourceTree = "<group>"; };
		BFABD99815BFBC7E0096C911 /* IMYSettingViewController.h */ = {isa = PBXFileReference; fileEncoding = 4; lastKnownFileType = sourcecode.c.h; name = IMYSettingViewController.h; path = UI/Setting/IMYSettingViewController.h; sourceTree = "<group>"; };
		BFABD99915BFBC7E0096C911 /* IMYSettingViewController.m */ = {isa = PBXFileReference; fileEncoding = 4; lastKnownFileType = sourcecode.c.objc; name = IMYSettingViewController.m; path = UI/Setting/IMYSettingViewController.m; sourceTree = "<group>"; };
		BFABD99B15BFBC860096C911 /* IMYRecentsViewController.h */ = {isa = PBXFileReference; fileEncoding = 4; lastKnownFileType = sourcecode.c.h; name = IMYRecentsViewController.h; path = UI/Recents/IMYRecentsViewController.h; sourceTree = "<group>"; };
		BFABD99C15BFBC860096C911 /* IMYRecentsViewController.m */ = {isa = PBXFileReference; fileEncoding = 4; lastKnownFileType = sourcecode.c.objc; name = IMYRecentsViewController.m; path = UI/Recents/IMYRecentsViewController.m; sourceTree = "<group>"; };
		BFABD99E15BFD5180096C911 /* green1.png */ = {isa = PBXFileReference; lastKnownFileType = image.png; path = green1.png; sourceTree = "<group>"; };
		BFABD9A015BFD6600096C911 /* green2.png */ = {isa = PBXFileReference; lastKnownFileType = image.png; path = green2.png; sourceTree = "<group>"; };
		BFABD9A115BFD6600096C911 /* red1.png */ = {isa = PBXFileReference; lastKnownFileType = image.png; path = red1.png; sourceTree = "<group>"; };
		BFABD9A215BFD6600096C911 /* blue2.png */ = {isa = PBXFileReference; lastKnownFileType = image.png; path = blue2.png; sourceTree = "<group>"; };
		BFC8933D15B8ED530095F8BA /* IMYVideoCallViewController.h */ = {isa = PBXFileReference; fileEncoding = 4; lastKnownFileType = sourcecode.c.h; name = IMYVideoCallViewController.h; path = "UI/Call View Controller/IMYVideoCallViewController.h"; sourceTree = "<group>"; };
		BFC8933E15B8ED530095F8BA /* IMYVideoCallViewController.m */ = {isa = PBXFileReference; fileEncoding = 4; lastKnownFileType = sourcecode.c.objc; name = IMYVideoCallViewController.m; path = "UI/Call View Controller/IMYVideoCallViewController.m"; sourceTree = "<group>"; };
		BFC8938115B8EFB80095F8BA /* ACKNOWLEDGEMENTS.txt */ = {isa = PBXFileReference; fileEncoding = 4; lastKnownFileType = text; path = ACKNOWLEDGEMENTS.txt; sourceTree = "<group>"; };
		BFC8938515B8EFB80095F8BA /* OTConnection.html */ = {isa = PBXFileReference; fileEncoding = 4; lastKnownFileType = text.html; path = OTConnection.html; sourceTree = "<group>"; };
		BFC8938615B8EFB80095F8BA /* OTError.html */ = {isa = PBXFileReference; fileEncoding = 4; lastKnownFileType = text.html; path = OTError.html; sourceTree = "<group>"; };
		BFC8938715B8EFB80095F8BA /* OTPublisher.html */ = {isa = PBXFileReference; fileEncoding = 4; lastKnownFileType = text.html; path = OTPublisher.html; sourceTree = "<group>"; };
		BFC8938815B8EFB80095F8BA /* OTSession.html */ = {isa = PBXFileReference; fileEncoding = 4; lastKnownFileType = text.html; path = OTSession.html; sourceTree = "<group>"; };
		BFC8938915B8EFB80095F8BA /* OTStream.html */ = {isa = PBXFileReference; fileEncoding = 4; lastKnownFileType = text.html; path = OTStream.html; sourceTree = "<group>"; };
		BFC8938A15B8EFB80095F8BA /* OTSubscriber.html */ = {isa = PBXFileReference; fileEncoding = 4; lastKnownFileType = text.html; path = OTSubscriber.html; sourceTree = "<group>"; };
		BFC8938C15B8EFB80095F8BA /* styles.css */ = {isa = PBXFileReference; fileEncoding = 4; lastKnownFileType = text.css; path = styles.css; sourceTree = "<group>"; };
		BFC8938D15B8EFB80095F8BA /* stylesPrint.css */ = {isa = PBXFileReference; fileEncoding = 4; lastKnownFileType = text.css; path = stylesPrint.css; sourceTree = "<group>"; };
		BFC8938F15B8EFB80095F8BA /* BasicSample-README.html */ = {isa = PBXFileReference; fileEncoding = 4; lastKnownFileType = text.html; path = "BasicSample-README.html"; sourceTree = "<group>"; };
		BFC8939015B8EFB80095F8BA /* HelloWorld-README.html */ = {isa = PBXFileReference; fileEncoding = 4; lastKnownFileType = text.html; path = "HelloWorld-README.html"; sourceTree = "<group>"; };
		BFC8939115B8EFB80095F8BA /* Using_iOS.html */ = {isa = PBXFileReference; fileEncoding = 4; lastKnownFileType = text.html; path = Using_iOS.html; sourceTree = "<group>"; };
		BFC8939215B8EFB80095F8BA /* hierarchy.html */ = {isa = PBXFileReference; fileEncoding = 4; lastKnownFileType = text.html; path = hierarchy.html; sourceTree = "<group>"; };
		BFC8939315B8EFB80095F8BA /* index.html */ = {isa = PBXFileReference; fileEncoding = 4; lastKnownFileType = text.html; path = index.html; sourceTree = "<group>"; };
		BFC8939515B8EFB80095F8BA /* OTPublisherDelegate.html */ = {isa = PBXFileReference; fileEncoding = 4; lastKnownFileType = text.html; path = OTPublisherDelegate.html; sourceTree = "<group>"; };
		BFC8939615B8EFB80095F8BA /* OTSessionDelegate.html */ = {isa = PBXFileReference; fileEncoding = 4; lastKnownFileType = text.html; path = OTSessionDelegate.html; sourceTree = "<group>"; };
		BFC8939715B8EFB80095F8BA /* OTSubscriberDelegate.html */ = {isa = PBXFileReference; fileEncoding = 4; lastKnownFileType = text.html; path = OTSubscriberDelegate.html; sourceTree = "<group>"; };
		BFC8939915B8EFB80095F8BA /* index.md */ = {isa = PBXFileReference; fileEncoding = 4; lastKnownFileType = text; path = index.md; sourceTree = "<group>"; };
		BFC8939A15B8EFB80095F8BA /* Using_iOS-template.md */ = {isa = PBXFileReference; fileEncoding = 4; lastKnownFileType = text; path = "Using_iOS-template.md"; sourceTree = "<group>"; };
		BFC8939B15B8EFB80095F8BA /* LICENSE.txt */ = {isa = PBXFileReference; fileEncoding = 4; lastKnownFileType = text; path = LICENSE.txt; sourceTree = "<group>"; };
		BFC8939C15B8EFB80095F8BA /* Opentok.framework */ = {isa = PBXFileReference; lastKnownFileType = wrapper.framework; path = Opentok.framework; sourceTree = "<group>"; };
		BFC8939D15B8EFB80095F8BA /* README.md */ = {isa = PBXFileReference; fileEncoding = 4; lastKnownFileType = text; path = README.md; sourceTree = "<group>"; };
		BFC893B615B8EFE40095F8BA /* opentok.bundle */ = {isa = PBXFileReference; lastKnownFileType = "wrapper.plug-in"; name = opentok.bundle; path = Opentok.framework/Versions/A/Resources/opentok.bundle; sourceTree = "<group>"; };
		BFC893BD15B8F0630095F8BA /* CoreTelephony.framework */ = {isa = PBXFileReference; lastKnownFileType = wrapper.framework; name = CoreTelephony.framework; path = System/Library/Frameworks/CoreTelephony.framework; sourceTree = SDKROOT; };
		BFC893BE15B8F0630095F8BA /* MobileCoreServices.framework */ = {isa = PBXFileReference; lastKnownFileType = wrapper.framework; name = MobileCoreServices.framework; path = System/Library/Frameworks/MobileCoreServices.framework; sourceTree = SDKROOT; };
		BFC893BF15B8F0630095F8BA /* CFNetwork.framework */ = {isa = PBXFileReference; lastKnownFileType = wrapper.framework; name = CFNetwork.framework; path = System/Library/Frameworks/CFNetwork.framework; sourceTree = SDKROOT; };
		BFC893C015B8F0630095F8BA /* SystemConfiguration.framework */ = {isa = PBXFileReference; lastKnownFileType = wrapper.framework; name = SystemConfiguration.framework; path = System/Library/Frameworks/SystemConfiguration.framework; sourceTree = SDKROOT; };
		BFC893C115B8F0630095F8BA /* CoreMedia.framework */ = {isa = PBXFileReference; lastKnownFileType = wrapper.framework; name = CoreMedia.framework; path = System/Library/Frameworks/CoreMedia.framework; sourceTree = SDKROOT; };
		BFC893C215B8F0630095F8BA /* Security.framework */ = {isa = PBXFileReference; lastKnownFileType = wrapper.framework; name = Security.framework; path = System/Library/Frameworks/Security.framework; sourceTree = SDKROOT; };
		BFC893C315B8F0630095F8BA /* AudioToolbox.framework */ = {isa = PBXFileReference; lastKnownFileType = wrapper.framework; name = AudioToolbox.framework; path = System/Library/Frameworks/AudioToolbox.framework; sourceTree = SDKROOT; };
		BFC893C415B8F0630095F8BA /* CoreAudio.framework */ = {isa = PBXFileReference; lastKnownFileType = wrapper.framework; name = CoreAudio.framework; path = System/Library/Frameworks/CoreAudio.framework; sourceTree = SDKROOT; };
		BFC893C515B8F0630095F8BA /* CoreVideo.framework */ = {isa = PBXFileReference; lastKnownFileType = wrapper.framework; name = CoreVideo.framework; path = System/Library/Frameworks/CoreVideo.framework; sourceTree = SDKROOT; };
		BFC893C615B8F0630095F8BA /* OpenGLES.framework */ = {isa = PBXFileReference; lastKnownFileType = wrapper.framework; name = OpenGLES.framework; path = System/Library/Frameworks/OpenGLES.framework; sourceTree = SDKROOT; };
		BFC893C715B8F0630095F8BA /* libz.dylib */ = {isa = PBXFileReference; lastKnownFileType = "compiled.mach-o.dylib"; name = libz.dylib; path = usr/lib/libz.dylib; sourceTree = SDKROOT; };
		BFC893C815B8F0630095F8BA /* libstdc++.dylib */ = {isa = PBXFileReference; lastKnownFileType = "compiled.mach-o.dylib"; name = "libstdc++.dylib"; path = "usr/lib/libstdc++.dylib"; sourceTree = SDKROOT; };
		BFC893C915B8F0630095F8BA /* QuartzCore.framework */ = {isa = PBXFileReference; lastKnownFileType = wrapper.framework; name = QuartzCore.framework; path = System/Library/Frameworks/QuartzCore.framework; sourceTree = SDKROOT; };
		BFC893CA15B8F0630095F8BA /* AVFoundation.framework */ = {isa = PBXFileReference; lastKnownFileType = wrapper.framework; name = AVFoundation.framework; path = System/Library/Frameworks/AVFoundation.framework; sourceTree = SDKROOT; };
		BFC893CC15B8F0630095F8BA /* Foundation.framework */ = {isa = PBXFileReference; lastKnownFileType = wrapper.framework; name = Foundation.framework; path = System/Library/Frameworks/Foundation.framework; sourceTree = SDKROOT; };
		BFC893CD15B8F0630095F8BA /* CoreGraphics.framework */ = {isa = PBXFileReference; lastKnownFileType = wrapper.framework; name = CoreGraphics.framework; path = System/Library/Frameworks/CoreGraphics.framework; sourceTree = SDKROOT; };
		BFC893E115B8F5820095F8BA /* ASIAuthenticationDialog.h */ = {isa = PBXFileReference; fileEncoding = 4; lastKnownFileType = sourcecode.c.h; path = ASIAuthenticationDialog.h; sourceTree = "<group>"; };
		BFC893E215B8F5820095F8BA /* ASIAuthenticationDialog.m */ = {isa = PBXFileReference; fileEncoding = 4; lastKnownFileType = sourcecode.c.objc; path = ASIAuthenticationDialog.m; sourceTree = "<group>"; };
		BFC893E315B8F5820095F8BA /* ASICacheDelegate.h */ = {isa = PBXFileReference; fileEncoding = 4; lastKnownFileType = sourcecode.c.h; path = ASICacheDelegate.h; sourceTree = "<group>"; };
		BFC893E415B8F5820095F8BA /* ASIDataCompressor.h */ = {isa = PBXFileReference; fileEncoding = 4; lastKnownFileType = sourcecode.c.h; path = ASIDataCompressor.h; sourceTree = "<group>"; };
		BFC893E515B8F5820095F8BA /* ASIDataCompressor.m */ = {isa = PBXFileReference; fileEncoding = 4; lastKnownFileType = sourcecode.c.objc; path = ASIDataCompressor.m; sourceTree = "<group>"; };
		BFC893E615B8F5820095F8BA /* ASIDataDecompressor.h */ = {isa = PBXFileReference; fileEncoding = 4; lastKnownFileType = sourcecode.c.h; path = ASIDataDecompressor.h; sourceTree = "<group>"; };
		BFC893E715B8F5820095F8BA /* ASIDataDecompressor.m */ = {isa = PBXFileReference; fileEncoding = 4; lastKnownFileType = sourcecode.c.objc; path = ASIDataDecompressor.m; sourceTree = "<group>"; };
		BFC893E815B8F5820095F8BA /* ASIDownloadCache.h */ = {isa = PBXFileReference; fileEncoding = 4; lastKnownFileType = sourcecode.c.h; path = ASIDownloadCache.h; sourceTree = "<group>"; };
		BFC893E915B8F5820095F8BA /* ASIDownloadCache.m */ = {isa = PBXFileReference; fileEncoding = 4; lastKnownFileType = sourcecode.c.objc; path = ASIDownloadCache.m; sourceTree = "<group>"; };
		BFC893EA15B8F5820095F8BA /* ASIFormDataRequest.h */ = {isa = PBXFileReference; fileEncoding = 4; lastKnownFileType = sourcecode.c.h; path = ASIFormDataRequest.h; sourceTree = "<group>"; };
		BFC893EB15B8F5820095F8BA /* ASIFormDataRequest.m */ = {isa = PBXFileReference; fileEncoding = 4; lastKnownFileType = sourcecode.c.objc; path = ASIFormDataRequest.m; sourceTree = "<group>"; };
		BFC893EC15B8F5820095F8BA /* ASIHTTPRequest.h */ = {isa = PBXFileReference; fileEncoding = 4; lastKnownFileType = sourcecode.c.h; path = ASIHTTPRequest.h; sourceTree = "<group>"; };
		BFC893ED15B8F5820095F8BA /* ASIHTTPRequest.m */ = {isa = PBXFileReference; fileEncoding = 4; lastKnownFileType = sourcecode.c.objc; path = ASIHTTPRequest.m; sourceTree = "<group>"; };
		BFC893EE15B8F5820095F8BA /* ASIHTTPRequestConfig.h */ = {isa = PBXFileReference; fileEncoding = 4; lastKnownFileType = sourcecode.c.h; path = ASIHTTPRequestConfig.h; sourceTree = "<group>"; };
		BFC893EF15B8F5820095F8BA /* ASIHTTPRequestDelegate.h */ = {isa = PBXFileReference; fileEncoding = 4; lastKnownFileType = sourcecode.c.h; path = ASIHTTPRequestDelegate.h; sourceTree = "<group>"; };
		BFC893F015B8F5820095F8BA /* ASIInputStream.h */ = {isa = PBXFileReference; fileEncoding = 4; lastKnownFileType = sourcecode.c.h; path = ASIInputStream.h; sourceTree = "<group>"; };
		BFC893F115B8F5820095F8BA /* ASIInputStream.m */ = {isa = PBXFileReference; fileEncoding = 4; lastKnownFileType = sourcecode.c.objc; path = ASIInputStream.m; sourceTree = "<group>"; };
		BFC893F215B8F5820095F8BA /* ASINetworkQueue.h */ = {isa = PBXFileReference; fileEncoding = 4; lastKnownFileType = sourcecode.c.h; path = ASINetworkQueue.h; sourceTree = "<group>"; };
		BFC893F315B8F5820095F8BA /* ASINetworkQueue.m */ = {isa = PBXFileReference; fileEncoding = 4; lastKnownFileType = sourcecode.c.objc; path = ASINetworkQueue.m; sourceTree = "<group>"; };
		BFC893F415B8F5820095F8BA /* ASIProgressDelegate.h */ = {isa = PBXFileReference; fileEncoding = 4; lastKnownFileType = sourcecode.c.h; path = ASIProgressDelegate.h; sourceTree = "<group>"; };
		BFC893F515B8F5820095F8BA /* Reachability.h */ = {isa = PBXFileReference; fileEncoding = 4; lastKnownFileType = sourcecode.c.h; path = Reachability.h; sourceTree = "<group>"; };
		BFC893F615B8F5820095F8BA /* Reachability.m */ = {isa = PBXFileReference; fileEncoding = 4; lastKnownFileType = sourcecode.c.objc; path = Reachability.m; sourceTree = "<group>"; };
		BFD9DC0315B322F30008A6D8 /* MessageUI.framework */ = {isa = PBXFileReference; lastKnownFileType = wrapper.framework; name = MessageUI.framework; path = System/Library/Frameworks/MessageUI.framework; sourceTree = SDKROOT; };
		BFDD054C15BA609E005B30E4 /* IMYContactDetailViewController.h */ = {isa = PBXFileReference; fileEncoding = 4; lastKnownFileType = sourcecode.c.h; name = IMYContactDetailViewController.h; path = UI/Contacts/IMYContactDetailViewController.h; sourceTree = "<group>"; };
		BFDD054D15BA609E005B30E4 /* IMYContactDetailViewController.m */ = {isa = PBXFileReference; fileEncoding = 4; lastKnownFileType = sourcecode.c.objc; name = IMYContactDetailViewController.m; path = UI/Contacts/IMYContactDetailViewController.m; sourceTree = "<group>"; };
		BFDD055015BA6109005B30E4 /* IMYContactCell.h */ = {isa = PBXFileReference; fileEncoding = 4; lastKnownFileType = sourcecode.c.h; name = IMYContactCell.h; path = UI/Contacts/IMYContactCell.h; sourceTree = "<group>"; };
		BFDD055115BA6109005B30E4 /* IMYContactCell.m */ = {isa = PBXFileReference; fileEncoding = 4; lastKnownFileType = sourcecode.c.objc; name = IMYContactCell.m; path = UI/Contacts/IMYContactCell.m; sourceTree = "<group>"; };
		BFDD055215BA6109005B30E4 /* IMYContactsViewController.h */ = {isa = PBXFileReference; fileEncoding = 4; lastKnownFileType = sourcecode.c.h; name = IMYContactsViewController.h; path = UI/Contacts/IMYContactsViewController.h; sourceTree = "<group>"; };
		BFDD055315BA6109005B30E4 /* IMYContactsViewController.m */ = {isa = PBXFileReference; fileEncoding = 4; lastKnownFileType = sourcecode.c.objc; name = IMYContactsViewController.m; path = UI/Contacts/IMYContactsViewController.m; sourceTree = "<group>"; };
		BFDD055615BA64E0005B30E4 /* IMYDataManager.h */ = {isa = PBXFileReference; fileEncoding = 4; lastKnownFileType = sourcecode.c.h; name = IMYDataManager.h; path = "Muyun iOS SDK/IMYDataManager.h"; sourceTree = "<group>"; };
		BFDD055715BA64E0005B30E4 /* IMYDataManager.m */ = {isa = PBXFileReference; fileEncoding = 4; lastKnownFileType = sourcecode.c.objc; name = IMYDataManager.m; path = "Muyun iOS SDK/IMYDataManager.m"; sourceTree = "<group>"; };
		BFE65E7615D78B1100355C07 /* IMYProfileViewController.h */ = {isa = PBXFileReference; fileEncoding = 4; lastKnownFileType = sourcecode.c.h; name = IMYProfileViewController.h; path = UI/Setting/IMYProfileViewController.h; sourceTree = "<group>"; };
		BFE65E7715D78B1100355C07 /* IMYProfileViewController.m */ = {isa = PBXFileReference; fileEncoding = 4; lastKnownFileType = sourcecode.c.objc; name = IMYProfileViewController.m; path = UI/Setting/IMYProfileViewController.m; sourceTree = "<group>"; };
		BFE7D2AA15CD1EBB0045BA53 /* blackHeart.png */ = {isa = PBXFileReference; lastKnownFileType = image.png; path = blackHeart.png; sourceTree = "<group>"; };
		BFE7D2AB15CD1EBB0045BA53 /* whiteHeart.png */ = {isa = PBXFileReference; lastKnownFileType = image.png; path = whiteHeart.png; sourceTree = "<group>"; };
		BFFAB83515D0ADE40005194C /* IMYRegisterViewController.h */ = {isa = PBXFileReference; fileEncoding = 4; lastKnownFileType = sourcecode.c.h; name = IMYRegisterViewController.h; path = ../IMYRegisterViewController.h; sourceTree = "<group>"; };
		BFFAB83615D0ADE40005194C /* IMYRegisterViewController.m */ = {isa = PBXFileReference; fileEncoding = 4; lastKnownFileType = sourcecode.c.objc; name = IMYRegisterViewController.m; path = ../IMYRegisterViewController.m; sourceTree = "<group>"; };
/* End PBXFileReference section */

/* Begin PBXFrameworksBuildPhase section */
		BF25D1FF15B2AAEE00411924 /* Frameworks */ = {
			isa = PBXFrameworksBuildPhase;
			buildActionMask = 2147483647;
			files = (
				BFC893D415B8F0630095F8BA /* Security.framework in Frameworks */,
				BF8D4F1F15BE895400161E3C /* MapKit.framework in Frameworks */,
				BF8D4F1D15BE893E00161E3C /* ImageIO.framework in Frameworks */,
				BFA9A82D15C6EE0200E4D43E /* CoreGraphics.framework in Frameworks */,
				BFD9DC0415B322F30008A6D8 /* MessageUI.framework in Frameworks */,
				BFA9D02815B30A0900D1083F /* AddressBookUI.framework in Frameworks */,
				BFA9D02615B30A0400D1083F /* AddressBook.framework in Frameworks */,
				BF25D20715B2AAEE00411924 /* UIKit.framework in Frameworks */,
				BF25D20915B2AAEE00411924 /* Foundation.framework in Frameworks */,
				BFC893CF15B8F0630095F8BA /* CoreTelephony.framework in Frameworks */,
				BFC893D015B8F0630095F8BA /* MobileCoreServices.framework in Frameworks */,
				BFC893D115B8F0630095F8BA /* CFNetwork.framework in Frameworks */,
				BFC893D215B8F0630095F8BA /* SystemConfiguration.framework in Frameworks */,
				BFC893D315B8F0630095F8BA /* CoreMedia.framework in Frameworks */,
				BFC893D515B8F0630095F8BA /* AudioToolbox.framework in Frameworks */,
				BFC893D615B8F0630095F8BA /* CoreAudio.framework in Frameworks */,
				BFC893D715B8F0630095F8BA /* CoreVideo.framework in Frameworks */,
				BFC893D815B8F0630095F8BA /* OpenGLES.framework in Frameworks */,
				BFC893D915B8F0630095F8BA /* libz.dylib in Frameworks */,
				BFC893DA15B8F0630095F8BA /* libstdc++.dylib in Frameworks */,
				BFC893DB15B8F0630095F8BA /* QuartzCore.framework in Frameworks */,
				BFC893DC15B8F0630095F8BA /* AVFoundation.framework in Frameworks */,
				BF17D9C715B94E8B000DF07C /* Opentok.framework in Frameworks */,
			);
			runOnlyForDeploymentPostprocessing = 0;
		};
/* End PBXFrameworksBuildPhase section */

/* Begin PBXGroup section */
		BF25D1F715B2AAEE00411924 = {
			isa = PBXGroup;
			children = (
				BF8D4F2A15BE9BB900161E3C /* icon.png */,
				BFC8940015B8F5E70095F8BA /* Third Library */,
				BF25D20C15B2AAEE00411924 /* iMuyun */,
				BF25D20515B2AAEE00411924 /* Frameworks */,
				BF25D20315B2AAEE00411924 /* Products */,
			);
			sourceTree = "<group>";
		};
		BF25D20315B2AAEE00411924 /* Products */ = {
			isa = PBXGroup;
			children = (
				BF25D20215B2AAEE00411924 /* iMuyun.app */,
			);
			name = Products;
			sourceTree = "<group>";
		};
		BF25D20515B2AAEE00411924 /* Frameworks */ = {
			isa = PBXGroup;
			children = (
				BF8D4F1E15BE895300161E3C /* MapKit.framework */,
				BF8D4F1C15BE893E00161E3C /* ImageIO.framework */,
				BF17D9C615B94E8B000DF07C /* Opentok.framework */,
				BFA9D02515B30A0400D1083F /* AddressBook.framework */,
				BFA9D02715B30A0900D1083F /* AddressBookUI.framework */,
				BFC893C315B8F0630095F8BA /* AudioToolbox.framework */,
				BFC893CA15B8F0630095F8BA /* AVFoundation.framework */,
				BFC893BF15B8F0630095F8BA /* CFNetwork.framework */,
				BFC893C415B8F0630095F8BA /* CoreAudio.framework */,
				BFC893CD15B8F0630095F8BA /* CoreGraphics.framework */,
				BFC893C115B8F0630095F8BA /* CoreMedia.framework */,
				BFC893BD15B8F0630095F8BA /* CoreTelephony.framework */,
				BFC893C515B8F0630095F8BA /* CoreVideo.framework */,
				BFC893CC15B8F0630095F8BA /* Foundation.framework */,
				BFC893C815B8F0630095F8BA /* libstdc++.dylib */,
				BFC893C715B8F0630095F8BA /* libz.dylib */,
				BFD9DC0315B322F30008A6D8 /* MessageUI.framework */,
				BFC893BE15B8F0630095F8BA /* MobileCoreServices.framework */,
				BFC893C615B8F0630095F8BA /* OpenGLES.framework */,
				BFC893C915B8F0630095F8BA /* QuartzCore.framework */,
				BFC893C215B8F0630095F8BA /* Security.framework */,
				BFC893C015B8F0630095F8BA /* SystemConfiguration.framework */,
				BF25D20615B2AAEE00411924 /* UIKit.framework */,
				BF25D20815B2AAEE00411924 /* Foundation.framework */,
				BF25D20A15B2AAEE00411924 /* CoreGraphics.framework */,
			);
			name = Frameworks;
			sourceTree = "<group>";
		};
		BF25D20C15B2AAEE00411924 /* iMuyun */ = {
			isa = PBXGroup;
			children = (
				BF25D21515B2AAEE00411924 /* IMYAppDelegate.h */,
				BF25D21615B2AAEE00411924 /* IMYAppDelegate.m */,
				BF25D21815B2AAEE00411924 /* MainStoryboard.storyboard */,
				BF741AE815B3F5BF009C9E6F /* Muyun SDK */,
				BFF1A58415D0F534003BC9E1 /* Login & Register */,
				BFC8934115B8ED5F0095F8BA /* Call View Controller */,
				BFDD054F15BA60A8005B30E4 /* Contacts */,
				BFABD99715BFBC370096C911 /* Recents */,
				BFA9D02115B3071600D1083F /* Setting */,
				BF25D20D15B2AAEE00411924 /* Supporting Files */,
			);
			path = iMuyun;
			sourceTree = "<group>";
		};
		BF25D20D15B2AAEE00411924 /* Supporting Files */ = {
			isa = PBXGroup;
			children = (
				BF8D4F2015BE8FB000161E3C /* image */,
				BF25D20E15B2AAEE00411924 /* iMuyun-Info.plist */,
				BF25D20F15B2AAEE00411924 /* InfoPlist.strings */,
				BF25D21215B2AAEE00411924 /* main.m */,
				BF25D21415B2AAEE00411924 /* iMuyun-Prefix.pch */,
			);
			name = "Supporting Files";
			sourceTree = "<group>";
		};
		BF49FD6F15C26EE400A8A3DA /* security */ = {
			isa = PBXGroup;
			children = (
				BF49FD7015C26EE400A8A3DA /* SFHFKeychainUtils.h */,
				BF49FD7115C26EE400A8A3DA /* SFHFKeychainUtils.m */,
			);
			path = security;
			sourceTree = "<group>";
		};
		BF741AE815B3F5BF009C9E6F /* Muyun SDK */ = {
			isa = PBXGroup;
			children = (
				BF741AE415B3F5BB009C9E6F /* IMYHttpClient.h */,
				BF741AE515B3F5BB009C9E6F /* IMYHttpClient.m */,
				BFDD055615BA64E0005B30E4 /* IMYDataManager.h */,
				BFDD055715BA64E0005B30E4 /* IMYDataManager.m */,
			);
			name = "Muyun SDK";
			sourceTree = "<group>";
		};
		BF8D4EFA15BE6E7300161E3C /* MBProgressHub */ = {
			isa = PBXGroup;
			children = (
				BF8D4EF715BE6E6F00161E3C /* MBProgressHUD.h */,
				BF8D4EF815BE6E6F00161E3C /* MBProgressHUD.m */,
			);
			name = MBProgressHub;
			sourceTree = "<group>";
		};
		BF8D4EFF15BE87AE00161E3C /* SDWebImage */ = {
			isa = PBXGroup;
			children = (
				BF8D4F0015BE87AE00161E3C /* MKAnnotationView+WebCache.h */,
				BF8D4F0115BE87AE00161E3C /* MKAnnotationView+WebCache.m */,
				BF8D4F0215BE87AE00161E3C /* SDImageCache.h */,
				BF8D4F0315BE87AE00161E3C /* SDImageCache.m */,
				BF8D4F0415BE87AE00161E3C /* SDImageCacheDelegate.h */,
				BF8D4F0515BE87AE00161E3C /* SDWebImageCompat.h */,
				BF8D4F0615BE87AE00161E3C /* SDWebImageDecoder.h */,
				BF8D4F0715BE87AE00161E3C /* SDWebImageDecoder.m */,
				BF8D4F0815BE87AE00161E3C /* SDWebImageDownloader.h */,
				BF8D4F0915BE87AE00161E3C /* SDWebImageDownloader.m */,
				BF8D4F0A15BE87AE00161E3C /* SDWebImageDownloaderDelegate.h */,
				BF8D4F0B15BE87AE00161E3C /* SDWebImageManager.h */,
				BF8D4F0C15BE87AE00161E3C /* SDWebImageManager.m */,
				BF8D4F0D15BE87AE00161E3C /* SDWebImageManagerDelegate.h */,
				BF8D4F0E15BE87AE00161E3C /* SDWebImagePrefetcher.h */,
				BF8D4F0F15BE87AE00161E3C /* SDWebImagePrefetcher.m */,
				BF8D4F1015BE87AE00161E3C /* UIButton+WebCache.h */,
				BF8D4F1115BE87AE00161E3C /* UIButton+WebCache.m */,
				BF8D4F1215BE87AE00161E3C /* UIImageView+WebCache.h */,
				BF8D4F1315BE87AE00161E3C /* UIImageView+WebCache.m */,
			);
			path = SDWebImage;
			sourceTree = "<group>";
		};
		BF8D4F2015BE8FB000161E3C /* image */ = {
			isa = PBXGroup;
			children = (
				BFE7D2AA15CD1EBB0045BA53 /* blackHeart.png */,
				BFE7D2AB15CD1EBB0045BA53 /* whiteHeart.png */,
				BF6003A215CAC012005C9206 /* avatar.png */,
				BF8F7E2215C669280005D9F9 /* next.png */,
				BF8F7E1715C634BC0005D9F9 /* background.png */,
				BFABD9A015BFD6600096C911 /* green2.png */,
				BFABD9A115BFD6600096C911 /* red1.png */,
				BFABD9A215BFD6600096C911 /* blue2.png */,
				BFABD99E15BFD5180096C911 /* green1.png */,
				BFABD98715BFBB8E0096C911 /* callIn.png */,
				BFABD98815BFBB8E0096C911 /* callOut.png */,
				BFABD98915BFBB8E0096C911 /* icon.png */,
				BFABD98A15BFBB8E0096C911 /* missed.png */,
				BFABD98B15BFBB8E0096C911 /* phone.png */,
				BFABD98C15BFBB8E0096C911 /* video.png */,
				BF8D4F2115BE8FB000161E3C /* icon.jpeg */,
				BF8D4F2215BE8FB000161E3C /* icon1.jpeg */,
				BF8D4F2315BE8FB000161E3C /* login.png */,
			);
			path = image;
			sourceTree = "<group>";
		};
		BFA9D02115B3071600D1083F /* Setting */ = {
			isa = PBXGroup;
			children = (
				BFABD99815BFBC7E0096C911 /* IMYSettingViewController.h */,
				BFABD99915BFBC7E0096C911 /* IMYSettingViewController.m */,
				BFE65E7615D78B1100355C07 /* IMYProfileViewController.h */,
				BFE65E7715D78B1100355C07 /* IMYProfileViewController.m */,
			);
			name = Setting;
			sourceTree = "<group>";
		};
		BFABD99715BFBC370096C911 /* Recents */ = {
			isa = PBXGroup;
			children = (
				BFABD99B15BFBC860096C911 /* IMYRecentsViewController.h */,
				BFABD99C15BFBC860096C911 /* IMYRecentsViewController.m */,
				BFABD99415BFBC240096C911 /* IMYRecordCell.h */,
				BFABD99515BFBC240096C911 /* IMYRecordCell.m */,
			);
			name = Recents;
			sourceTree = "<group>";
		};
		BFC8934115B8ED5F0095F8BA /* Call View Controller */ = {
			isa = PBXGroup;
			children = (
				BF7BD54A15D10E7900B91150 /* IMYInterpreterVideoCallViewController.h */,
				BF7BD54B15D10E7900B91150 /* IMYInterpreterVideoCallViewController.m */,
				BFC8933D15B8ED530095F8BA /* IMYVideoCallViewController.h */,
				BFC8933E15B8ED530095F8BA /* IMYVideoCallViewController.m */,
			);
			name = "Call View Controller";
			sourceTree = "<group>";
		};
		BFC8938015B8EFB80095F8BA /* opentok-ios-sdk */ = {
			isa = PBXGroup;
			children = (
				BFC893B615B8EFE40095F8BA /* opentok.bundle */,
				BFC8938115B8EFB80095F8BA /* ACKNOWLEDGEMENTS.txt */,
				BFC8938215B8EFB80095F8BA /* docs */,
				BFC8939B15B8EFB80095F8BA /* LICENSE.txt */,
				BFC8939C15B8EFB80095F8BA /* Opentok.framework */,
				BFC8939D15B8EFB80095F8BA /* README.md */,
			);
			path = "opentok-ios-sdk";
			sourceTree = "<group>";
		};
		BFC8938215B8EFB80095F8BA /* docs */ = {
			isa = PBXGroup;
			children = (
				BFC8938315B8EFB80095F8BA /* html */,
				BFC8939815B8EFB80095F8BA /* src */,
			);
			path = docs;
			sourceTree = "<group>";
		};
		BFC8938315B8EFB80095F8BA /* html */ = {
			isa = PBXGroup;
			children = (
				BFC8938415B8EFB80095F8BA /* Classes */,
				BFC8938B15B8EFB80095F8BA /* css */,
				BFC8938E15B8EFB80095F8BA /* docs */,
				BFC8939215B8EFB80095F8BA /* hierarchy.html */,
				BFC8939315B8EFB80095F8BA /* index.html */,
				BFC8939415B8EFB80095F8BA /* Protocols */,
			);
			path = html;
			sourceTree = "<group>";
		};
		BFC8938415B8EFB80095F8BA /* Classes */ = {
			isa = PBXGroup;
			children = (
				BFC8938515B8EFB80095F8BA /* OTConnection.html */,
				BFC8938615B8EFB80095F8BA /* OTError.html */,
				BFC8938715B8EFB80095F8BA /* OTPublisher.html */,
				BFC8938815B8EFB80095F8BA /* OTSession.html */,
				BFC8938915B8EFB80095F8BA /* OTStream.html */,
				BFC8938A15B8EFB80095F8BA /* OTSubscriber.html */,
			);
			path = Classes;
			sourceTree = "<group>";
		};
		BFC8938B15B8EFB80095F8BA /* css */ = {
			isa = PBXGroup;
			children = (
				BFC8938C15B8EFB80095F8BA /* styles.css */,
				BFC8938D15B8EFB80095F8BA /* stylesPrint.css */,
			);
			path = css;
			sourceTree = "<group>";
		};
		BFC8938E15B8EFB80095F8BA /* docs */ = {
			isa = PBXGroup;
			children = (
				BFC8938F15B8EFB80095F8BA /* BasicSample-README.html */,
				BFC8939015B8EFB80095F8BA /* HelloWorld-README.html */,
				BFC8939115B8EFB80095F8BA /* Using_iOS.html */,
			);
			path = docs;
			sourceTree = "<group>";
		};
		BFC8939415B8EFB80095F8BA /* Protocols */ = {
			isa = PBXGroup;
			children = (
				BFC8939515B8EFB80095F8BA /* OTPublisherDelegate.html */,
				BFC8939615B8EFB80095F8BA /* OTSessionDelegate.html */,
				BFC8939715B8EFB80095F8BA /* OTSubscriberDelegate.html */,
			);
			path = Protocols;
			sourceTree = "<group>";
		};
		BFC8939815B8EFB80095F8BA /* src */ = {
			isa = PBXGroup;
			children = (
				BFC8939915B8EFB80095F8BA /* index.md */,
				BFC8939A15B8EFB80095F8BA /* Using_iOS-template.md */,
			);
			path = src;
			sourceTree = "<group>";
		};
		BFC893E015B8F5820095F8BA /* ASIHttpRequest */ = {
			isa = PBXGroup;
			children = (
				BFC893E115B8F5820095F8BA /* ASIAuthenticationDialog.h */,
				BFC893E215B8F5820095F8BA /* ASIAuthenticationDialog.m */,
				BFC893E315B8F5820095F8BA /* ASICacheDelegate.h */,
				BFC893E415B8F5820095F8BA /* ASIDataCompressor.h */,
				BFC893E515B8F5820095F8BA /* ASIDataCompressor.m */,
				BFC893E615B8F5820095F8BA /* ASIDataDecompressor.h */,
				BFC893E715B8F5820095F8BA /* ASIDataDecompressor.m */,
				BFC893E815B8F5820095F8BA /* ASIDownloadCache.h */,
				BFC893E915B8F5820095F8BA /* ASIDownloadCache.m */,
				BFC893EA15B8F5820095F8BA /* ASIFormDataRequest.h */,
				BFC893EB15B8F5820095F8BA /* ASIFormDataRequest.m */,
				BFC893EC15B8F5820095F8BA /* ASIHTTPRequest.h */,
				BFC893ED15B8F5820095F8BA /* ASIHTTPRequest.m */,
				BFC893EE15B8F5820095F8BA /* ASIHTTPRequestConfig.h */,
				BFC893EF15B8F5820095F8BA /* ASIHTTPRequestDelegate.h */,
				BFC893F015B8F5820095F8BA /* ASIInputStream.h */,
				BFC893F115B8F5820095F8BA /* ASIInputStream.m */,
				BFC893F215B8F5820095F8BA /* ASINetworkQueue.h */,
				BFC893F315B8F5820095F8BA /* ASINetworkQueue.m */,
				BFC893F415B8F5820095F8BA /* ASIProgressDelegate.h */,
				BFC893F515B8F5820095F8BA /* Reachability.h */,
				BFC893F615B8F5820095F8BA /* Reachability.m */,
			);
			path = ASIHttpRequest;
			sourceTree = "<group>";
		};
		BFC8940015B8F5E70095F8BA /* Third Library */ = {
			isa = PBXGroup;
			children = (
				BF49FD6F15C26EE400A8A3DA /* security */,
				BF8D4EFF15BE87AE00161E3C /* SDWebImage */,
				BF8D4EFA15BE6E7300161E3C /* MBProgressHub */,
				BFC893E015B8F5820095F8BA /* ASIHttpRequest */,
				BFC8938015B8EFB80095F8BA /* opentok-ios-sdk */,
			);
			name = "Third Library";
			sourceTree = "<group>";
		};
		BFDD054F15BA60A8005B30E4 /* Contacts */ = {
			isa = PBXGroup;
			children = (
				BFDD055015BA6109005B30E4 /* IMYContactCell.h */,
				BFDD055115BA6109005B30E4 /* IMYContactCell.m */,
				BFDD055215BA6109005B30E4 /* IMYContactsViewController.h */,
				BFDD055315BA6109005B30E4 /* IMYContactsViewController.m */,
				BFDD054C15BA609E005B30E4 /* IMYContactDetailViewController.h */,
				BFDD054D15BA609E005B30E4 /* IMYContactDetailViewController.m */,
				BF8D4F2715BE953700161E3C /* IMYMuyunViewController.h */,
				BF8D4F2815BE953700161E3C /* IMYMuyunViewController.m */,
			);
			name = Contacts;
			sourceTree = "<group>";
		};
		BFF1A58415D0F534003BC9E1 /* Login & Register */ = {
			isa = PBXGroup;
			children = (
				BF25D22E15B2AB9000411924 /* IMYLoginViewController.h */,
				BF25D22F15B2AB9000411924 /* IMYLoginViewController.m */,
				BFFAB83515D0ADE40005194C /* IMYRegisterViewController.h */,
				BFFAB83615D0ADE40005194C /* IMYRegisterViewController.m */,
			);
			name = "Login & Register";
			sourceTree = "<group>";
		};
/* End PBXGroup section */

/* Begin PBXNativeTarget section */
		BF25D20115B2AAEE00411924 /* iMuyun */ = {
			isa = PBXNativeTarget;
			buildConfigurationList = BF25D22B15B2AAEE00411924 /* Build configuration list for PBXNativeTarget "iMuyun" */;
			buildPhases = (
				BF25D1FE15B2AAEE00411924 /* Sources */,
				BF25D1FF15B2AAEE00411924 /* Frameworks */,
				BF25D20015B2AAEE00411924 /* Resources */,
			);
			buildRules = (
			);
			dependencies = (
			);
			name = iMuyun;
			productName = iMuyun;
			productReference = BF25D20215B2AAEE00411924 /* iMuyun.app */;
			productType = "com.apple.product-type.application";
		};
/* End PBXNativeTarget section */

/* Begin PBXProject section */
		BF25D1F915B2AAEE00411924 /* Project object */ = {
			isa = PBXProject;
			attributes = {
				CLASSPREFIX = IMY;
				LastUpgradeCheck = 0440;
			};
			buildConfigurationList = BF25D1FC15B2AAEE00411924 /* Build configuration list for PBXProject "iMuyun" */;
			compatibilityVersion = "Xcode 3.2";
			developmentRegion = English;
			hasScannedForEncodings = 0;
			knownRegions = (
				en,
			);
			mainGroup = BF25D1F715B2AAEE00411924;
			productRefGroup = BF25D20315B2AAEE00411924 /* Products */;
			projectDirPath = "";
			projectRoot = "";
			targets = (
				BF25D20115B2AAEE00411924 /* iMuyun */,
			);
		};
/* End PBXProject section */

/* Begin PBXResourcesBuildPhase section */
		BF25D20015B2AAEE00411924 /* Resources */ = {
			isa = PBXResourcesBuildPhase;
			buildActionMask = 2147483647;
			files = (
				BF25D21115B2AAEE00411924 /* InfoPlist.strings in Resources */,
				BF25D21A15B2AAEE00411924 /* MainStoryboard.storyboard in Resources */,
				BFC8939F15B8EFB80095F8BA /* ACKNOWLEDGEMENTS.txt in Resources */,
				BFC893A015B8EFB80095F8BA /* OTConnection.html in Resources */,
				BFC893A115B8EFB80095F8BA /* OTError.html in Resources */,
				BFC893A215B8EFB80095F8BA /* OTPublisher.html in Resources */,
				BFC893A315B8EFB80095F8BA /* OTSession.html in Resources */,
				BFC893A415B8EFB80095F8BA /* OTStream.html in Resources */,
				BFC893A515B8EFB80095F8BA /* OTSubscriber.html in Resources */,
				BFC893A615B8EFB80095F8BA /* styles.css in Resources */,
				BFC893A715B8EFB80095F8BA /* stylesPrint.css in Resources */,
				BFC893A815B8EFB80095F8BA /* BasicSample-README.html in Resources */,
				BFC893A915B8EFB80095F8BA /* HelloWorld-README.html in Resources */,
				BFC893AA15B8EFB80095F8BA /* Using_iOS.html in Resources */,
				BFC893AB15B8EFB80095F8BA /* hierarchy.html in Resources */,
				BFC893AC15B8EFB80095F8BA /* index.html in Resources */,
				BFC893AD15B8EFB80095F8BA /* OTPublisherDelegate.html in Resources */,
				BFC893AE15B8EFB80095F8BA /* OTSessionDelegate.html in Resources */,
				BFC893AF15B8EFB80095F8BA /* OTSubscriberDelegate.html in Resources */,
				BFC893B015B8EFB80095F8BA /* index.md in Resources */,
				BFC893B115B8EFB80095F8BA /* Using_iOS-template.md in Resources */,
				BFC893B215B8EFB80095F8BA /* LICENSE.txt in Resources */,
				BFC893B415B8EFB80095F8BA /* README.md in Resources */,
				BFC893B715B8EFE40095F8BA /* opentok.bundle in Resources */,
				BF8D4F2415BE8FB000161E3C /* icon.jpeg in Resources */,
				BF8D4F2515BE8FB000161E3C /* icon1.jpeg in Resources */,
				BF8D4F2615BE8FB000161E3C /* login.png in Resources */,
				BF8D4F2B15BE9BBA00161E3C /* icon.png in Resources */,
				BFABD98D15BFBB8E0096C911 /* callIn.png in Resources */,
				BFABD98E15BFBB8E0096C911 /* callOut.png in Resources */,
				BFABD98F15BFBB8E0096C911 /* icon.png in Resources */,
				BFABD99015BFBB8E0096C911 /* missed.png in Resources */,
				BFABD99115BFBB8E0096C911 /* phone.png in Resources */,
				BFABD99215BFBB8E0096C911 /* video.png in Resources */,
				BFABD99F15BFD5180096C911 /* green1.png in Resources */,
				BFABD9A315BFD6600096C911 /* green2.png in Resources */,
				BFABD9A415BFD6600096C911 /* red1.png in Resources */,
				BFABD9A515BFD6600096C911 /* blue2.png in Resources */,
				BF8F7E1815C634BC0005D9F9 /* background.png in Resources */,
				BF8F7E2315C669280005D9F9 /* next.png in Resources */,
				BF6003A315CAC013005C9206 /* avatar.png in Resources */,
				BFE7D2AC15CD1EBC0045BA53 /* blackHeart.png in Resources */,
				BFE7D2AD15CD1EBC0045BA53 /* whiteHeart.png in Resources */,
			);
			runOnlyForDeploymentPostprocessing = 0;
		};
/* End PBXResourcesBuildPhase section */

/* Begin PBXSourcesBuildPhase section */
		BF25D1FE15B2AAEE00411924 /* Sources */ = {
			isa = PBXSourcesBuildPhase;
			buildActionMask = 2147483647;
			files = (
				BF8D4EFE15BE71F700161E3C /* MBProgressHUD.m in Sources */,
				BF25D21315B2AAEE00411924 /* main.m in Sources */,
				BF25D21715B2AAEE00411924 /* IMYAppDelegate.m in Sources */,
				BF25D23015B2AB9000411924 /* IMYLoginViewController.m in Sources */,
				BF741AE615B3F5BB009C9E6F /* IMYHttpClient.m in Sources */,
				BFC8933F15B8ED530095F8BA /* IMYVideoCallViewController.m in Sources */,
				BFC893F715B8F5820095F8BA /* ASIAuthenticationDialog.m in Sources */,
				BFC893F815B8F5820095F8BA /* ASIDataCompressor.m in Sources */,
				BFC893F915B8F5820095F8BA /* ASIDataDecompressor.m in Sources */,
				BFC893FA15B8F5820095F8BA /* ASIDownloadCache.m in Sources */,
				BFC893FB15B8F5820095F8BA /* ASIFormDataRequest.m in Sources */,
				BFC893FC15B8F5820095F8BA /* ASIHTTPRequest.m in Sources */,
				BFC893FD15B8F5820095F8BA /* ASIInputStream.m in Sources */,
				BFC893FE15B8F5820095F8BA /* ASINetworkQueue.m in Sources */,
				BFC893FF15B8F5820095F8BA /* Reachability.m in Sources */,
				BFDD054E15BA609E005B30E4 /* IMYContactDetailViewController.m in Sources */,
				BFDD055415BA6109005B30E4 /* IMYContactCell.m in Sources */,
				BFDD055515BA6109005B30E4 /* IMYContactsViewController.m in Sources */,
				BFDD055815BA64E0005B30E4 /* IMYDataManager.m in Sources */,
				BF8D4F1415BE87AE00161E3C /* MKAnnotationView+WebCache.m in Sources */,
				BF8D4F1515BE87AE00161E3C /* SDImageCache.m in Sources */,
				BF8D4F1615BE87AE00161E3C /* SDWebImageDecoder.m in Sources */,
				BF8D4F1715BE87AE00161E3C /* SDWebImageDownloader.m in Sources */,
				BF8D4F1815BE87AE00161E3C /* SDWebImageManager.m in Sources */,
				BF8D4F1915BE87AE00161E3C /* SDWebImagePrefetcher.m in Sources */,
				BF8D4F1A15BE87AE00161E3C /* UIButton+WebCache.m in Sources */,
				BF8D4F1B15BE87AE00161E3C /* UIImageView+WebCache.m in Sources */,
				BF8D4F2915BE953700161E3C /* IMYMuyunViewController.m in Sources */,
				BFABD99615BFBC240096C911 /* IMYRecordCell.m in Sources */,
				BFABD99A15BFBC7E0096C911 /* IMYSettingViewController.m in Sources */,
				BFABD99D15BFBC860096C911 /* IMYRecentsViewController.m in Sources */,
				BF49FD7215C26EE400A8A3DA /* SFHFKeychainUtils.m in Sources */,
				BFFAB83715D0ADE40005194C /* IMYRegisterViewController.m in Sources */,
				BF7BD54C15D10E7900B91150 /* IMYInterpreterVideoCallViewController.m in Sources */,
				BFE65E7815D78B1100355C07 /* IMYProfileViewController.m in Sources */,
			);
			runOnlyForDeploymentPostprocessing = 0;
		};
/* End PBXSourcesBuildPhase section */

/* Begin PBXVariantGroup section */
		BF25D20F15B2AAEE00411924 /* InfoPlist.strings */ = {
			isa = PBXVariantGroup;
			children = (
				BF25D21015B2AAEE00411924 /* en */,
			);
			name = InfoPlist.strings;
			sourceTree = "<group>";
		};
		BF25D21815B2AAEE00411924 /* MainStoryboard.storyboard */ = {
			isa = PBXVariantGroup;
			children = (
				BF25D21915B2AAEE00411924 /* en */,
			);
			name = MainStoryboard.storyboard;
			sourceTree = "<group>";
		};
/* End PBXVariantGroup section */

/* Begin XCBuildConfiguration section */
		BF25D22915B2AAEE00411924 /* Debug */ = {
			isa = XCBuildConfiguration;
			buildSettings = {
				ALWAYS_SEARCH_USER_PATHS = NO;
				ARCHS = "$(ARCHS_STANDARD_32_BIT)";
				CLANG_ENABLE_OBJC_ARC = YES;
				"CODE_SIGN_IDENTITY[sdk=iphoneos*]" = "iPhone Developer";
				COPY_PHASE_STRIP = NO;
				GCC_C_LANGUAGE_STANDARD = gnu99;
				GCC_DYNAMIC_NO_PIC = NO;
				GCC_OPTIMIZATION_LEVEL = 0;
				GCC_PREPROCESSOR_DEFINITIONS = (
					"DEBUG=1",
					"$(inherited)",
				);
				GCC_SYMBOLS_PRIVATE_EXTERN = NO;
				GCC_VERSION = com.apple.compilers.llvm.clang.1_0;
				GCC_WARN_ABOUT_RETURN_TYPE = YES;
				GCC_WARN_UNINITIALIZED_AUTOS = YES;
				GCC_WARN_UNUSED_VARIABLE = YES;
				IPHONEOS_DEPLOYMENT_TARGET = 5.1;
				SDKROOT = iphoneos;
			};
			name = Debug;
		};
		BF25D22A15B2AAEE00411924 /* Release */ = {
			isa = XCBuildConfiguration;
			buildSettings = {
				ALWAYS_SEARCH_USER_PATHS = NO;
				ARCHS = "$(ARCHS_STANDARD_32_BIT)";
				CLANG_ENABLE_OBJC_ARC = YES;
				"CODE_SIGN_IDENTITY[sdk=iphoneos*]" = "iPhone Developer";
				COPY_PHASE_STRIP = YES;
				GCC_C_LANGUAGE_STANDARD = gnu99;
				GCC_VERSION = com.apple.compilers.llvm.clang.1_0;
				GCC_WARN_ABOUT_RETURN_TYPE = YES;
				GCC_WARN_UNINITIALIZED_AUTOS = YES;
				GCC_WARN_UNUSED_VARIABLE = YES;
				IPHONEOS_DEPLOYMENT_TARGET = 5.1;
				OTHER_CFLAGS = "-DNS_BLOCK_ASSERTIONS=1";
				SDKROOT = iphoneos;
				VALIDATE_PRODUCT = YES;
			};
			name = Release;
		};
		BF25D22C15B2AAEE00411924 /* Debug */ = {
			isa = XCBuildConfiguration;
			buildSettings = {
				"CODE_SIGN_IDENTITY[sdk=iphoneos*]" = "iPhone Developer: ZHANG XIN NAN (7KTY256XRX)";
				FRAMEWORK_SEARCH_PATHS = (
					"$(inherited)",
					"\"$(SRCROOT)\"",
					"\"$(SRCROOT)/opentok-ios-sdk\"",
				);
				GCC_PRECOMPILE_PREFIX_HEADER = YES;
				GCC_PREFIX_HEADER = "iMuyun/iMuyun-Prefix.pch";
				INFOPLIST_FILE = "iMuyun/iMuyun-Info.plist";
				IPHONEOS_DEPLOYMENT_TARGET = 5.0;
				PRODUCT_NAME = "$(TARGET_NAME)";
				"PROVISIONING_PROFILE[sdk=iphoneos*]" = "3D90DE20-D652-4703-95ED-8497ABB2171A";
				WRAPPER_EXTENSION = app;
			};
			name = Debug;
		};
		BF25D22D15B2AAEE00411924 /* Release */ = {
			isa = XCBuildConfiguration;
			buildSettings = {
				"CODE_SIGN_IDENTITY[sdk=iphoneos*]" = "iPhone Developer: ZHANG XIN NAN (7KTY256XRX)";
				FRAMEWORK_SEARCH_PATHS = (
					"$(inherited)",
					"\"$(SRCROOT)\"",
					"\"$(SRCROOT)/opentok-ios-sdk\"",
				);
				GCC_PRECOMPILE_PREFIX_HEADER = YES;
				GCC_PREFIX_HEADER = "iMuyun/iMuyun-Prefix.pch";
				INFOPLIST_FILE = "iMuyun/iMuyun-Info.plist";
				IPHONEOS_DEPLOYMENT_TARGET = 5.0;
				PRODUCT_NAME = "$(TARGET_NAME)";
				"PROVISIONING_PROFILE[sdk=iphoneos*]" = "3D90DE20-D652-4703-95ED-8497ABB2171A";
				WRAPPER_EXTENSION = app;
			};
			name = Release;
		};
/* End XCBuildConfiguration section */

/* Begin XCConfigurationList section */
		BF25D1FC15B2AAEE00411924 /* Build configuration list for PBXProject "iMuyun" */ = {
			isa = XCConfigurationList;
			buildConfigurations = (
				BF25D22915B2AAEE00411924 /* Debug */,
				BF25D22A15B2AAEE00411924 /* Release */,
			);
			defaultConfigurationIsVisible = 0;
			defaultConfigurationName = Release;
		};
		BF25D22B15B2AAEE00411924 /* Build configuration list for PBXNativeTarget "iMuyun" */ = {
			isa = XCConfigurationList;
			buildConfigurations = (
				BF25D22C15B2AAEE00411924 /* Debug */,
				BF25D22D15B2AAEE00411924 /* Release */,
			);
			defaultConfigurationIsVisible = 0;
			defaultConfigurationName = Release;
		};
/* End XCConfigurationList section */
	};
	rootObject = BF25D1F915B2AAEE00411924 /* Project object */;
}
