// !$*UTF8*$!
{
	archiveVersion = 1;
	classes = {
	};
	objectVersion = 46;
	objects = {

/* Begin PBXBuildFile section */
		BF0F646815D966AC00E49CDA /* attribution.txt in Resources */ = {isa = PBXBuildFile; fileRef = BF0F644915D966AC00E49CDA /* attribution.txt */; };
		BF0F646915D966AC00E49CDA /* bg_sand.png in Resources */ = {isa = PBXBuildFile; fileRef = BF0F644A15D966AC00E49CDA /* bg_sand.png */; };
		BF0F646A15D966AC00E49CDA /* button_back_textured_24.png in Resources */ = {isa = PBXBuildFile; fileRef = BF0F644B15D966AC00E49CDA /* button_back_textured_24.png */; };
		BF0F646B15D966AC00E49CDA /* button_back_textured_30.png in Resources */ = {isa = PBXBuildFile; fileRef = BF0F644C15D966AC00E49CDA /* button_back_textured_30.png */; };
		BF0F646C15D966AC00E49CDA /* button_textured_24.png in Resources */ = {isa = PBXBuildFile; fileRef = BF0F644D15D966AC00E49CDA /* button_textured_24.png */; };
		BF0F646D15D966AC00E49CDA /* button_textured_30.png in Resources */ = {isa = PBXBuildFile; fileRef = BF0F644E15D966AC00E49CDA /* button_textured_30.png */; };
		BF0F646E15D966AC00E49CDA /* segcontrol_sel-uns.png in Resources */ = {isa = PBXBuildFile; fileRef = BF0F644F15D966AC00E49CDA /* segcontrol_sel-uns.png */; };
		BF0F646F15D966AC00E49CDA /* segcontrol_sel.png in Resources */ = {isa = PBXBuildFile; fileRef = BF0F645015D966AC00E49CDA /* segcontrol_sel.png */; };
		BF0F647015D966AC00E49CDA /* segcontrol_uns-sel.png in Resources */ = {isa = PBXBuildFile; fileRef = BF0F645115D966AC00E49CDA /* segcontrol_uns-sel.png */; };
		BF0F647115D966AC00E49CDA /* segcontrol_uns-uns.png in Resources */ = {isa = PBXBuildFile; fileRef = BF0F645215D966AC00E49CDA /* segcontrol_uns-uns.png */; };
		BF0F647215D966AC00E49CDA /* segcontrol_uns.png in Resources */ = {isa = PBXBuildFile; fileRef = BF0F645315D966AC00E49CDA /* segcontrol_uns.png */; };
		BF0F647315D966AC00E49CDA /* slider_maximum.png in Resources */ = {isa = PBXBuildFile; fileRef = BF0F645415D966AC00E49CDA /* slider_maximum.png */; };
		BF0F647415D966AC00E49CDA /* slider_minimum.png in Resources */ = {isa = PBXBuildFile; fileRef = BF0F645515D966AC00E49CDA /* slider_minimum.png */; };
		BF0F647515D966AC00E49CDA /* surf1.png in Resources */ = {isa = PBXBuildFile; fileRef = BF0F645615D966AC00E49CDA /* surf1.png */; };
		BF0F647615D966AC00E49CDA /* surf2.png in Resources */ = {isa = PBXBuildFile; fileRef = BF0F645715D966AC00E49CDA /* surf2.png */; };
		BF0F647715D966AC00E49CDA /* surf3.png in Resources */ = {isa = PBXBuildFile; fileRef = BF0F645815D966AC00E49CDA /* surf3.png */; };
		BF0F647815D966AC00E49CDA /* surf_gradient_textured_32.png in Resources */ = {isa = PBXBuildFile; fileRef = BF0F645915D966AC00E49CDA /* surf_gradient_textured_32.png */; };
		BF0F647915D966AC00E49CDA /* surf_gradient_textured_44.png in Resources */ = {isa = PBXBuildFile; fileRef = BF0F645A15D966AC00E49CDA /* surf_gradient_textured_44.png */; };
		BF0F647A15D966AC00E49CDA /* tab_bg.png in Resources */ = {isa = PBXBuildFile; fileRef = BF0F645B15D966AC00E49CDA /* tab_bg.png */; };
		BF0F647B15D966AC00E49CDA /* tab_select_indicator.png in Resources */ = {isa = PBXBuildFile; fileRef = BF0F645C15D966AC00E49CDA /* tab_select_indicator.png */; };
		BF0F647C15D966AC00E49CDA /* table_cell_bottom.png in Resources */ = {isa = PBXBuildFile; fileRef = BF0F645D15D966AC00E49CDA /* table_cell_bottom.png */; };
		BF0F647D15D966AC00E49CDA /* table_cell_bottom_sel.png in Resources */ = {isa = PBXBuildFile; fileRef = BF0F645E15D966AC00E49CDA /* table_cell_bottom_sel.png */; };
		BF0F647E15D966AC00E49CDA /* table_cell_mid.png in Resources */ = {isa = PBXBuildFile; fileRef = BF0F645F15D966AC00E49CDA /* table_cell_mid.png */; };
		BF0F647F15D966AC00E49CDA /* table_cell_mid_sel.png in Resources */ = {isa = PBXBuildFile; fileRef = BF0F646015D966AC00E49CDA /* table_cell_mid_sel.png */; };
		BF0F648015D966AC00E49CDA /* table_cell_single.png in Resources */ = {isa = PBXBuildFile; fileRef = BF0F646115D966AC00E49CDA /* table_cell_single.png */; };
		BF0F648115D966AC00E49CDA /* table_cell_single_sel.png in Resources */ = {isa = PBXBuildFile; fileRef = BF0F646215D966AC00E49CDA /* table_cell_single_sel.png */; };
		BF0F648215D966AC00E49CDA /* table_cell_top.png in Resources */ = {isa = PBXBuildFile; fileRef = BF0F646315D966AC00E49CDA /* table_cell_top.png */; };
		BF0F648315D966AC00E49CDA /* table_cell_top_sel.png in Resources */ = {isa = PBXBuildFile; fileRef = BF0F646415D966AC00E49CDA /* table_cell_top_sel.png */; };
		BF0F648415D966AC00E49CDA /* text_field_teal.png in Resources */ = {isa = PBXBuildFile; fileRef = BF0F646515D966AC00E49CDA /* text_field_teal.png */; };
		BF0F648515D966AC00E49CDA /* thumb.png in Resources */ = {isa = PBXBuildFile; fileRef = BF0F646615D966AC00E49CDA /* thumb.png */; };
		BF0F648615D966AC00E49CDA /* title.png in Resources */ = {isa = PBXBuildFile; fileRef = BF0F646715D966AC00E49CDA /* title.png */; };
		BF25D20715B2AAEE00411924 /* UIKit.framework in Frameworks */ = {isa = PBXBuildFile; fileRef = BF25D20615B2AAEE00411924 /* UIKit.framework */; };
		BF25D20915B2AAEE00411924 /* Foundation.framework in Frameworks */ = {isa = PBXBuildFile; fileRef = BF25D20815B2AAEE00411924 /* Foundation.framework */; };
		BF25D21115B2AAEE00411924 /* InfoPlist.strings in Resources */ = {isa = PBXBuildFile; fileRef = BF25D20F15B2AAEE00411924 /* InfoPlist.strings */; };
		BF25D21315B2AAEE00411924 /* main.m in Sources */ = {isa = PBXBuildFile; fileRef = BF25D21215B2AAEE00411924 /* main.m */; };
		BF25D21715B2AAEE00411924 /* IMYAppDelegate.m in Sources */ = {isa = PBXBuildFile; fileRef = BF25D21615B2AAEE00411924 /* IMYAppDelegate.m */; };
		BF25D21A15B2AAEE00411924 /* MainStoryboard.storyboard in Resources */ = {isa = PBXBuildFile; fileRef = BF25D21815B2AAEE00411924 /* MainStoryboard.storyboard */; };
		BF6003A315CAC013005C9206 /* avatar.png in Resources */ = {isa = PBXBuildFile; fileRef = BF6003A215CAC012005C9206 /* avatar.png */; };
		BF741AE615B3F5BB009C9E6F /* IMYHttpClient.m in Sources */ = {isa = PBXBuildFile; fileRef = BF741AE515B3F5BB009C9E6F /* IMYHttpClient.m */; };
		BF7BD54C15D10E7900B91150 /* IMYInterpreterVideoCallViewController.m in Sources */ = {isa = PBXBuildFile; fileRef = BF7BD54B15D10E7900B91150 /* IMYInterpreterVideoCallViewController.m */; };
		BF87F16515DE456B004C5437 /* IMYRegisterViewController.m in Sources */ = {isa = PBXBuildFile; fileRef = BF87F16315DE456B004C5437 /* IMYRegisterViewController.m */; };
		BF87F16815DE45EC004C5437 /* IMYLoginViewController.m in Sources */ = {isa = PBXBuildFile; fileRef = BF87F16615DE45EC004C5437 /* IMYLoginViewController.m */; };
		BF87F1BA15DE46D0004C5437 /* ASIAuthenticationDialog.m in Sources */ = {isa = PBXBuildFile; fileRef = BF87F16C15DE46D0004C5437 /* ASIAuthenticationDialog.m */; settings = {COMPILER_FLAGS = "-fno-objc-arc"; }; };
		BF87F1BB15DE46D0004C5437 /* ASIDataCompressor.m in Sources */ = {isa = PBXBuildFile; fileRef = BF87F16F15DE46D0004C5437 /* ASIDataCompressor.m */; settings = {COMPILER_FLAGS = "-fno-objc-arc"; }; };
		BF87F1BC15DE46D0004C5437 /* ASIDataDecompressor.m in Sources */ = {isa = PBXBuildFile; fileRef = BF87F17115DE46D0004C5437 /* ASIDataDecompressor.m */; settings = {COMPILER_FLAGS = "-fno-objc-arc"; }; };
		BF87F1BD15DE46D0004C5437 /* ASIDownloadCache.m in Sources */ = {isa = PBXBuildFile; fileRef = BF87F17315DE46D0004C5437 /* ASIDownloadCache.m */; settings = {COMPILER_FLAGS = "-fno-objc-arc"; }; };
		BF87F1BE15DE46D0004C5437 /* ASIFormDataRequest.m in Sources */ = {isa = PBXBuildFile; fileRef = BF87F17515DE46D0004C5437 /* ASIFormDataRequest.m */; settings = {COMPILER_FLAGS = "-fno-objc-arc"; }; };
		BF87F1BF15DE46D0004C5437 /* ASIHTTPRequest.m in Sources */ = {isa = PBXBuildFile; fileRef = BF87F17715DE46D0004C5437 /* ASIHTTPRequest.m */; settings = {COMPILER_FLAGS = "-fno-objc-arc"; }; };
		BF87F1C015DE46D0004C5437 /* ASIInputStream.m in Sources */ = {isa = PBXBuildFile; fileRef = BF87F17B15DE46D0004C5437 /* ASIInputStream.m */; settings = {COMPILER_FLAGS = "-fno-objc-arc"; }; };
		BF87F1C115DE46D0004C5437 /* ASINetworkQueue.m in Sources */ = {isa = PBXBuildFile; fileRef = BF87F17D15DE46D0004C5437 /* ASINetworkQueue.m */; settings = {COMPILER_FLAGS = "-fno-objc-arc"; }; };
		BF87F1C215DE46D0004C5437 /* Reachability.m in Sources */ = {isa = PBXBuildFile; fileRef = BF87F18015DE46D0004C5437 /* Reachability.m */; settings = {COMPILER_FLAGS = "-fno-objc-arc"; }; };
		BF87F1C315DE46D0004C5437 /* MBProgressHUD.m in Sources */ = {isa = PBXBuildFile; fileRef = BF87F18315DE46D0004C5437 /* MBProgressHUD.m */; };
		BF87F1C415DE46D0004C5437 /* ACKNOWLEDGEMENTS.txt in Resources */ = {isa = PBXBuildFile; fileRef = BF87F18515DE46D0004C5437 /* ACKNOWLEDGEMENTS.txt */; };
		BF87F1C515DE46D0004C5437 /* OTConnection.html in Resources */ = {isa = PBXBuildFile; fileRef = BF87F18915DE46D0004C5437 /* OTConnection.html */; };
		BF87F1C615DE46D0004C5437 /* OTError.html in Resources */ = {isa = PBXBuildFile; fileRef = BF87F18A15DE46D0004C5437 /* OTError.html */; };
		BF87F1C715DE46D0004C5437 /* OTPublisher.html in Resources */ = {isa = PBXBuildFile; fileRef = BF87F18B15DE46D0004C5437 /* OTPublisher.html */; };
		BF87F1C815DE46D0004C5437 /* OTSession.html in Resources */ = {isa = PBXBuildFile; fileRef = BF87F18C15DE46D0004C5437 /* OTSession.html */; };
		BF87F1C915DE46D0004C5437 /* OTStream.html in Resources */ = {isa = PBXBuildFile; fileRef = BF87F18D15DE46D0004C5437 /* OTStream.html */; };
		BF87F1CA15DE46D0004C5437 /* OTSubscriber.html in Resources */ = {isa = PBXBuildFile; fileRef = BF87F18E15DE46D0004C5437 /* OTSubscriber.html */; };
		BF87F1CB15DE46D0004C5437 /* styles.css in Resources */ = {isa = PBXBuildFile; fileRef = BF87F19015DE46D0004C5437 /* styles.css */; };
		BF87F1CC15DE46D0004C5437 /* stylesPrint.css in Resources */ = {isa = PBXBuildFile; fileRef = BF87F19115DE46D0004C5437 /* stylesPrint.css */; };
		BF87F1CD15DE46D0004C5437 /* BasicSample-README.html in Resources */ = {isa = PBXBuildFile; fileRef = BF87F19315DE46D0004C5437 /* BasicSample-README.html */; };
		BF87F1CE15DE46D0004C5437 /* HelloWorld-README.html in Resources */ = {isa = PBXBuildFile; fileRef = BF87F19415DE46D0004C5437 /* HelloWorld-README.html */; };
		BF87F1CF15DE46D0004C5437 /* Using_iOS.html in Resources */ = {isa = PBXBuildFile; fileRef = BF87F19515DE46D0004C5437 /* Using_iOS.html */; };
		BF87F1D015DE46D0004C5437 /* hierarchy.html in Resources */ = {isa = PBXBuildFile; fileRef = BF87F19615DE46D0004C5437 /* hierarchy.html */; };
		BF87F1D115DE46D0004C5437 /* index.html in Resources */ = {isa = PBXBuildFile; fileRef = BF87F19715DE46D0004C5437 /* index.html */; };
		BF87F1D215DE46D0004C5437 /* OTPublisherDelegate.html in Resources */ = {isa = PBXBuildFile; fileRef = BF87F19915DE46D0004C5437 /* OTPublisherDelegate.html */; };
		BF87F1D315DE46D0004C5437 /* OTSessionDelegate.html in Resources */ = {isa = PBXBuildFile; fileRef = BF87F19A15DE46D0004C5437 /* OTSessionDelegate.html */; };
		BF87F1D415DE46D0004C5437 /* OTSubscriberDelegate.html in Resources */ = {isa = PBXBuildFile; fileRef = BF87F19B15DE46D0004C5437 /* OTSubscriberDelegate.html */; };
		BF87F1D515DE46D0004C5437 /* index.md in Resources */ = {isa = PBXBuildFile; fileRef = BF87F19D15DE46D0004C5437 /* index.md */; };
		BF87F1D615DE46D0004C5437 /* Using_iOS-template.md in Resources */ = {isa = PBXBuildFile; fileRef = BF87F19E15DE46D0004C5437 /* Using_iOS-template.md */; };
		BF87F1D715DE46D0004C5437 /* LICENSE.txt in Resources */ = {isa = PBXBuildFile; fileRef = BF87F19F15DE46D0004C5437 /* LICENSE.txt */; };
		BF87F1D815DE46D0004C5437 /* Opentok.framework in Frameworks */ = {isa = PBXBuildFile; fileRef = BF87F1A015DE46D0004C5437 /* Opentok.framework */; };
		BF87F1D915DE46D0004C5437 /* README.md in Resources */ = {isa = PBXBuildFile; fileRef = BF87F1A115DE46D0004C5437 /* README.md */; };
		BF87F1DA15DE46D0004C5437 /* MKAnnotationView+WebCache.m in Sources */ = {isa = PBXBuildFile; fileRef = BF87F1A415DE46D0004C5437 /* MKAnnotationView+WebCache.m */; };
		BF87F1DB15DE46D0004C5437 /* SDImageCache.m in Sources */ = {isa = PBXBuildFile; fileRef = BF87F1A615DE46D0004C5437 /* SDImageCache.m */; };
		BF87F1DC15DE46D0004C5437 /* SDWebImageDecoder.m in Sources */ = {isa = PBXBuildFile; fileRef = BF87F1AA15DE46D0004C5437 /* SDWebImageDecoder.m */; };
		BF87F1DD15DE46D0004C5437 /* SDWebImageDownloader.m in Sources */ = {isa = PBXBuildFile; fileRef = BF87F1AC15DE46D0004C5437 /* SDWebImageDownloader.m */; };
		BF87F1DE15DE46D0004C5437 /* SDWebImageManager.m in Sources */ = {isa = PBXBuildFile; fileRef = BF87F1AF15DE46D0004C5437 /* SDWebImageManager.m */; };
		BF87F1DF15DE46D0004C5437 /* SDWebImagePrefetcher.m in Sources */ = {isa = PBXBuildFile; fileRef = BF87F1B215DE46D0004C5437 /* SDWebImagePrefetcher.m */; };
		BF87F1E015DE46D0004C5437 /* UIButton+WebCache.m in Sources */ = {isa = PBXBuildFile; fileRef = BF87F1B415DE46D0004C5437 /* UIButton+WebCache.m */; };
		BF87F1E115DE46D0004C5437 /* UIImageView+WebCache.m in Sources */ = {isa = PBXBuildFile; fileRef = BF87F1B615DE46D0004C5437 /* UIImageView+WebCache.m */; };
		BF87F1E215DE46D0004C5437 /* SFHFKeychainUtils.m in Sources */ = {isa = PBXBuildFile; fileRef = BF87F1B915DE46D0004C5437 /* SFHFKeychainUtils.m */; settings = {COMPILER_FLAGS = "-fno-objc-arc"; }; };
		BF8D4F1D15BE893E00161E3C /* ImageIO.framework in Frameworks */ = {isa = PBXBuildFile; fileRef = BF8D4F1C15BE893E00161E3C /* ImageIO.framework */; };
		BF8D4F1F15BE895400161E3C /* MapKit.framework in Frameworks */ = {isa = PBXBuildFile; fileRef = BF8D4F1E15BE895300161E3C /* MapKit.framework */; };
		BF8D4F2415BE8FB000161E3C /* icon.jpeg in Resources */ = {isa = PBXBuildFile; fileRef = BF8D4F2115BE8FB000161E3C /* icon.jpeg */; };
		BF8D4F2515BE8FB000161E3C /* icon1.jpeg in Resources */ = {isa = PBXBuildFile; fileRef = BF8D4F2215BE8FB000161E3C /* icon1.jpeg */; };
		BF8D4F2615BE8FB000161E3C /* login.png in Resources */ = {isa = PBXBuildFile; fileRef = BF8D4F2315BE8FB000161E3C /* login.png */; };
		BF8D4F2915BE953700161E3C /* IMYMuyunViewController.m in Sources */ = {isa = PBXBuildFile; fileRef = BF8D4F2815BE953700161E3C /* IMYMuyunViewController.m */; };
		BF8D4F2B15BE9BBA00161E3C /* icon.png in Resources */ = {isa = PBXBuildFile; fileRef = BF8D4F2A15BE9BB900161E3C /* icon.png */; };
		BF8F7E1815C634BC0005D9F9 /* background.png in Resources */ = {isa = PBXBuildFile; fileRef = BF8F7E1715C634BC0005D9F9 /* background.png */; };
		BF8F7E2315C669280005D9F9 /* next.png in Resources */ = {isa = PBXBuildFile; fileRef = BF8F7E2215C669280005D9F9 /* next.png */; };
		BFA9A82D15C6EE0200E4D43E /* CoreGraphics.framework in Frameworks */ = {isa = PBXBuildFile; fileRef = BFC893CD15B8F0630095F8BA /* CoreGraphics.framework */; };
		BFA9D02615B30A0400D1083F /* AddressBook.framework in Frameworks */ = {isa = PBXBuildFile; fileRef = BFA9D02515B30A0400D1083F /* AddressBook.framework */; };
		BFA9D02815B30A0900D1083F /* AddressBookUI.framework in Frameworks */ = {isa = PBXBuildFile; fileRef = BFA9D02715B30A0900D1083F /* AddressBookUI.framework */; };
		BFABD98D15BFBB8E0096C911 /* callIn.png in Resources */ = {isa = PBXBuildFile; fileRef = BFABD98715BFBB8E0096C911 /* callIn.png */; };
		BFABD98E15BFBB8E0096C911 /* callOut.png in Resources */ = {isa = PBXBuildFile; fileRef = BFABD98815BFBB8E0096C911 /* callOut.png */; };
		BFABD98F15BFBB8E0096C911 /* icon.png in Resources */ = {isa = PBXBuildFile; fileRef = BFABD98915BFBB8E0096C911 /* icon.png */; };
		BFABD99015BFBB8E0096C911 /* missed.png in Resources */ = {isa = PBXBuildFile; fileRef = BFABD98A15BFBB8E0096C911 /* missed.png */; };
		BFABD99115BFBB8E0096C911 /* phone.png in Resources */ = {isa = PBXBuildFile; fileRef = BFABD98B15BFBB8E0096C911 /* phone.png */; };
		BFABD99215BFBB8E0096C911 /* video.png in Resources */ = {isa = PBXBuildFile; fileRef = BFABD98C15BFBB8E0096C911 /* video.png */; };
		BFABD99615BFBC240096C911 /* IMYRecordCell.m in Sources */ = {isa = PBXBuildFile; fileRef = BFABD99515BFBC240096C911 /* IMYRecordCell.m */; };
		BFABD99A15BFBC7E0096C911 /* IMYSettingViewController.m in Sources */ = {isa = PBXBuildFile; fileRef = BFABD99915BFBC7E0096C911 /* IMYSettingViewController.m */; };
		BFABD99D15BFBC860096C911 /* IMYRecentsViewController.m in Sources */ = {isa = PBXBuildFile; fileRef = BFABD99C15BFBC860096C911 /* IMYRecentsViewController.m */; };
		BFABD99F15BFD5180096C911 /* green1.png in Resources */ = {isa = PBXBuildFile; fileRef = BFABD99E15BFD5180096C911 /* green1.png */; };
		BFABD9A315BFD6600096C911 /* green2.png in Resources */ = {isa = PBXBuildFile; fileRef = BFABD9A015BFD6600096C911 /* green2.png */; };
		BFABD9A415BFD6600096C911 /* red1.png in Resources */ = {isa = PBXBuildFile; fileRef = BFABD9A115BFD6600096C911 /* red1.png */; };
		BFABD9A515BFD6600096C911 /* blue2.png in Resources */ = {isa = PBXBuildFile; fileRef = BFABD9A215BFD6600096C911 /* blue2.png */; };
		BFC8933F15B8ED530095F8BA /* IMYVideoCallViewController.m in Sources */ = {isa = PBXBuildFile; fileRef = BFC8933E15B8ED530095F8BA /* IMYVideoCallViewController.m */; };
		BFC893CF15B8F0630095F8BA /* CoreTelephony.framework in Frameworks */ = {isa = PBXBuildFile; fileRef = BFC893BD15B8F0630095F8BA /* CoreTelephony.framework */; };
		BFC893D015B8F0630095F8BA /* MobileCoreServices.framework in Frameworks */ = {isa = PBXBuildFile; fileRef = BFC893BE15B8F0630095F8BA /* MobileCoreServices.framework */; };
		BFC893D115B8F0630095F8BA /* CFNetwork.framework in Frameworks */ = {isa = PBXBuildFile; fileRef = BFC893BF15B8F0630095F8BA /* CFNetwork.framework */; };
		BFC893D215B8F0630095F8BA /* SystemConfiguration.framework in Frameworks */ = {isa = PBXBuildFile; fileRef = BFC893C015B8F0630095F8BA /* SystemConfiguration.framework */; };
		BFC893D315B8F0630095F8BA /* CoreMedia.framework in Frameworks */ = {isa = PBXBuildFile; fileRef = BFC893C115B8F0630095F8BA /* CoreMedia.framework */; };
		BFC893D415B8F0630095F8BA /* Security.framework in Frameworks */ = {isa = PBXBuildFile; fileRef = BFC893C215B8F0630095F8BA /* Security.framework */; };
		BFC893D515B8F0630095F8BA /* AudioToolbox.framework in Frameworks */ = {isa = PBXBuildFile; fileRef = BFC893C315B8F0630095F8BA /* AudioToolbox.framework */; };
		BFC893D615B8F0630095F8BA /* CoreAudio.framework in Frameworks */ = {isa = PBXBuildFile; fileRef = BFC893C415B8F0630095F8BA /* CoreAudio.framework */; };
		BFC893D715B8F0630095F8BA /* CoreVideo.framework in Frameworks */ = {isa = PBXBuildFile; fileRef = BFC893C515B8F0630095F8BA /* CoreVideo.framework */; };
		BFC893D815B8F0630095F8BA /* OpenGLES.framework in Frameworks */ = {isa = PBXBuildFile; fileRef = BFC893C615B8F0630095F8BA /* OpenGLES.framework */; };
		BFC893D915B8F0630095F8BA /* libz.dylib in Frameworks */ = {isa = PBXBuildFile; fileRef = BFC893C715B8F0630095F8BA /* libz.dylib */; };
		BFC893DA15B8F0630095F8BA /* libstdc++.dylib in Frameworks */ = {isa = PBXBuildFile; fileRef = BFC893C815B8F0630095F8BA /* libstdc++.dylib */; };
		BFC893DB15B8F0630095F8BA /* QuartzCore.framework in Frameworks */ = {isa = PBXBuildFile; fileRef = BFC893C915B8F0630095F8BA /* QuartzCore.framework */; };
		BFC893DC15B8F0630095F8BA /* AVFoundation.framework in Frameworks */ = {isa = PBXBuildFile; fileRef = BFC893CA15B8F0630095F8BA /* AVFoundation.framework */; };
		BFD9DC0415B322F30008A6D8 /* MessageUI.framework in Frameworks */ = {isa = PBXBuildFile; fileRef = BFD9DC0315B322F30008A6D8 /* MessageUI.framework */; };
		BFDD054E15BA609E005B30E4 /* IMYContactDetailViewController.m in Sources */ = {isa = PBXBuildFile; fileRef = BFDD054D15BA609E005B30E4 /* IMYContactDetailViewController.m */; };
		BFDD055415BA6109005B30E4 /* IMYContactCell.m in Sources */ = {isa = PBXBuildFile; fileRef = BFDD055115BA6109005B30E4 /* IMYContactCell.m */; };
		BFDD055515BA6109005B30E4 /* IMYContactsViewController.m in Sources */ = {isa = PBXBuildFile; fileRef = BFDD055315BA6109005B30E4 /* IMYContactsViewController.m */; };
		BFDD055815BA64E0005B30E4 /* IMYDataManager.m in Sources */ = {isa = PBXBuildFile; fileRef = BFDD055715BA64E0005B30E4 /* IMYDataManager.m */; };
		BFE65E7815D78B1100355C07 /* IMYProfileViewController.m in Sources */ = {isa = PBXBuildFile; fileRef = BFE65E7715D78B1100355C07 /* IMYProfileViewController.m */; };
		BFE65E8315D81A2A00355C07 /* navi_bg.png in Resources */ = {isa = PBXBuildFile; fileRef = BFE65E8215D81A2A00355C07 /* navi_bg.png */; };
		BFE7D2AC15CD1EBC0045BA53 /* blackHeart.png in Resources */ = {isa = PBXBuildFile; fileRef = BFE7D2AA15CD1EBB0045BA53 /* blackHeart.png */; };
		BFE7D2AD15CD1EBC0045BA53 /* whiteHeart.png in Resources */ = {isa = PBXBuildFile; fileRef = BFE7D2AB15CD1EBB0045BA53 /* whiteHeart.png */; };
/* End PBXBuildFile section */

/* Begin PBXFileReference section */
		BF0F644915D966AC00E49CDA /* attribution.txt */ = {isa = PBXFileReference; fileEncoding = 4; lastKnownFileType = text; path = attribution.txt; sourceTree = "<group>"; };
		BF0F644A15D966AC00E49CDA /* bg_sand.png */ = {isa = PBXFileReference; lastKnownFileType = image.png; path = bg_sand.png; sourceTree = "<group>"; };
		BF0F644B15D966AC00E49CDA /* button_back_textured_24.png */ = {isa = PBXFileReference; lastKnownFileType = image.png; path = button_back_textured_24.png; sourceTree = "<group>"; };
		BF0F644C15D966AC00E49CDA /* button_back_textured_30.png */ = {isa = PBXFileReference; lastKnownFileType = image.png; path = button_back_textured_30.png; sourceTree = "<group>"; };
		BF0F644D15D966AC00E49CDA /* button_textured_24.png */ = {isa = PBXFileReference; lastKnownFileType = image.png; path = button_textured_24.png; sourceTree = "<group>"; };
		BF0F644E15D966AC00E49CDA /* button_textured_30.png */ = {isa = PBXFileReference; lastKnownFileType = image.png; path = button_textured_30.png; sourceTree = "<group>"; };
		BF0F644F15D966AC00E49CDA /* segcontrol_sel-uns.png */ = {isa = PBXFileReference; lastKnownFileType = image.png; path = "segcontrol_sel-uns.png"; sourceTree = "<group>"; };
		BF0F645015D966AC00E49CDA /* segcontrol_sel.png */ = {isa = PBXFileReference; lastKnownFileType = image.png; path = segcontrol_sel.png; sourceTree = "<group>"; };
		BF0F645115D966AC00E49CDA /* segcontrol_uns-sel.png */ = {isa = PBXFileReference; lastKnownFileType = image.png; path = "segcontrol_uns-sel.png"; sourceTree = "<group>"; };
		BF0F645215D966AC00E49CDA /* segcontrol_uns-uns.png */ = {isa = PBXFileReference; lastKnownFileType = image.png; path = "segcontrol_uns-uns.png"; sourceTree = "<group>"; };
		BF0F645315D966AC00E49CDA /* segcontrol_uns.png */ = {isa = PBXFileReference; lastKnownFileType = image.png; path = segcontrol_uns.png; sourceTree = "<group>"; };
		BF0F645415D966AC00E49CDA /* slider_maximum.png */ = {isa = PBXFileReference; lastKnownFileType = image.png; path = slider_maximum.png; sourceTree = "<group>"; };
		BF0F645515D966AC00E49CDA /* slider_minimum.png */ = {isa = PBXFileReference; lastKnownFileType = image.png; path = slider_minimum.png; sourceTree = "<group>"; };
		BF0F645615D966AC00E49CDA /* surf1.png */ = {isa = PBXFileReference; lastKnownFileType = image.png; path = surf1.png; sourceTree = "<group>"; };
		BF0F645715D966AC00E49CDA /* surf2.png */ = {isa = PBXFileReference; lastKnownFileType = image.png; path = surf2.png; sourceTree = "<group>"; };
		BF0F645815D966AC00E49CDA /* surf3.png */ = {isa = PBXFileReference; lastKnownFileType = image.png; path = surf3.png; sourceTree = "<group>"; };
		BF0F645915D966AC00E49CDA /* surf_gradient_textured_32.png */ = {isa = PBXFileReference; lastKnownFileType = image.png; path = surf_gradient_textured_32.png; sourceTree = "<group>"; };
		BF0F645A15D966AC00E49CDA /* surf_gradient_textured_44.png */ = {isa = PBXFileReference; lastKnownFileType = image.png; path = surf_gradient_textured_44.png; sourceTree = "<group>"; };
		BF0F645B15D966AC00E49CDA /* tab_bg.png */ = {isa = PBXFileReference; lastKnownFileType = image.png; path = tab_bg.png; sourceTree = "<group>"; };
		BF0F645C15D966AC00E49CDA /* tab_select_indicator.png */ = {isa = PBXFileReference; lastKnownFileType = image.png; path = tab_select_indicator.png; sourceTree = "<group>"; };
		BF0F645D15D966AC00E49CDA /* table_cell_bottom.png */ = {isa = PBXFileReference; lastKnownFileType = image.png; path = table_cell_bottom.png; sourceTree = "<group>"; };
		BF0F645E15D966AC00E49CDA /* table_cell_bottom_sel.png */ = {isa = PBXFileReference; lastKnownFileType = image.png; path = table_cell_bottom_sel.png; sourceTree = "<group>"; };
		BF0F645F15D966AC00E49CDA /* table_cell_mid.png */ = {isa = PBXFileReference; lastKnownFileType = image.png; path = table_cell_mid.png; sourceTree = "<group>"; };
		BF0F646015D966AC00E49CDA /* table_cell_mid_sel.png */ = {isa = PBXFileReference; lastKnownFileType = image.png; path = table_cell_mid_sel.png; sourceTree = "<group>"; };
		BF0F646115D966AC00E49CDA /* table_cell_single.png */ = {isa = PBXFileReference; lastKnownFileType = image.png; path = table_cell_single.png; sourceTree = "<group>"; };
		BF0F646215D966AC00E49CDA /* table_cell_single_sel.png */ = {isa = PBXFileReference; lastKnownFileType = image.png; path = table_cell_single_sel.png; sourceTree = "<group>"; };
		BF0F646315D966AC00E49CDA /* table_cell_top.png */ = {isa = PBXFileReference; lastKnownFileType = image.png; path = table_cell_top.png; sourceTree = "<group>"; };
		BF0F646415D966AC00E49CDA /* table_cell_top_sel.png */ = {isa = PBXFileReference; lastKnownFileType = image.png; path = table_cell_top_sel.png; sourceTree = "<group>"; };
		BF0F646515D966AC00E49CDA /* text_field_teal.png */ = {isa = PBXFileReference; lastKnownFileType = image.png; path = text_field_teal.png; sourceTree = "<group>"; };
		BF0F646615D966AC00E49CDA /* thumb.png */ = {isa = PBXFileReference; lastKnownFileType = image.png; path = thumb.png; sourceTree = "<group>"; };
		BF0F646715D966AC00E49CDA /* title.png */ = {isa = PBXFileReference; lastKnownFileType = image.png; path = title.png; sourceTree = "<group>"; };
		BF25D20215B2AAEE00411924 /* iMuyun.app */ = {isa = PBXFileReference; explicitFileType = wrapper.application; includeInIndex = 0; path = iMuyun.app; sourceTree = BUILT_PRODUCTS_DIR; };
		BF25D20615B2AAEE00411924 /* UIKit.framework */ = {isa = PBXFileReference; lastKnownFileType = wrapper.framework; name = UIKit.framework; path = System/Library/Frameworks/UIKit.framework; sourceTree = SDKROOT; };
		BF25D20815B2AAEE00411924 /* Foundation.framework */ = {isa = PBXFileReference; lastKnownFileType = wrapper.framework; name = Foundation.framework; path = System/Library/Frameworks/Foundation.framework; sourceTree = SDKROOT; };
		BF25D20A15B2AAEE00411924 /* CoreGraphics.framework */ = {isa = PBXFileReference; lastKnownFileType = wrapper.framework; name = CoreGraphics.framework; path = System/Library/Frameworks/CoreGraphics.framework; sourceTree = SDKROOT; };
		BF25D20E15B2AAEE00411924 /* iMuyun-Info.plist */ = {isa = PBXFileReference; lastKnownFileType = text.plist.xml; path = "iMuyun-Info.plist"; sourceTree = "<group>"; };
		BF25D21015B2AAEE00411924 /* en */ = {isa = PBXFileReference; lastKnownFileType = text.plist.strings; name = en; path = en.lproj/InfoPlist.strings; sourceTree = "<group>"; };
		BF25D21215B2AAEE00411924 /* main.m */ = {isa = PBXFileReference; lastKnownFileType = sourcecode.c.objc; path = main.m; sourceTree = "<group>"; };
		BF25D21415B2AAEE00411924 /* iMuyun-Prefix.pch */ = {isa = PBXFileReference; lastKnownFileType = sourcecode.c.h; path = "iMuyun-Prefix.pch"; sourceTree = "<group>"; };
		BF25D21515B2AAEE00411924 /* IMYAppDelegate.h */ = {isa = PBXFileReference; lastKnownFileType = sourcecode.c.h; path = IMYAppDelegate.h; sourceTree = "<group>"; };
		BF25D21615B2AAEE00411924 /* IMYAppDelegate.m */ = {isa = PBXFileReference; lastKnownFileType = sourcecode.c.objc; path = IMYAppDelegate.m; sourceTree = "<group>"; };
		BF25D21915B2AAEE00411924 /* en */ = {isa = PBXFileReference; lastKnownFileType = file.storyboard; name = en; path = en.lproj/MainStoryboard.storyboard; sourceTree = "<group>"; };
		BF6003A215CAC012005C9206 /* avatar.png */ = {isa = PBXFileReference; lastKnownFileType = image.png; path = avatar.png; sourceTree = "<group>"; };
		BF741AE415B3F5BB009C9E6F /* IMYHttpClient.h */ = {isa = PBXFileReference; fileEncoding = 4; lastKnownFileType = sourcecode.c.h; name = IMYHttpClient.h; path = "Muyun iOS SDK/IMYHttpClient.h"; sourceTree = "<group>"; };
		BF741AE515B3F5BB009C9E6F /* IMYHttpClient.m */ = {isa = PBXFileReference; fileEncoding = 4; lastKnownFileType = sourcecode.c.objc; name = IMYHttpClient.m; path = "Muyun iOS SDK/IMYHttpClient.m"; sourceTree = "<group>"; };
		BF7BD54A15D10E7900B91150 /* IMYInterpreterVideoCallViewController.h */ = {isa = PBXFileReference; fileEncoding = 4; lastKnownFileType = sourcecode.c.h; name = IMYInterpreterVideoCallViewController.h; path = "UI/Call View Controller/IMYInterpreterVideoCallViewController.h"; sourceTree = "<group>"; };
		BF7BD54B15D10E7900B91150 /* IMYInterpreterVideoCallViewController.m */ = {isa = PBXFileReference; fileEncoding = 4; lastKnownFileType = sourcecode.c.objc; name = IMYInterpreterVideoCallViewController.m; path = "UI/Call View Controller/IMYInterpreterVideoCallViewController.m"; sourceTree = "<group>"; };
		BF87F16315DE456B004C5437 /* IMYRegisterViewController.m */ = {isa = PBXFileReference; fileEncoding = 4; lastKnownFileType = sourcecode.c.objc; name = IMYRegisterViewController.m; path = "UI/Login and Register/IMYRegisterViewController.m"; sourceTree = "<group>"; };
		BF87F16415DE456B004C5437 /* IMYRegisterViewController.h */ = {isa = PBXFileReference; fileEncoding = 4; lastKnownFileType = sourcecode.c.h; name = IMYRegisterViewController.h; path = "UI/Login and Register/IMYRegisterViewController.h"; sourceTree = "<group>"; };
		BF87F16615DE45EC004C5437 /* IMYLoginViewController.m */ = {isa = PBXFileReference; fileEncoding = 4; lastKnownFileType = sourcecode.c.objc; name = IMYLoginViewController.m; path = "UI/Login and Register/IMYLoginViewController.m"; sourceTree = "<group>"; };
		BF87F16715DE45EC004C5437 /* IMYLoginViewController.h */ = {isa = PBXFileReference; fileEncoding = 4; lastKnownFileType = sourcecode.c.h; name = IMYLoginViewController.h; path = "UI/Login and Register/IMYLoginViewController.h"; sourceTree = "<group>"; };
		BF87F16B15DE46D0004C5437 /* ASIAuthenticationDialog.h */ = {isa = PBXFileReference; fileEncoding = 4; lastKnownFileType = sourcecode.c.h; path = ASIAuthenticationDialog.h; sourceTree = "<group>"; };
		BF87F16C15DE46D0004C5437 /* ASIAuthenticationDialog.m */ = {isa = PBXFileReference; fileEncoding = 4; lastKnownFileType = sourcecode.c.objc; path = ASIAuthenticationDialog.m; sourceTree = "<group>"; };
		BF87F16D15DE46D0004C5437 /* ASICacheDelegate.h */ = {isa = PBXFileReference; fileEncoding = 4; lastKnownFileType = sourcecode.c.h; path = ASICacheDelegate.h; sourceTree = "<group>"; };
		BF87F16E15DE46D0004C5437 /* ASIDataCompressor.h */ = {isa = PBXFileReference; fileEncoding = 4; lastKnownFileType = sourcecode.c.h; path = ASIDataCompressor.h; sourceTree = "<group>"; };
		BF87F16F15DE46D0004C5437 /* ASIDataCompressor.m */ = {isa = PBXFileReference; fileEncoding = 4; lastKnownFileType = sourcecode.c.objc; path = ASIDataCompressor.m; sourceTree = "<group>"; };
		BF87F17015DE46D0004C5437 /* ASIDataDecompressor.h */ = {isa = PBXFileReference; fileEncoding = 4; lastKnownFileType = sourcecode.c.h; path = ASIDataDecompressor.h; sourceTree = "<group>"; };
		BF87F17115DE46D0004C5437 /* ASIDataDecompressor.m */ = {isa = PBXFileReference; fileEncoding = 4; lastKnownFileType = sourcecode.c.objc; path = ASIDataDecompressor.m; sourceTree = "<group>"; };
		BF87F17215DE46D0004C5437 /* ASIDownloadCache.h */ = {isa = PBXFileReference; fileEncoding = 4; lastKnownFileType = sourcecode.c.h; path = ASIDownloadCache.h; sourceTree = "<group>"; };
		BF87F17315DE46D0004C5437 /* ASIDownloadCache.m */ = {isa = PBXFileReference; fileEncoding = 4; lastKnownFileType = sourcecode.c.objc; path = ASIDownloadCache.m; sourceTree = "<group>"; };
		BF87F17415DE46D0004C5437 /* ASIFormDataRequest.h */ = {isa = PBXFileReference; fileEncoding = 4; lastKnownFileType = sourcecode.c.h; path = ASIFormDataRequest.h; sourceTree = "<group>"; };
		BF87F17515DE46D0004C5437 /* ASIFormDataRequest.m */ = {isa = PBXFileReference; fileEncoding = 4; lastKnownFileType = sourcecode.c.objc; path = ASIFormDataRequest.m; sourceTree = "<group>"; };
		BF87F17615DE46D0004C5437 /* ASIHTTPRequest.h */ = {isa = PBXFileReference; fileEncoding = 4; lastKnownFileType = sourcecode.c.h; path = ASIHTTPRequest.h; sourceTree = "<group>"; };
		BF87F17715DE46D0004C5437 /* ASIHTTPRequest.m */ = {isa = PBXFileReference; fileEncoding = 4; lastKnownFileType = sourcecode.c.objc; path = ASIHTTPRequest.m; sourceTree = "<group>"; };
		BF87F17815DE46D0004C5437 /* ASIHTTPRequestConfig.h */ = {isa = PBXFileReference; fileEncoding = 4; lastKnownFileType = sourcecode.c.h; path = ASIHTTPRequestConfig.h; sourceTree = "<group>"; };
		BF87F17915DE46D0004C5437 /* ASIHTTPRequestDelegate.h */ = {isa = PBXFileReference; fileEncoding = 4; lastKnownFileType = sourcecode.c.h; path = ASIHTTPRequestDelegate.h; sourceTree = "<group>"; };
		BF87F17A15DE46D0004C5437 /* ASIInputStream.h */ = {isa = PBXFileReference; fileEncoding = 4; lastKnownFileType = sourcecode.c.h; path = ASIInputStream.h; sourceTree = "<group>"; };
		BF87F17B15DE46D0004C5437 /* ASIInputStream.m */ = {isa = PBXFileReference; fileEncoding = 4; lastKnownFileType = sourcecode.c.objc; path = ASIInputStream.m; sourceTree = "<group>"; };
		BF87F17C15DE46D0004C5437 /* ASINetworkQueue.h */ = {isa = PBXFileReference; fileEncoding = 4; lastKnownFileType = sourcecode.c.h; path = ASINetworkQueue.h; sourceTree = "<group>"; };
		BF87F17D15DE46D0004C5437 /* ASINetworkQueue.m */ = {isa = PBXFileReference; fileEncoding = 4; lastKnownFileType = sourcecode.c.objc; path = ASINetworkQueue.m; sourceTree = "<group>"; };
		BF87F17E15DE46D0004C5437 /* ASIProgressDelegate.h */ = {isa = PBXFileReference; fileEncoding = 4; lastKnownFileType = sourcecode.c.h; path = ASIProgressDelegate.h; sourceTree = "<group>"; };
		BF87F17F15DE46D0004C5437 /* Reachability.h */ = {isa = PBXFileReference; fileEncoding = 4; lastKnownFileType = sourcecode.c.h; path = Reachability.h; sourceTree = "<group>"; };
		BF87F18015DE46D0004C5437 /* Reachability.m */ = {isa = PBXFileReference; fileEncoding = 4; lastKnownFileType = sourcecode.c.objc; path = Reachability.m; sourceTree = "<group>"; };
		BF87F18215DE46D0004C5437 /* MBProgressHUD.h */ = {isa = PBXFileReference; fileEncoding = 4; lastKnownFileType = sourcecode.c.h; path = MBProgressHUD.h; sourceTree = "<group>"; };
		BF87F18315DE46D0004C5437 /* MBProgressHUD.m */ = {isa = PBXFileReference; fileEncoding = 4; lastKnownFileType = sourcecode.c.objc; path = MBProgressHUD.m; sourceTree = "<group>"; };
		BF87F18515DE46D0004C5437 /* ACKNOWLEDGEMENTS.txt */ = {isa = PBXFileReference; fileEncoding = 4; lastKnownFileType = text; path = ACKNOWLEDGEMENTS.txt; sourceTree = "<group>"; };
		BF87F18915DE46D0004C5437 /* OTConnection.html */ = {isa = PBXFileReference; fileEncoding = 4; lastKnownFileType = text.html; path = OTConnection.html; sourceTree = "<group>"; };
		BF87F18A15DE46D0004C5437 /* OTError.html */ = {isa = PBXFileReference; fileEncoding = 4; lastKnownFileType = text.html; path = OTError.html; sourceTree = "<group>"; };
		BF87F18B15DE46D0004C5437 /* OTPublisher.html */ = {isa = PBXFileReference; fileEncoding = 4; lastKnownFileType = text.html; path = OTPublisher.html; sourceTree = "<group>"; };
		BF87F18C15DE46D0004C5437 /* OTSession.html */ = {isa = PBXFileReference; fileEncoding = 4; lastKnownFileType = text.html; path = OTSession.html; sourceTree = "<group>"; };
		BF87F18D15DE46D0004C5437 /* OTStream.html */ = {isa = PBXFileReference; fileEncoding = 4; lastKnownFileType = text.html; path = OTStream.html; sourceTree = "<group>"; };
		BF87F18E15DE46D0004C5437 /* OTSubscriber.html */ = {isa = PBXFileReference; fileEncoding = 4; lastKnownFileType = text.html; path = OTSubscriber.html; sourceTree = "<group>"; };
		BF87F19015DE46D0004C5437 /* styles.css */ = {isa = PBXFileReference; fileEncoding = 4; lastKnownFileType = text.css; path = styles.css; sourceTree = "<group>"; };
		BF87F19115DE46D0004C5437 /* stylesPrint.css */ = {isa = PBXFileReference; fileEncoding = 4; lastKnownFileType = text.css; path = stylesPrint.css; sourceTree = "<group>"; };
		BF87F19315DE46D0004C5437 /* BasicSample-README.html */ = {isa = PBXFileReference; fileEncoding = 4; lastKnownFileType = text.html; path = "BasicSample-README.html"; sourceTree = "<group>"; };
		BF87F19415DE46D0004C5437 /* HelloWorld-README.html */ = {isa = PBXFileReference; fileEncoding = 4; lastKnownFileType = text.html; path = "HelloWorld-README.html"; sourceTree = "<group>"; };
		BF87F19515DE46D0004C5437 /* Using_iOS.html */ = {isa = PBXFileReference; fileEncoding = 4; lastKnownFileType = text.html; path = Using_iOS.html; sourceTree = "<group>"; };
		BF87F19615DE46D0004C5437 /* hierarchy.html */ = {isa = PBXFileReference; fileEncoding = 4; lastKnownFileType = text.html; path = hierarchy.html; sourceTree = "<group>"; };
		BF87F19715DE46D0004C5437 /* index.html */ = {isa = PBXFileReference; fileEncoding = 4; lastKnownFileType = text.html; path = index.html; sourceTree = "<group>"; };
		BF87F19915DE46D0004C5437 /* OTPublisherDelegate.html */ = {isa = PBXFileReference; fileEncoding = 4; lastKnownFileType = text.html; path = OTPublisherDelegate.html; sourceTree = "<group>"; };
		BF87F19A15DE46D0004C5437 /* OTSessionDelegate.html */ = {isa = PBXFileReference; fileEncoding = 4; lastKnownFileType = text.html; path = OTSessionDelegate.html; sourceTree = "<group>"; };
		BF87F19B15DE46D0004C5437 /* OTSubscriberDelegate.html */ = {isa = PBXFileReference; fileEncoding = 4; lastKnownFileType = text.html; path = OTSubscriberDelegate.html; sourceTree = "<group>"; };
		BF87F19D15DE46D0004C5437 /* index.md */ = {isa = PBXFileReference; fileEncoding = 4; lastKnownFileType = text; path = index.md; sourceTree = "<group>"; };
		BF87F19E15DE46D0004C5437 /* Using_iOS-template.md */ = {isa = PBXFileReference; fileEncoding = 4; lastKnownFileType = text; path = "Using_iOS-template.md"; sourceTree = "<group>"; };
		BF87F19F15DE46D0004C5437 /* LICENSE.txt */ = {isa = PBXFileReference; fileEncoding = 4; lastKnownFileType = text; path = LICENSE.txt; sourceTree = "<group>"; };
		BF87F1A015DE46D0004C5437 /* Opentok.framework */ = {isa = PBXFileReference; lastKnownFileType = wrapper.framework; path = Opentok.framework; sourceTree = "<group>"; };
		BF87F1A115DE46D0004C5437 /* README.md */ = {isa = PBXFileReference; fileEncoding = 4; lastKnownFileType = text; path = README.md; sourceTree = "<group>"; };
		BF87F1A315DE46D0004C5437 /* MKAnnotationView+WebCache.h */ = {isa = PBXFileReference; fileEncoding = 4; lastKnownFileType = sourcecode.c.h; path = "MKAnnotationView+WebCache.h"; sourceTree = "<group>"; };
		BF87F1A415DE46D0004C5437 /* MKAnnotationView+WebCache.m */ = {isa = PBXFileReference; fileEncoding = 4; lastKnownFileType = sourcecode.c.objc; path = "MKAnnotationView+WebCache.m"; sourceTree = "<group>"; };
		BF87F1A515DE46D0004C5437 /* SDImageCache.h */ = {isa = PBXFileReference; fileEncoding = 4; lastKnownFileType = sourcecode.c.h; path = SDImageCache.h; sourceTree = "<group>"; };
		BF87F1A615DE46D0004C5437 /* SDImageCache.m */ = {isa = PBXFileReference; fileEncoding = 4; lastKnownFileType = sourcecode.c.objc; path = SDImageCache.m; sourceTree = "<group>"; };
		BF87F1A715DE46D0004C5437 /* SDImageCacheDelegate.h */ = {isa = PBXFileReference; fileEncoding = 4; lastKnownFileType = sourcecode.c.h; path = SDImageCacheDelegate.h; sourceTree = "<group>"; };
		BF87F1A815DE46D0004C5437 /* SDWebImageCompat.h */ = {isa = PBXFileReference; fileEncoding = 4; lastKnownFileType = sourcecode.c.h; path = SDWebImageCompat.h; sourceTree = "<group>"; };
		BF87F1A915DE46D0004C5437 /* SDWebImageDecoder.h */ = {isa = PBXFileReference; fileEncoding = 4; lastKnownFileType = sourcecode.c.h; path = SDWebImageDecoder.h; sourceTree = "<group>"; };
		BF87F1AA15DE46D0004C5437 /* SDWebImageDecoder.m */ = {isa = PBXFileReference; fileEncoding = 4; lastKnownFileType = sourcecode.c.objc; path = SDWebImageDecoder.m; sourceTree = "<group>"; };
		BF87F1AB15DE46D0004C5437 /* SDWebImageDownloader.h */ = {isa = PBXFileReference; fileEncoding = 4; lastKnownFileType = sourcecode.c.h; path = SDWebImageDownloader.h; sourceTree = "<group>"; };
		BF87F1AC15DE46D0004C5437 /* SDWebImageDownloader.m */ = {isa = PBXFileReference; fileEncoding = 4; lastKnownFileType = sourcecode.c.objc; path = SDWebImageDownloader.m; sourceTree = "<group>"; };
		BF87F1AD15DE46D0004C5437 /* SDWebImageDownloaderDelegate.h */ = {isa = PBXFileReference; fileEncoding = 4; lastKnownFileType = sourcecode.c.h; path = SDWebImageDownloaderDelegate.h; sourceTree = "<group>"; };
		BF87F1AE15DE46D0004C5437 /* SDWebImageManager.h */ = {isa = PBXFileReference; fileEncoding = 4; lastKnownFileType = sourcecode.c.h; path = SDWebImageManager.h; sourceTree = "<group>"; };
		BF87F1AF15DE46D0004C5437 /* SDWebImageManager.m */ = {isa = PBXFileReference; fileEncoding = 4; lastKnownFileType = sourcecode.c.objc; path = SDWebImageManager.m; sourceTree = "<group>"; };
		BF87F1B015DE46D0004C5437 /* SDWebImageManagerDelegate.h */ = {isa = PBXFileReference; fileEncoding = 4; lastKnownFileType = sourcecode.c.h; path = SDWebImageManagerDelegate.h; sourceTree = "<group>"; };
		BF87F1B115DE46D0004C5437 /* SDWebImagePrefetcher.h */ = {isa = PBXFileReference; fileEncoding = 4; lastKnownFileType = sourcecode.c.h; path = SDWebImagePrefetcher.h; sourceTree = "<group>"; };
		BF87F1B215DE46D0004C5437 /* SDWebImagePrefetcher.m */ = {isa = PBXFileReference; fileEncoding = 4; lastKnownFileType = sourcecode.c.objc; path = SDWebImagePrefetcher.m; sourceTree = "<group>"; };
		BF87F1B315DE46D0004C5437 /* UIButton+WebCache.h */ = {isa = PBXFileReference; fileEncoding = 4; lastKnownFileType = sourcecode.c.h; path = "UIButton+WebCache.h"; sourceTree = "<group>"; };
		BF87F1B415DE46D0004C5437 /* UIButton+WebCache.m */ = {isa = PBXFileReference; fileEncoding = 4; lastKnownFileType = sourcecode.c.objc; path = "UIButton+WebCache.m"; sourceTree = "<group>"; };
		BF87F1B515DE46D0004C5437 /* UIImageView+WebCache.h */ = {isa = PBXFileReference; fileEncoding = 4; lastKnownFileType = sourcecode.c.h; path = "UIImageView+WebCache.h"; sourceTree = "<group>"; };
		BF87F1B615DE46D0004C5437 /* UIImageView+WebCache.m */ = {isa = PBXFileReference; fileEncoding = 4; lastKnownFileType = sourcecode.c.objc; path = "UIImageView+WebCache.m"; sourceTree = "<group>"; };
		BF87F1B815DE46D0004C5437 /* SFHFKeychainUtils.h */ = {isa = PBXFileReference; fileEncoding = 4; lastKnownFileType = sourcecode.c.h; path = SFHFKeychainUtils.h; sourceTree = "<group>"; };
		BF87F1B915DE46D0004C5437 /* SFHFKeychainUtils.m */ = {isa = PBXFileReference; fileEncoding = 4; lastKnownFileType = sourcecode.c.objc; path = SFHFKeychainUtils.m; sourceTree = "<group>"; };
		BF8D4F1C15BE893E00161E3C /* ImageIO.framework */ = {isa = PBXFileReference; lastKnownFileType = wrapper.framework; name = ImageIO.framework; path = System/Library/Frameworks/ImageIO.framework; sourceTree = SDKROOT; };
		BF8D4F1E15BE895300161E3C /* MapKit.framework */ = {isa = PBXFileReference; lastKnownFileType = wrapper.framework; name = MapKit.framework; path = System/Library/Frameworks/MapKit.framework; sourceTree = SDKROOT; };
		BF8D4F2115BE8FB000161E3C /* icon.jpeg */ = {isa = PBXFileReference; lastKnownFileType = image.jpeg; path = icon.jpeg; sourceTree = "<group>"; };
		BF8D4F2215BE8FB000161E3C /* icon1.jpeg */ = {isa = PBXFileReference; lastKnownFileType = image.jpeg; path = icon1.jpeg; sourceTree = "<group>"; };
		BF8D4F2315BE8FB000161E3C /* login.png */ = {isa = PBXFileReference; lastKnownFileType = image.png; path = login.png; sourceTree = "<group>"; };
		BF8D4F2715BE953700161E3C /* IMYMuyunViewController.h */ = {isa = PBXFileReference; fileEncoding = 4; lastKnownFileType = sourcecode.c.h; name = IMYMuyunViewController.h; path = UI/Contacts/IMYMuyunViewController.h; sourceTree = "<group>"; };
		BF8D4F2815BE953700161E3C /* IMYMuyunViewController.m */ = {isa = PBXFileReference; fileEncoding = 4; lastKnownFileType = sourcecode.c.objc; name = IMYMuyunViewController.m; path = UI/Contacts/IMYMuyunViewController.m; sourceTree = "<group>"; };
		BF8D4F2A15BE9BB900161E3C /* icon.png */ = {isa = PBXFileReference; lastKnownFileType = image.png; path = icon.png; sourceTree = "<group>"; };
		BF8F7E1715C634BC0005D9F9 /* background.png */ = {isa = PBXFileReference; lastKnownFileType = image.png; path = background.png; sourceTree = "<group>"; };
		BF8F7E2215C669280005D9F9 /* next.png */ = {isa = PBXFileReference; lastKnownFileType = image.png; path = next.png; sourceTree = "<group>"; };
		BFA9D02515B30A0400D1083F /* AddressBook.framework */ = {isa = PBXFileReference; lastKnownFileType = wrapper.framework; name = AddressBook.framework; path = System/Library/Frameworks/AddressBook.framework; sourceTree = SDKROOT; };
		BFA9D02715B30A0900D1083F /* AddressBookUI.framework */ = {isa = PBXFileReference; lastKnownFileType = wrapper.framework; name = AddressBookUI.framework; path = System/Library/Frameworks/AddressBookUI.framework; sourceTree = SDKROOT; };
		BFABD98715BFBB8E0096C911 /* callIn.png */ = {isa = PBXFileReference; lastKnownFileType = image.png; path = callIn.png; sourceTree = "<group>"; };
		BFABD98815BFBB8E0096C911 /* callOut.png */ = {isa = PBXFileReference; lastKnownFileType = image.png; path = callOut.png; sourceTree = "<group>"; };
		BFABD98915BFBB8E0096C911 /* icon.png */ = {isa = PBXFileReference; lastKnownFileType = image.png; path = icon.png; sourceTree = "<group>"; };
		BFABD98A15BFBB8E0096C911 /* missed.png */ = {isa = PBXFileReference; lastKnownFileType = image.png; path = missed.png; sourceTree = "<group>"; };
		BFABD98B15BFBB8E0096C911 /* phone.png */ = {isa = PBXFileReference; lastKnownFileType = image.png; path = phone.png; sourceTree = "<group>"; };
		BFABD98C15BFBB8E0096C911 /* video.png */ = {isa = PBXFileReference; lastKnownFileType = image.png; path = video.png; sourceTree = "<group>"; };
		BFABD99415BFBC240096C911 /* IMYRecordCell.h */ = {isa = PBXFileReference; fileEncoding = 4; lastKnownFileType = sourcecode.c.h; name = IMYRecordCell.h; path = UI/Recents/IMYRecordCell.h; sourceTree = "<group>"; };
		BFABD99515BFBC240096C911 /* IMYRecordCell.m */ = {isa = PBXFileReference; fileEncoding = 4; lastKnownFileType = sourcecode.c.objc; name = IMYRecordCell.m; path = UI/Recents/IMYRecordCell.m; sourceTree = "<group>"; };
		BFABD99815BFBC7E0096C911 /* IMYSettingViewController.h */ = {isa = PBXFileReference; fileEncoding = 4; lastKnownFileType = sourcecode.c.h; name = IMYSettingViewController.h; path = UI/Setting/IMYSettingViewController.h; sourceTree = "<group>"; };
		BFABD99915BFBC7E0096C911 /* IMYSettingViewController.m */ = {isa = PBXFileReference; fileEncoding = 4; lastKnownFileType = sourcecode.c.objc; name = IMYSettingViewController.m; path = UI/Setting/IMYSettingViewController.m; sourceTree = "<group>"; };
		BFABD99B15BFBC860096C911 /* IMYRecentsViewController.h */ = {isa = PBXFileReference; fileEncoding = 4; lastKnownFileType = sourcecode.c.h; name = IMYRecentsViewController.h; path = UI/Recents/IMYRecentsViewController.h; sourceTree = "<group>"; };
		BFABD99C15BFBC860096C911 /* IMYRecentsViewController.m */ = {isa = PBXFileReference; fileEncoding = 4; lastKnownFileType = sourcecode.c.objc; name = IMYRecentsViewController.m; path = UI/Recents/IMYRecentsViewController.m; sourceTree = "<group>"; };
		BFABD99E15BFD5180096C911 /* green1.png */ = {isa = PBXFileReference; lastKnownFileType = image.png; path = green1.png; sourceTree = "<group>"; };
		BFABD9A015BFD6600096C911 /* green2.png */ = {isa = PBXFileReference; lastKnownFileType = image.png; path = green2.png; sourceTree = "<group>"; };
		BFABD9A115BFD6600096C911 /* red1.png */ = {isa = PBXFileReference; lastKnownFileType = image.png; path = red1.png; sourceTree = "<group>"; };
		BFABD9A215BFD6600096C911 /* blue2.png */ = {isa = PBXFileReference; lastKnownFileType = image.png; path = blue2.png; sourceTree = "<group>"; };
		BFC8933D15B8ED530095F8BA /* IMYVideoCallViewController.h */ = {isa = PBXFileReference; fileEncoding = 4; lastKnownFileType = sourcecode.c.h; name = IMYVideoCallViewController.h; path = "UI/Call View Controller/IMYVideoCallViewController.h"; sourceTree = "<group>"; };
		BFC8933E15B8ED530095F8BA /* IMYVideoCallViewController.m */ = {isa = PBXFileReference; fileEncoding = 4; lastKnownFileType = sourcecode.c.objc; name = IMYVideoCallViewController.m; path = "UI/Call View Controller/IMYVideoCallViewController.m"; sourceTree = "<group>"; };
		BFC893BD15B8F0630095F8BA /* CoreTelephony.framework */ = {isa = PBXFileReference; lastKnownFileType = wrapper.framework; name = CoreTelephony.framework; path = System/Library/Frameworks/CoreTelephony.framework; sourceTree = SDKROOT; };
		BFC893BE15B8F0630095F8BA /* MobileCoreServices.framework */ = {isa = PBXFileReference; lastKnownFileType = wrapper.framework; name = MobileCoreServices.framework; path = System/Library/Frameworks/MobileCoreServices.framework; sourceTree = SDKROOT; };
		BFC893BF15B8F0630095F8BA /* CFNetwork.framework */ = {isa = PBXFileReference; lastKnownFileType = wrapper.framework; name = CFNetwork.framework; path = System/Library/Frameworks/CFNetwork.framework; sourceTree = SDKROOT; };
		BFC893C015B8F0630095F8BA /* SystemConfiguration.framework */ = {isa = PBXFileReference; lastKnownFileType = wrapper.framework; name = SystemConfiguration.framework; path = System/Library/Frameworks/SystemConfiguration.framework; sourceTree = SDKROOT; };
		BFC893C115B8F0630095F8BA /* CoreMedia.framework */ = {isa = PBXFileReference; lastKnownFileType = wrapper.framework; name = CoreMedia.framework; path = System/Library/Frameworks/CoreMedia.framework; sourceTree = SDKROOT; };
		BFC893C215B8F0630095F8BA /* Security.framework */ = {isa = PBXFileReference; lastKnownFileType = wrapper.framework; name = Security.framework; path = System/Library/Frameworks/Security.framework; sourceTree = SDKROOT; };
		BFC893C315B8F0630095F8BA /* AudioToolbox.framework */ = {isa = PBXFileReference; lastKnownFileType = wrapper.framework; name = AudioToolbox.framework; path = System/Library/Frameworks/AudioToolbox.framework; sourceTree = SDKROOT; };
		BFC893C415B8F0630095F8BA /* CoreAudio.framework */ = {isa = PBXFileReference; lastKnownFileType = wrapper.framework; name = CoreAudio.framework; path = System/Library/Frameworks/CoreAudio.framework; sourceTree = SDKROOT; };
		BFC893C515B8F0630095F8BA /* CoreVideo.framework */ = {isa = PBXFileReference; lastKnownFileType = wrapper.framework; name = CoreVideo.framework; path = System/Library/Frameworks/CoreVideo.framework; sourceTree = SDKROOT; };
		BFC893C615B8F0630095F8BA /* OpenGLES.framework */ = {isa = PBXFileReference; lastKnownFileType = wrapper.framework; name = OpenGLES.framework; path = System/Library/Frameworks/OpenGLES.framework; sourceTree = SDKROOT; };
		BFC893C715B8F0630095F8BA /* libz.dylib */ = {isa = PBXFileReference; lastKnownFileType = "compiled.mach-o.dylib"; name = libz.dylib; path = usr/lib/libz.dylib; sourceTree = SDKROOT; };
		BFC893C815B8F0630095F8BA /* libstdc++.dylib */ = {isa = PBXFileReference; lastKnownFileType = "compiled.mach-o.dylib"; name = "libstdc++.dylib"; path = "usr/lib/libstdc++.dylib"; sourceTree = SDKROOT; };
		BFC893C915B8F0630095F8BA /* QuartzCore.framework */ = {isa = PBXFileReference; lastKnownFileType = wrapper.framework; name = QuartzCore.framework; path = System/Library/Frameworks/QuartzCore.framework; sourceTree = SDKROOT; };
		BFC893CA15B8F0630095F8BA /* AVFoundation.framework */ = {isa = PBXFileReference; lastKnownFileType = wrapper.framework; name = AVFoundation.framework; path = System/Library/Frameworks/AVFoundation.framework; sourceTree = SDKROOT; };
		BFC893CC15B8F0630095F8BA /* Foundation.framework */ = {isa = PBXFileReference; lastKnownFileType = wrapper.framework; name = Foundation.framework; path = System/Library/Frameworks/Foundation.framework; sourceTree = SDKROOT; };
		BFC893CD15B8F0630095F8BA /* CoreGraphics.framework */ = {isa = PBXFileReference; lastKnownFileType = wrapper.framework; name = CoreGraphics.framework; path = System/Library/Frameworks/CoreGraphics.framework; sourceTree = SDKROOT; };
		BFD9DC0315B322F30008A6D8 /* MessageUI.framework */ = {isa = PBXFileReference; lastKnownFileType = wrapper.framework; name = MessageUI.framework; path = System/Library/Frameworks/MessageUI.framework; sourceTree = SDKROOT; };
		BFDD054C15BA609E005B30E4 /* IMYContactDetailViewController.h */ = {isa = PBXFileReference; fileEncoding = 4; lastKnownFileType = sourcecode.c.h; name = IMYContactDetailViewController.h; path = UI/Contacts/IMYContactDetailViewController.h; sourceTree = "<group>"; };
		BFDD054D15BA609E005B30E4 /* IMYContactDetailViewController.m */ = {isa = PBXFileReference; fileEncoding = 4; lastKnownFileType = sourcecode.c.objc; name = IMYContactDetailViewController.m; path = UI/Contacts/IMYContactDetailViewController.m; sourceTree = "<group>"; };
		BFDD055015BA6109005B30E4 /* IMYContactCell.h */ = {isa = PBXFileReference; fileEncoding = 4; lastKnownFileType = sourcecode.c.h; name = IMYContactCell.h; path = UI/Contacts/IMYContactCell.h; sourceTree = "<group>"; };
		BFDD055115BA6109005B30E4 /* IMYContactCell.m */ = {isa = PBXFileReference; fileEncoding = 4; lastKnownFileType = sourcecode.c.objc; name = IMYContactCell.m; path = UI/Contacts/IMYContactCell.m; sourceTree = "<group>"; };
		BFDD055215BA6109005B30E4 /* IMYContactsViewController.h */ = {isa = PBXFileReference; fileEncoding = 4; lastKnownFileType = sourcecode.c.h; name = IMYContactsViewController.h; path = UI/Contacts/IMYContactsViewController.h; sourceTree = "<group>"; };
		BFDD055315BA6109005B30E4 /* IMYContactsViewController.m */ = {isa = PBXFileReference; fileEncoding = 4; lastKnownFileType = sourcecode.c.objc; name = IMYContactsViewController.m; path = UI/Contacts/IMYContactsViewController.m; sourceTree = "<group>"; };
		BFDD055615BA64E0005B30E4 /* IMYDataManager.h */ = {isa = PBXFileReference; fileEncoding = 4; lastKnownFileType = sourcecode.c.h; name = IMYDataManager.h; path = "Muyun iOS SDK/IMYDataManager.h"; sourceTree = "<group>"; };
		BFDD055715BA64E0005B30E4 /* IMYDataManager.m */ = {isa = PBXFileReference; fileEncoding = 4; lastKnownFileType = sourcecode.c.objc; name = IMYDataManager.m; path = "Muyun iOS SDK/IMYDataManager.m"; sourceTree = "<group>"; };
		BFE65E7615D78B1100355C07 /* IMYProfileViewController.h */ = {isa = PBXFileReference; fileEncoding = 4; lastKnownFileType = sourcecode.c.h; name = IMYProfileViewController.h; path = UI/Setting/IMYProfileViewController.h; sourceTree = "<group>"; };
		BFE65E7715D78B1100355C07 /* IMYProfileViewController.m */ = {isa = PBXFileReference; fileEncoding = 4; lastKnownFileType = sourcecode.c.objc; name = IMYProfileViewController.m; path = UI/Setting/IMYProfileViewController.m; sourceTree = "<group>"; };
		BFE65E8215D81A2A00355C07 /* navi_bg.png */ = {isa = PBXFileReference; lastKnownFileType = image.png; path = navi_bg.png; sourceTree = "<group>"; };
		BFE7D2AA15CD1EBB0045BA53 /* blackHeart.png */ = {isa = PBXFileReference; lastKnownFileType = image.png; path = blackHeart.png; sourceTree = "<group>"; };
		BFE7D2AB15CD1EBB0045BA53 /* whiteHeart.png */ = {isa = PBXFileReference; lastKnownFileType = image.png; path = whiteHeart.png; sourceTree = "<group>"; };
/* End PBXFileReference section */

/* Begin PBXFrameworksBuildPhase section */
		BF25D1FF15B2AAEE00411924 /* Frameworks */ = {
			isa = PBXFrameworksBuildPhase;
			buildActionMask = 2147483647;
			files = (
				BFC893D415B8F0630095F8BA /* Security.framework in Frameworks */,
				BF8D4F1F15BE895400161E3C /* MapKit.framework in Frameworks */,
				BF8D4F1D15BE893E00161E3C /* ImageIO.framework in Frameworks */,
				BFA9A82D15C6EE0200E4D43E /* CoreGraphics.framework in Frameworks */,
				BFD9DC0415B322F30008A6D8 /* MessageUI.framework in Frameworks */,
				BFA9D02815B30A0900D1083F /* AddressBookUI.framework in Frameworks */,
				BFA9D02615B30A0400D1083F /* AddressBook.framework in Frameworks */,
				BF25D20715B2AAEE00411924 /* UIKit.framework in Frameworks */,
				BF25D20915B2AAEE00411924 /* Foundation.framework in Frameworks */,
				BFC893CF15B8F0630095F8BA /* CoreTelephony.framework in Frameworks */,
				BFC893D015B8F0630095F8BA /* MobileCoreServices.framework in Frameworks */,
				BFC893D115B8F0630095F8BA /* CFNetwork.framework in Frameworks */,
				BFC893D215B8F0630095F8BA /* SystemConfiguration.framework in Frameworks */,
				BFC893D315B8F0630095F8BA /* CoreMedia.framework in Frameworks */,
				BFC893D515B8F0630095F8BA /* AudioToolbox.framework in Frameworks */,
				BFC893D615B8F0630095F8BA /* CoreAudio.framework in Frameworks */,
				BFC893D715B8F0630095F8BA /* CoreVideo.framework in Frameworks */,
				BFC893D815B8F0630095F8BA /* OpenGLES.framework in Frameworks */,
				BFC893D915B8F0630095F8BA /* libz.dylib in Frameworks */,
				BFC893DA15B8F0630095F8BA /* libstdc++.dylib in Frameworks */,
				BFC893DB15B8F0630095F8BA /* QuartzCore.framework in Frameworks */,
				BFC893DC15B8F0630095F8BA /* AVFoundation.framework in Frameworks */,
				BF87F1D815DE46D0004C5437 /* Opentok.framework in Frameworks */,
			);
			runOnlyForDeploymentPostprocessing = 0;
		};
/* End PBXFrameworksBuildPhase section */

/* Begin PBXGroup section */
		BF0F644815D966AC00E49CDA /* Images */ = {
			isa = PBXGroup;
			children = (
				BF0F644915D966AC00E49CDA /* attribution.txt */,
				BF0F644A15D966AC00E49CDA /* bg_sand.png */,
				BF0F644B15D966AC00E49CDA /* button_back_textured_24.png */,
				BF0F644C15D966AC00E49CDA /* button_back_textured_30.png */,
				BF0F644D15D966AC00E49CDA /* button_textured_24.png */,
				BF0F644E15D966AC00E49CDA /* button_textured_30.png */,
				BF0F644F15D966AC00E49CDA /* segcontrol_sel-uns.png */,
				BF0F645015D966AC00E49CDA /* segcontrol_sel.png */,
				BF0F645115D966AC00E49CDA /* segcontrol_uns-sel.png */,
				BF0F645215D966AC00E49CDA /* segcontrol_uns-uns.png */,
				BF0F645315D966AC00E49CDA /* segcontrol_uns.png */,
				BF0F645415D966AC00E49CDA /* slider_maximum.png */,
				BF0F645515D966AC00E49CDA /* slider_minimum.png */,
				BF0F645615D966AC00E49CDA /* surf1.png */,
				BF0F645715D966AC00E49CDA /* surf2.png */,
				BF0F645815D966AC00E49CDA /* surf3.png */,
				BF0F645915D966AC00E49CDA /* surf_gradient_textured_32.png */,
				BF0F645A15D966AC00E49CDA /* surf_gradient_textured_44.png */,
				BF0F645B15D966AC00E49CDA /* tab_bg.png */,
				BF0F645C15D966AC00E49CDA /* tab_select_indicator.png */,
				BF0F645D15D966AC00E49CDA /* table_cell_bottom.png */,
				BF0F645E15D966AC00E49CDA /* table_cell_bottom_sel.png */,
				BF0F645F15D966AC00E49CDA /* table_cell_mid.png */,
				BF0F646015D966AC00E49CDA /* table_cell_mid_sel.png */,
				BF0F646115D966AC00E49CDA /* table_cell_single.png */,
				BF0F646215D966AC00E49CDA /* table_cell_single_sel.png */,
				BF0F646315D966AC00E49CDA /* table_cell_top.png */,
				BF0F646415D966AC00E49CDA /* table_cell_top_sel.png */,
				BF0F646515D966AC00E49CDA /* text_field_teal.png */,
				BF0F646615D966AC00E49CDA /* thumb.png */,
				BF0F646715D966AC00E49CDA /* title.png */,
			);
			path = Images;
			sourceTree = "<group>";
		};
		BF25D1F715B2AAEE00411924 = {
			isa = PBXGroup;
			children = (
				BF8D4F2A15BE9BB900161E3C /* icon.png */,
				BF87F16915DE46D0004C5437 /* Third Party Libraries */,
				BF25D20C15B2AAEE00411924 /* iMuyun */,
				BF25D20515B2AAEE00411924 /* Frameworks */,
				BF25D20315B2AAEE00411924 /* Products */,
			);
			sourceTree = "<group>";
		};
		BF25D20315B2AAEE00411924 /* Products */ = {
			isa = PBXGroup;
			children = (
				BF25D20215B2AAEE00411924 /* iMuyun.app */,
			);
			name = Products;
			sourceTree = "<group>";
		};
		BF25D20515B2AAEE00411924 /* Frameworks */ = {
			isa = PBXGroup;
			children = (
				BF8D4F1E15BE895300161E3C /* MapKit.framework */,
				BF8D4F1C15BE893E00161E3C /* ImageIO.framework */,
				BFA9D02515B30A0400D1083F /* AddressBook.framework */,
				BFA9D02715B30A0900D1083F /* AddressBookUI.framework */,
				BFC893C315B8F0630095F8BA /* AudioToolbox.framework */,
				BFC893CA15B8F0630095F8BA /* AVFoundation.framework */,
				BFC893BF15B8F0630095F8BA /* CFNetwork.framework */,
				BFC893C415B8F0630095F8BA /* CoreAudio.framework */,
				BFC893CD15B8F0630095F8BA /* CoreGraphics.framework */,
				BFC893C115B8F0630095F8BA /* CoreMedia.framework */,
				BFC893BD15B8F0630095F8BA /* CoreTelephony.framework */,
				BFC893C515B8F0630095F8BA /* CoreVideo.framework */,
				BFC893CC15B8F0630095F8BA /* Foundation.framework */,
				BFC893C815B8F0630095F8BA /* libstdc++.dylib */,
				BFC893C715B8F0630095F8BA /* libz.dylib */,
				BFD9DC0315B322F30008A6D8 /* MessageUI.framework */,
				BFC893BE15B8F0630095F8BA /* MobileCoreServices.framework */,
				BFC893C615B8F0630095F8BA /* OpenGLES.framework */,
				BFC893C915B8F0630095F8BA /* QuartzCore.framework */,
				BFC893C215B8F0630095F8BA /* Security.framework */,
				BFC893C015B8F0630095F8BA /* SystemConfiguration.framework */,
				BF25D20615B2AAEE00411924 /* UIKit.framework */,
				BF25D20815B2AAEE00411924 /* Foundation.framework */,
				BF25D20A15B2AAEE00411924 /* CoreGraphics.framework */,
			);
			name = Frameworks;
			sourceTree = "<group>";
		};
		BF25D20C15B2AAEE00411924 /* iMuyun */ = {
			isa = PBXGroup;
			children = (
				BF25D21515B2AAEE00411924 /* IMYAppDelegate.h */,
				BF25D21615B2AAEE00411924 /* IMYAppDelegate.m */,
				BF25D21815B2AAEE00411924 /* MainStoryboard.storyboard */,
				BF741AE815B3F5BF009C9E6F /* Muyun SDK */,
				BFF1A58415D0F534003BC9E1 /* Login & Register */,
				BFC8934115B8ED5F0095F8BA /* Call View Controller */,
				BFDD054F15BA60A8005B30E4 /* Contacts */,
				BFABD99715BFBC370096C911 /* Recents */,
				BFA9D02115B3071600D1083F /* Setting */,
				BF25D20D15B2AAEE00411924 /* Supporting Files */,
			);
			path = iMuyun;
			sourceTree = "<group>";
		};
		BF25D20D15B2AAEE00411924 /* Supporting Files */ = {
			isa = PBXGroup;
			children = (
				BF0F644815D966AC00E49CDA /* Images */,
				BF8D4F2015BE8FB000161E3C /* image */,
				BF25D20E15B2AAEE00411924 /* iMuyun-Info.plist */,
				BF25D20F15B2AAEE00411924 /* InfoPlist.strings */,
				BF25D21215B2AAEE00411924 /* main.m */,
				BF25D21415B2AAEE00411924 /* iMuyun-Prefix.pch */,
			);
			name = "Supporting Files";
			sourceTree = "<group>";
		};
		BF741AE815B3F5BF009C9E6F /* Muyun SDK */ = {
			isa = PBXGroup;
			children = (
				BF741AE415B3F5BB009C9E6F /* IMYHttpClient.h */,
				BF741AE515B3F5BB009C9E6F /* IMYHttpClient.m */,
				BFDD055615BA64E0005B30E4 /* IMYDataManager.h */,
				BFDD055715BA64E0005B30E4 /* IMYDataManager.m */,
			);
			name = "Muyun SDK";
			sourceTree = "<group>";
		};
		BF87F16915DE46D0004C5437 /* Third Party Libraries */ = {
			isa = PBXGroup;
			children = (
				BF87F16A15DE46D0004C5437 /* ASIHttpRequest */,
				BF87F18115DE46D0004C5437 /* MBProgressHUD */,
				BF87F18415DE46D0004C5437 /* opentok-ios-sdk */,
				BF87F1A215DE46D0004C5437 /* SDWebImage */,
				BF87F1B715DE46D0004C5437 /* security */,
			);
			path = "Third Party Libraries";
			sourceTree = "<group>";
		};
		BF87F16A15DE46D0004C5437 /* ASIHttpRequest */ = {
			isa = PBXGroup;
			children = (
				BF87F16B15DE46D0004C5437 /* ASIAuthenticationDialog.h */,
				BF87F16C15DE46D0004C5437 /* ASIAuthenticationDialog.m */,
				BF87F16D15DE46D0004C5437 /* ASICacheDelegate.h */,
				BF87F16E15DE46D0004C5437 /* ASIDataCompressor.h */,
				BF87F16F15DE46D0004C5437 /* ASIDataCompressor.m */,
				BF87F17015DE46D0004C5437 /* ASIDataDecompressor.h */,
				BF87F17115DE46D0004C5437 /* ASIDataDecompressor.m */,
				BF87F17215DE46D0004C5437 /* ASIDownloadCache.h */,
				BF87F17315DE46D0004C5437 /* ASIDownloadCache.m */,
				BF87F17415DE46D0004C5437 /* ASIFormDataRequest.h */,
				BF87F17515DE46D0004C5437 /* ASIFormDataRequest.m */,
				BF87F17615DE46D0004C5437 /* ASIHTTPRequest.h */,
				BF87F17715DE46D0004C5437 /* ASIHTTPRequest.m */,
				BF87F17815DE46D0004C5437 /* ASIHTTPRequestConfig.h */,
				BF87F17915DE46D0004C5437 /* ASIHTTPRequestDelegate.h */,
				BF87F17A15DE46D0004C5437 /* ASIInputStream.h */,
				BF87F17B15DE46D0004C5437 /* ASIInputStream.m */,
				BF87F17C15DE46D0004C5437 /* ASINetworkQueue.h */,
				BF87F17D15DE46D0004C5437 /* ASINetworkQueue.m */,
				BF87F17E15DE46D0004C5437 /* ASIProgressDelegate.h */,
				BF87F17F15DE46D0004C5437 /* Reachability.h */,
				BF87F18015DE46D0004C5437 /* Reachability.m */,
			);
			path = ASIHttpRequest;
			sourceTree = "<group>";
		};
		BF87F18115DE46D0004C5437 /* MBProgressHUD */ = {
			isa = PBXGroup;
			children = (
				BF87F18215DE46D0004C5437 /* MBProgressHUD.h */,
				BF87F18315DE46D0004C5437 /* MBProgressHUD.m */,
			);
			path = MBProgressHUD;
			sourceTree = "<group>";
		};
		BF87F18415DE46D0004C5437 /* opentok-ios-sdk */ = {
			isa = PBXGroup;
			children = (
				BF87F18515DE46D0004C5437 /* ACKNOWLEDGEMENTS.txt */,
				BF87F18615DE46D0004C5437 /* docs */,
				BF87F19F15DE46D0004C5437 /* LICENSE.txt */,
				BF87F1A015DE46D0004C5437 /* Opentok.framework */,
				BF87F1A115DE46D0004C5437 /* README.md */,
			);
			path = "opentok-ios-sdk";
			sourceTree = "<group>";
		};
		BF87F18615DE46D0004C5437 /* docs */ = {
			isa = PBXGroup;
			children = (
				BF87F18715DE46D0004C5437 /* html */,
				BF87F19C15DE46D0004C5437 /* src */,
			);
			path = docs;
			sourceTree = "<group>";
		};
		BF87F18715DE46D0004C5437 /* html */ = {
			isa = PBXGroup;
			children = (
				BF87F18815DE46D0004C5437 /* Classes */,
				BF87F18F15DE46D0004C5437 /* css */,
				BF87F19215DE46D0004C5437 /* docs */,
				BF87F19615DE46D0004C5437 /* hierarchy.html */,
				BF87F19715DE46D0004C5437 /* index.html */,
				BF87F19815DE46D0004C5437 /* Protocols */,
			);
			path = html;
			sourceTree = "<group>";
		};
		BF87F18815DE46D0004C5437 /* Classes */ = {
			isa = PBXGroup;
			children = (
				BF87F18915DE46D0004C5437 /* OTConnection.html */,
				BF87F18A15DE46D0004C5437 /* OTError.html */,
				BF87F18B15DE46D0004C5437 /* OTPublisher.html */,
				BF87F18C15DE46D0004C5437 /* OTSession.html */,
				BF87F18D15DE46D0004C5437 /* OTStream.html */,
				BF87F18E15DE46D0004C5437 /* OTSubscriber.html */,
			);
			path = Classes;
			sourceTree = "<group>";
		};
		BF87F18F15DE46D0004C5437 /* css */ = {
			isa = PBXGroup;
			children = (
				BF87F19015DE46D0004C5437 /* styles.css */,
				BF87F19115DE46D0004C5437 /* stylesPrint.css */,
			);
			path = css;
			sourceTree = "<group>";
		};
		BF87F19215DE46D0004C5437 /* docs */ = {
			isa = PBXGroup;
			children = (
				BF87F19315DE46D0004C5437 /* BasicSample-README.html */,
				BF87F19415DE46D0004C5437 /* HelloWorld-README.html */,
				BF87F19515DE46D0004C5437 /* Using_iOS.html */,
			);
			path = docs;
			sourceTree = "<group>";
		};
		BF87F19815DE46D0004C5437 /* Protocols */ = {
			isa = PBXGroup;
			children = (
				BF87F19915DE46D0004C5437 /* OTPublisherDelegate.html */,
				BF87F19A15DE46D0004C5437 /* OTSessionDelegate.html */,
				BF87F19B15DE46D0004C5437 /* OTSubscriberDelegate.html */,
			);
			path = Protocols;
			sourceTree = "<group>";
		};
		BF87F19C15DE46D0004C5437 /* src */ = {
			isa = PBXGroup;
			children = (
				BF87F19D15DE46D0004C5437 /* index.md */,
				BF87F19E15DE46D0004C5437 /* Using_iOS-template.md */,
			);
			path = src;
			sourceTree = "<group>";
		};
		BF87F1A215DE46D0004C5437 /* SDWebImage */ = {
			isa = PBXGroup;
			children = (
				BF87F1A315DE46D0004C5437 /* MKAnnotationView+WebCache.h */,
				BF87F1A415DE46D0004C5437 /* MKAnnotationView+WebCache.m */,
				BF87F1A515DE46D0004C5437 /* SDImageCache.h */,
				BF87F1A615DE46D0004C5437 /* SDImageCache.m */,
				BF87F1A715DE46D0004C5437 /* SDImageCacheDelegate.h */,
				BF87F1A815DE46D0004C5437 /* SDWebImageCompat.h */,
				BF87F1A915DE46D0004C5437 /* SDWebImageDecoder.h */,
				BF87F1AA15DE46D0004C5437 /* SDWebImageDecoder.m */,
				BF87F1AB15DE46D0004C5437 /* SDWebImageDownloader.h */,
				BF87F1AC15DE46D0004C5437 /* SDWebImageDownloader.m */,
				BF87F1AD15DE46D0004C5437 /* SDWebImageDownloaderDelegate.h */,
				BF87F1AE15DE46D0004C5437 /* SDWebImageManager.h */,
				BF87F1AF15DE46D0004C5437 /* SDWebImageManager.m */,
				BF87F1B015DE46D0004C5437 /* SDWebImageManagerDelegate.h */,
				BF87F1B115DE46D0004C5437 /* SDWebImagePrefetcher.h */,
				BF87F1B215DE46D0004C5437 /* SDWebImagePrefetcher.m */,
				BF87F1B315DE46D0004C5437 /* UIButton+WebCache.h */,
				BF87F1B415DE46D0004C5437 /* UIButton+WebCache.m */,
				BF87F1B515DE46D0004C5437 /* UIImageView+WebCache.h */,
				BF87F1B615DE46D0004C5437 /* UIImageView+WebCache.m */,
			);
			path = SDWebImage;
			sourceTree = "<group>";
		};
		BF87F1B715DE46D0004C5437 /* security */ = {
			isa = PBXGroup;
			children = (
				BF87F1B815DE46D0004C5437 /* SFHFKeychainUtils.h */,
				BF87F1B915DE46D0004C5437 /* SFHFKeychainUtils.m */,
			);
			path = security;
			sourceTree = "<group>";
		};
		BF8D4F2015BE8FB000161E3C /* image */ = {
			isa = PBXGroup;
			children = (
				BFE65E8215D81A2A00355C07 /* navi_bg.png */,
				BFE7D2AA15CD1EBB0045BA53 /* blackHeart.png */,
				BFE7D2AB15CD1EBB0045BA53 /* whiteHeart.png */,
				BF6003A215CAC012005C9206 /* avatar.png */,
				BF8F7E2215C669280005D9F9 /* next.png */,
				BF8F7E1715C634BC0005D9F9 /* background.png */,
				BFABD9A015BFD6600096C911 /* green2.png */,
				BFABD9A115BFD6600096C911 /* red1.png */,
				BFABD9A215BFD6600096C911 /* blue2.png */,
				BFABD99E15BFD5180096C911 /* green1.png */,
				BFABD98715BFBB8E0096C911 /* callIn.png */,
				BFABD98815BFBB8E0096C911 /* callOut.png */,
				BFABD98915BFBB8E0096C911 /* icon.png */,
				BFABD98A15BFBB8E0096C911 /* missed.png */,
				BFABD98B15BFBB8E0096C911 /* phone.png */,
				BFABD98C15BFBB8E0096C911 /* video.png */,
				BF8D4F2115BE8FB000161E3C /* icon.jpeg */,
				BF8D4F2215BE8FB000161E3C /* icon1.jpeg */,
				BF8D4F2315BE8FB000161E3C /* login.png */,
			);
			path = image;
			sourceTree = "<group>";
		};
		BFA9D02115B3071600D1083F /* Setting */ = {
			isa = PBXGroup;
			children = (
				BFABD99815BFBC7E0096C911 /* IMYSettingViewController.h */,
				BFABD99915BFBC7E0096C911 /* IMYSettingViewController.m */,
				BFE65E7615D78B1100355C07 /* IMYProfileViewController.h */,
				BFE65E7715D78B1100355C07 /* IMYProfileViewController.m */,
			);
			name = Setting;
			sourceTree = "<group>";
		};
		BFABD99715BFBC370096C911 /* Recents */ = {
			isa = PBXGroup;
			children = (
				BFABD99B15BFBC860096C911 /* IMYRecentsViewController.h */,
				BFABD99C15BFBC860096C911 /* IMYRecentsViewController.m */,
				BFABD99415BFBC240096C911 /* IMYRecordCell.h */,
				BFABD99515BFBC240096C911 /* IMYRecordCell.m */,
			);
			name = Recents;
			sourceTree = "<group>";
		};
		BFC8934115B8ED5F0095F8BA /* Call View Controller */ = {
			isa = PBXGroup;
			children = (
				BF7BD54A15D10E7900B91150 /* IMYInterpreterVideoCallViewController.h */,
				BF7BD54B15D10E7900B91150 /* IMYInterpreterVideoCallViewController.m */,
				BFC8933D15B8ED530095F8BA /* IMYVideoCallViewController.h */,
				BFC8933E15B8ED530095F8BA /* IMYVideoCallViewController.m */,
			);
			name = "Call View Controller";
			sourceTree = "<group>";
		};
		BFDD054F15BA60A8005B30E4 /* Contacts */ = {
			isa = PBXGroup;
			children = (
				BFDD055015BA6109005B30E4 /* IMYContactCell.h */,
				BFDD055115BA6109005B30E4 /* IMYContactCell.m */,
				BFDD055215BA6109005B30E4 /* IMYContactsViewController.h */,
				BFDD055315BA6109005B30E4 /* IMYContactsViewController.m */,
				BFDD054C15BA609E005B30E4 /* IMYContactDetailViewController.h */,
				BFDD054D15BA609E005B30E4 /* IMYContactDetailViewController.m */,
				BF8D4F2715BE953700161E3C /* IMYMuyunViewController.h */,
				BF8D4F2815BE953700161E3C /* IMYMuyunViewController.m */,
			);
			name = Contacts;
			sourceTree = "<group>";
		};
		BFF1A58415D0F534003BC9E1 /* Login & Register */ = {
			isa = PBXGroup;
			children = (
				BF87F16615DE45EC004C5437 /* IMYLoginViewController.m */,
				BF87F16715DE45EC004C5437 /* IMYLoginViewController.h */,
				BF87F16315DE456B004C5437 /* IMYRegisterViewController.m */,
				BF87F16415DE456B004C5437 /* IMYRegisterViewController.h */,
			);
			name = "Login & Register";
			sourceTree = "<group>";
		};
/* End PBXGroup section */

/* Begin PBXNativeTarget section */
		BF25D20115B2AAEE00411924 /* iMuyun */ = {
			isa = PBXNativeTarget;
			buildConfigurationList = BF25D22B15B2AAEE00411924 /* Build configuration list for PBXNativeTarget "iMuyun" */;
			buildPhases = (
				BF25D1FE15B2AAEE00411924 /* Sources */,
				BF25D1FF15B2AAEE00411924 /* Frameworks */,
				BF25D20015B2AAEE00411924 /* Resources */,
			);
			buildRules = (
			);
			dependencies = (
			);
			name = iMuyun;
			productName = iMuyun;
			productReference = BF25D20215B2AAEE00411924 /* iMuyun.app */;
			productType = "com.apple.product-type.application";
		};
/* End PBXNativeTarget section */

/* Begin PBXProject section */
		BF25D1F915B2AAEE00411924 /* Project object */ = {
			isa = PBXProject;
			attributes = {
				CLASSPREFIX = IMY;
				LastUpgradeCheck = 0440;
			};
			buildConfigurationList = BF25D1FC15B2AAEE00411924 /* Build configuration list for PBXProject "iMuyun" */;
			compatibilityVersion = "Xcode 3.2";
			developmentRegion = English;
			hasScannedForEncodings = 0;
			knownRegions = (
				en,
			);
			mainGroup = BF25D1F715B2AAEE00411924;
			productRefGroup = BF25D20315B2AAEE00411924 /* Products */;
			projectDirPath = "";
			projectRoot = "";
			targets = (
				BF25D20115B2AAEE00411924 /* iMuyun */,
			);
		};
/* End PBXProject section */

/* Begin PBXResourcesBuildPhase section */
		BF25D20015B2AAEE00411924 /* Resources */ = {
			isa = PBXResourcesBuildPhase;
			buildActionMask = 2147483647;
			files = (
				BF25D21115B2AAEE00411924 /* InfoPlist.strings in Resources */,
				BF25D21A15B2AAEE00411924 /* MainStoryboard.storyboard in Resources */,
				BF8D4F2415BE8FB000161E3C /* icon.jpeg in Resources */,
				BF8D4F2515BE8FB000161E3C /* icon1.jpeg in Resources */,
				BF8D4F2615BE8FB000161E3C /* login.png in Resources */,
				BF8D4F2B15BE9BBA00161E3C /* icon.png in Resources */,
				BFABD98D15BFBB8E0096C911 /* callIn.png in Resources */,
				BFABD98E15BFBB8E0096C911 /* callOut.png in Resources */,
				BFABD98F15BFBB8E0096C911 /* icon.png in Resources */,
				BFABD99015BFBB8E0096C911 /* missed.png in Resources */,
				BFABD99115BFBB8E0096C911 /* phone.png in Resources */,
				BFABD99215BFBB8E0096C911 /* video.png in Resources */,
				BFABD99F15BFD5180096C911 /* green1.png in Resources */,
				BFABD9A315BFD6600096C911 /* green2.png in Resources */,
				BFABD9A415BFD6600096C911 /* red1.png in Resources */,
				BFABD9A515BFD6600096C911 /* blue2.png in Resources */,
				BF8F7E1815C634BC0005D9F9 /* background.png in Resources */,
				BF8F7E2315C669280005D9F9 /* next.png in Resources */,
				BF6003A315CAC013005C9206 /* avatar.png in Resources */,
				BFE7D2AC15CD1EBC0045BA53 /* blackHeart.png in Resources */,
				BFE7D2AD15CD1EBC0045BA53 /* whiteHeart.png in Resources */,
				BFE65E8315D81A2A00355C07 /* navi_bg.png in Resources */,
				BF0F646815D966AC00E49CDA /* attribution.txt in Resources */,
				BF0F646915D966AC00E49CDA /* bg_sand.png in Resources */,
				BF0F646A15D966AC00E49CDA /* button_back_textured_24.png in Resources */,
				BF0F646B15D966AC00E49CDA /* button_back_textured_30.png in Resources */,
				BF0F646C15D966AC00E49CDA /* button_textured_24.png in Resources */,
				BF0F646D15D966AC00E49CDA /* button_textured_30.png in Resources */,
				BF0F646E15D966AC00E49CDA /* segcontrol_sel-uns.png in Resources */,
				BF0F646F15D966AC00E49CDA /* segcontrol_sel.png in Resources */,
				BF0F647015D966AC00E49CDA /* segcontrol_uns-sel.png in Resources */,
				BF0F647115D966AC00E49CDA /* segcontrol_uns-uns.png in Resources */,
				BF0F647215D966AC00E49CDA /* segcontrol_uns.png in Resources */,
				BF0F647315D966AC00E49CDA /* slider_maximum.png in Resources */,
				BF0F647415D966AC00E49CDA /* slider_minimum.png in Resources */,
				BF0F647515D966AC00E49CDA /* surf1.png in Resources */,
				BF0F647615D966AC00E49CDA /* surf2.png in Resources */,
				BF0F647715D966AC00E49CDA /* surf3.png in Resources */,
				BF0F647815D966AC00E49CDA /* surf_gradient_textured_32.png in Resources */,
				BF0F647915D966AC00E49CDA /* surf_gradient_textured_44.png in Resources */,
				BF0F647A15D966AC00E49CDA /* tab_bg.png in Resources */,
				BF0F647B15D966AC00E49CDA /* tab_select_indicator.png in Resources */,
				BF0F647C15D966AC00E49CDA /* table_cell_bottom.png in Resources */,
				BF0F647D15D966AC00E49CDA /* table_cell_bottom_sel.png in Resources */,
				BF0F647E15D966AC00E49CDA /* table_cell_mid.png in Resources */,
				BF0F647F15D966AC00E49CDA /* table_cell_mid_sel.png in Resources */,
				BF0F648015D966AC00E49CDA /* table_cell_single.png in Resources */,
				BF0F648115D966AC00E49CDA /* table_cell_single_sel.png in Resources */,
				BF0F648215D966AC00E49CDA /* table_cell_top.png in Resources */,
				BF0F648315D966AC00E49CDA /* table_cell_top_sel.png in Resources */,
				BF0F648415D966AC00E49CDA /* text_field_teal.png in Resources */,
				BF0F648515D966AC00E49CDA /* thumb.png in Resources */,
				BF0F648615D966AC00E49CDA /* title.png in Resources */,
				BF87F1C415DE46D0004C5437 /* ACKNOWLEDGEMENTS.txt in Resources */,
				BF87F1C515DE46D0004C5437 /* OTConnection.html in Resources */,
				BF87F1C615DE46D0004C5437 /* OTError.html in Resources */,
				BF87F1C715DE46D0004C5437 /* OTPublisher.html in Resources */,
				BF87F1C815DE46D0004C5437 /* OTSession.html in Resources */,
				BF87F1C915DE46D0004C5437 /* OTStream.html in Resources */,
				BF87F1CA15DE46D0004C5437 /* OTSubscriber.html in Resources */,
				BF87F1CB15DE46D0004C5437 /* styles.css in Resources */,
				BF87F1CC15DE46D0004C5437 /* stylesPrint.css in Resources */,
				BF87F1CD15DE46D0004C5437 /* BasicSample-README.html in Resources */,
				BF87F1CE15DE46D0004C5437 /* HelloWorld-README.html in Resources */,
				BF87F1CF15DE46D0004C5437 /* Using_iOS.html in Resources */,
				BF87F1D015DE46D0004C5437 /* hierarchy.html in Resources */,
				BF87F1D115DE46D0004C5437 /* index.html in Resources */,
				BF87F1D215DE46D0004C5437 /* OTPublisherDelegate.html in Resources */,
				BF87F1D315DE46D0004C5437 /* OTSessionDelegate.html in Resources */,
				BF87F1D415DE46D0004C5437 /* OTSubscriberDelegate.html in Resources */,
				BF87F1D515DE46D0004C5437 /* index.md in Resources */,
				BF87F1D615DE46D0004C5437 /* Using_iOS-template.md in Resources */,
				BF87F1D715DE46D0004C5437 /* LICENSE.txt in Resources */,
				BF87F1D915DE46D0004C5437 /* README.md in Resources */,
			);
			runOnlyForDeploymentPostprocessing = 0;
		};
/* End PBXResourcesBuildPhase section */

/* Begin PBXSourcesBuildPhase section */
		BF25D1FE15B2AAEE00411924 /* Sources */ = {
			isa = PBXSourcesBuildPhase;
			buildActionMask = 2147483647;
			files = (
				BF25D21315B2AAEE00411924 /* main.m in Sources */,
				BF25D21715B2AAEE00411924 /* IMYAppDelegate.m in Sources */,
				BF741AE615B3F5BB009C9E6F /* IMYHttpClient.m in Sources */,
				BFC8933F15B8ED530095F8BA /* IMYVideoCallViewController.m in Sources */,
				BFDD054E15BA609E005B30E4 /* IMYContactDetailViewController.m in Sources */,
				BFDD055415BA6109005B30E4 /* IMYContactCell.m in Sources */,
				BFDD055515BA6109005B30E4 /* IMYContactsViewController.m in Sources */,
				BFDD055815BA64E0005B30E4 /* IMYDataManager.m in Sources */,
				BF8D4F2915BE953700161E3C /* IMYMuyunViewController.m in Sources */,
				BFABD99615BFBC240096C911 /* IMYRecordCell.m in Sources */,
				BFABD99A15BFBC7E0096C911 /* IMYSettingViewController.m in Sources */,
				BFABD99D15BFBC860096C911 /* IMYRecentsViewController.m in Sources */,
				BF7BD54C15D10E7900B91150 /* IMYInterpreterVideoCallViewController.m in Sources */,
				BFE65E7815D78B1100355C07 /* IMYProfileViewController.m in Sources */,
				BF87F16515DE456B004C5437 /* IMYRegisterViewController.m in Sources */,
				BF87F16815DE45EC004C5437 /* IMYLoginViewController.m in Sources */,
				BF87F1BA15DE46D0004C5437 /* ASIAuthenticationDialog.m in Sources */,
				BF87F1BB15DE46D0004C5437 /* ASIDataCompressor.m in Sources */,
				BF87F1BC15DE46D0004C5437 /* ASIDataDecompressor.m in Sources */,
				BF87F1BD15DE46D0004C5437 /* ASIDownloadCache.m in Sources */,
				BF87F1BE15DE46D0004C5437 /* ASIFormDataRequest.m in Sources */,
				BF87F1BF15DE46D0004C5437 /* ASIHTTPRequest.m in Sources */,
				BF87F1C015DE46D0004C5437 /* ASIInputStream.m in Sources */,
				BF87F1C115DE46D0004C5437 /* ASINetworkQueue.m in Sources */,
				BF87F1C215DE46D0004C5437 /* Reachability.m in Sources */,
				BF87F1C315DE46D0004C5437 /* MBProgressHUD.m in Sources */,
				BF87F1DA15DE46D0004C5437 /* MKAnnotationView+WebCache.m in Sources */,
				BF87F1DB15DE46D0004C5437 /* SDImageCache.m in Sources */,
				BF87F1DC15DE46D0004C5437 /* SDWebImageDecoder.m in Sources */,
				BF87F1DD15DE46D0004C5437 /* SDWebImageDownloader.m in Sources */,
				BF87F1DE15DE46D0004C5437 /* SDWebImageManager.m in Sources */,
				BF87F1DF15DE46D0004C5437 /* SDWebImagePrefetcher.m in Sources */,
				BF87F1E015DE46D0004C5437 /* UIButton+WebCache.m in Sources */,
				BF87F1E115DE46D0004C5437 /* UIImageView+WebCache.m in Sources */,
				BF87F1E215DE46D0004C5437 /* SFHFKeychainUtils.m in Sources */,
			);
			runOnlyForDeploymentPostprocessing = 0;
		};
/* End PBXSourcesBuildPhase section */

/* Begin PBXVariantGroup section */
		BF25D20F15B2AAEE00411924 /* InfoPlist.strings */ = {
			isa = PBXVariantGroup;
			children = (
				BF25D21015B2AAEE00411924 /* en */,
			);
			name = InfoPlist.strings;
			sourceTree = "<group>";
		};
		BF25D21815B2AAEE00411924 /* MainStoryboard.storyboard */ = {
			isa = PBXVariantGroup;
			children = (
				BF25D21915B2AAEE00411924 /* en */,
			);
			name = MainStoryboard.storyboard;
			sourceTree = "<group>";
		};
/* End PBXVariantGroup section */

/* Begin XCBuildConfiguration section */
		BF25D22915B2AAEE00411924 /* Debug */ = {
			isa = XCBuildConfiguration;
			buildSettings = {
				ALWAYS_SEARCH_USER_PATHS = NO;
				ARCHS = "$(ARCHS_STANDARD_32_BIT)";
				CLANG_ENABLE_OBJC_ARC = YES;
				"CODE_SIGN_IDENTITY[sdk=iphoneos*]" = "iPhone Developer";
				COPY_PHASE_STRIP = NO;
				GCC_C_LANGUAGE_STANDARD = gnu99;
				GCC_DYNAMIC_NO_PIC = NO;
				GCC_OPTIMIZATION_LEVEL = 0;
				GCC_PREPROCESSOR_DEFINITIONS = (
					"DEBUG=1",
					"$(inherited)",
				);
				GCC_SYMBOLS_PRIVATE_EXTERN = NO;
				GCC_VERSION = com.apple.compilers.llvm.clang.1_0;
				GCC_WARN_ABOUT_RETURN_TYPE = YES;
				GCC_WARN_UNINITIALIZED_AUTOS = YES;
				GCC_WARN_UNUSED_VARIABLE = YES;
				IPHONEOS_DEPLOYMENT_TARGET = 5.1;
				SDKROOT = iphoneos;
			};
			name = Debug;
		};
		BF25D22A15B2AAEE00411924 /* Release */ = {
			isa = XCBuildConfiguration;
			buildSettings = {
				ALWAYS_SEARCH_USER_PATHS = NO;
				ARCHS = "$(ARCHS_STANDARD_32_BIT)";
				CLANG_ENABLE_OBJC_ARC = YES;
				"CODE_SIGN_IDENTITY[sdk=iphoneos*]" = "iPhone Developer";
				COPY_PHASE_STRIP = YES;
				GCC_C_LANGUAGE_STANDARD = gnu99;
				GCC_VERSION = com.apple.compilers.llvm.clang.1_0;
				GCC_WARN_ABOUT_RETURN_TYPE = YES;
				GCC_WARN_UNINITIALIZED_AUTOS = YES;
				GCC_WARN_UNUSED_VARIABLE = YES;
				IPHONEOS_DEPLOYMENT_TARGET = 5.1;
				OTHER_CFLAGS = "-DNS_BLOCK_ASSERTIONS=1";
				SDKROOT = iphoneos;
				VALIDATE_PRODUCT = YES;
			};
			name = Release;
		};
		BF25D22C15B2AAEE00411924 /* Debug */ = {
			isa = XCBuildConfiguration;
			buildSettings = {
				"CODE_SIGN_IDENTITY[sdk=iphoneos*]" = "iPhone Developer: ZHANG XIN NAN (7KTY256XRX)";
				FRAMEWORK_SEARCH_PATHS = (
					"$(inherited)",
					"\"$(SRCROOT)\"",
					"\"$(SRCROOT)/opentok-ios-sdk\"",
					"\"$(SRCROOT)/Third Party Libraries/opentok-ios-sdk\"",
				);
				GCC_PRECOMPILE_PREFIX_HEADER = YES;
				GCC_PREFIX_HEADER = "iMuyun/iMuyun-Prefix.pch";
				INFOPLIST_FILE = "iMuyun/iMuyun-Info.plist";
				IPHONEOS_DEPLOYMENT_TARGET = 5.0;
				PRODUCT_NAME = "$(TARGET_NAME)";
				"PROVISIONING_PROFILE[sdk=iphoneos*]" = "3D90DE20-D652-4703-95ED-8497ABB2171A";
				WRAPPER_EXTENSION = app;
			};
			name = Debug;
		};
		BF25D22D15B2AAEE00411924 /* Release */ = {
			isa = XCBuildConfiguration;
			buildSettings = {
				"CODE_SIGN_IDENTITY[sdk=iphoneos*]" = "iPhone Developer: ZHANG XIN NAN (7KTY256XRX)";
				FRAMEWORK_SEARCH_PATHS = (
					"$(inherited)",
					"\"$(SRCROOT)\"",
					"\"$(SRCROOT)/opentok-ios-sdk\"",
					"\"$(SRCROOT)/Third Party Libraries/opentok-ios-sdk\"",
				);
				GCC_PRECOMPILE_PREFIX_HEADER = YES;
				GCC_PREFIX_HEADER = "iMuyun/iMuyun-Prefix.pch";
				INFOPLIST_FILE = "iMuyun/iMuyun-Info.plist";
				IPHONEOS_DEPLOYMENT_TARGET = 5.0;
				PRODUCT_NAME = "$(TARGET_NAME)";
				"PROVISIONING_PROFILE[sdk=iphoneos*]" = "3D90DE20-D652-4703-95ED-8497ABB2171A";
				WRAPPER_EXTENSION = app;
			};
			name = Release;
		};
/* End XCBuildConfiguration section */

/* Begin XCConfigurationList section */
		BF25D1FC15B2AAEE00411924 /* Build configuration list for PBXProject "iMuyun" */ = {
			isa = XCConfigurationList;
			buildConfigurations = (
				BF25D22915B2AAEE00411924 /* Debug */,
				BF25D22A15B2AAEE00411924 /* Release */,
			);
			defaultConfigurationIsVisible = 0;
			defaultConfigurationName = Release;
		};
		BF25D22B15B2AAEE00411924 /* Build configuration list for PBXNativeTarget "iMuyun" */ = {
			isa = XCConfigurationList;
			buildConfigurations = (
				BF25D22C15B2AAEE00411924 /* Debug */,
				BF25D22D15B2AAEE00411924 /* Release */,
			);
			defaultConfigurationIsVisible = 0;
			defaultConfigurationName = Release;
		};
/* End XCConfigurationList section */
	};
	rootObject = BF25D1F915B2AAEE00411924 /* Project object */;
}
